// !$*UTF8*$!
{
	archiveVersion = 1;
	classes = {
	};
	objectVersion = 46;
	objects = {

/* Begin PBXBuildFile section */
		64E880D67FB76184E153219D /* Pods.framework in Frameworks */ = {isa = PBXBuildFile; fileRef = C86F1F1E09D2F038920B8889 /* Pods.framework */; };
		A80431341BF8DEF500B1E813 /* GCDKit.framework in Frameworks */ = {isa = PBXBuildFile; fileRef = A80431321BF8DEE100B1E813 /* GCDKit.framework */; };
		A80431351BF8DEF500B1E813 /* GCDKit.framework in Embed Frameworks */ = {isa = PBXBuildFile; fileRef = A80431321BF8DEE100B1E813 /* GCDKit.framework */; settings = {ATTRIBUTES = (CodeSignOnCopy, RemoveHeadersOnCopy, ); }; };
		A82FC4391B300C9D0001E452 /* YouTubeKit+Realm.swift in Sources */ = {isa = PBXBuildFile; fileRef = A82FC4381B300C9D0001E452 /* YouTubeKit+Realm.swift */; };
		A83324981BD2660700CD2DC1 /* YouTubeKit.h in Headers */ = {isa = PBXBuildFile; fileRef = A83324971BD2660700CD2DC1 /* YouTubeKit.h */; settings = {ATTRIBUTES = (Public, ); }; };
		A833249F1BD2660700CD2DC1 /* YouTubeKit.framework in Frameworks */ = {isa = PBXBuildFile; fileRef = A83324951BD2660700CD2DC1 /* YouTubeKit.framework */; };
		A83324A61BD2660700CD2DC1 /* YouTubeKitTests.swift in Sources */ = {isa = PBXBuildFile; fileRef = A83324A51BD2660700CD2DC1 /* YouTubeKitTests.swift */; };
		A83324AA1BD2660700CD2DC1 /* YouTubeKit.framework in Frameworks */ = {isa = PBXBuildFile; fileRef = A83324951BD2660700CD2DC1 /* YouTubeKit.framework */; };
		A83324AB1BD2660700CD2DC1 /* YouTubeKit.framework in Embed Frameworks */ = {isa = PBXBuildFile; fileRef = A83324951BD2660700CD2DC1 /* YouTubeKit.framework */; settings = {ATTRIBUTES = (CodeSignOnCopy, RemoveHeadersOnCopy, ); }; };
		A83324B61BD2698700CD2DC1 /* API.swift in Sources */ = {isa = PBXBuildFile; fileRef = A83324B21BD2698700CD2DC1 /* API.swift */; };
		A83324B71BD2698700CD2DC1 /* Client.swift in Sources */ = {isa = PBXBuildFile; fileRef = A83324B31BD2698700CD2DC1 /* Client.swift */; };
		A83324B81BD2698700CD2DC1 /* Item.swift in Sources */ = {isa = PBXBuildFile; fileRef = A83324B41BD2698700CD2DC1 /* Item.swift */; };
		A83324B91BD2698700CD2DC1 /* YouTubeKit.swift in Sources */ = {isa = PBXBuildFile; fileRef = A83324B51BD2698700CD2DC1 /* YouTubeKit.swift */; };
		A83324BB1BD26B6800CD2DC1 /* Alamofire.framework in Frameworks */ = {isa = PBXBuildFile; fileRef = A83324BA1BD26B6800CD2DC1 /* Alamofire.framework */; };
		A83324BD1BD285DF00CD2DC1 /* AlamofireImage.framework in Frameworks */ = {isa = PBXBuildFile; fileRef = A83324BC1BD285DF00CD2DC1 /* AlamofireImage.framework */; };
		A85785ED1B31C6080089AC4D /* Parser.swift in Sources */ = {isa = PBXBuildFile; fileRef = A85785EC1B31C6080089AC4D /* Parser.swift */; };
		A85785EF1B31CAF20089AC4D /* YouTubeKit+Parse.swift in Sources */ = {isa = PBXBuildFile; fileRef = A85785EE1B31CAF20089AC4D /* YouTubeKit+Parse.swift */; };
		A8584C551AC6AE640066691E /* UserViewController.swift in Sources */ = {isa = PBXBuildFile; fileRef = A8584C531AC6AE640066691E /* UserViewController.swift */; };
		A8584C561AC6AE640066691E /* UserViewController.xib in Resources */ = {isa = PBXBuildFile; fileRef = A8584C541AC6AE640066691E /* UserViewController.xib */; };
		A86CC3E61AAAF799008669F2 /* GuideCategoryTableViewCell.xib in Resources */ = {isa = PBXBuildFile; fileRef = A86CC3E51AAAF799008669F2 /* GuideCategoryTableViewCell.xib */; };
		A86CC3EF1AAB17AB008669F2 /* LoadMoreTableViewCell.xib in Resources */ = {isa = PBXBuildFile; fileRef = A86CC3EE1AAB17AB008669F2 /* LoadMoreTableViewCell.xib */; };
		A876C93F1AC86554000D88D8 /* texgyreadventor-bold.otf in Resources */ = {isa = PBXBuildFile; fileRef = A876C93B1AC86554000D88D8 /* texgyreadventor-bold.otf */; };
		A876C9401AC86554000D88D8 /* texgyreadventor-bolditalic.otf in Resources */ = {isa = PBXBuildFile; fileRef = A876C93C1AC86554000D88D8 /* texgyreadventor-bolditalic.otf */; };
		A876C9411AC86554000D88D8 /* texgyreadventor-italic.otf in Resources */ = {isa = PBXBuildFile; fileRef = A876C93D1AC86554000D88D8 /* texgyreadventor-italic.otf */; };
		A876C9421AC86554000D88D8 /* texgyreadventor-regular.otf in Resources */ = {isa = PBXBuildFile; fileRef = A876C93E1AC86554000D88D8 /* texgyreadventor-regular.otf */; };
		A878FAD21ABB1437004AD3E4 /* ChannelView.swift in Sources */ = {isa = PBXBuildFile; fileRef = A878FAD11ABB1437004AD3E4 /* ChannelView.swift */; };
		A8799DB71AC1B6D9005FC4A6 /* StoreViewController.swift in Sources */ = {isa = PBXBuildFile; fileRef = A8799DB51AC1B6D9005FC4A6 /* StoreViewController.swift */; };
		A8799DB81AC1B6D9005FC4A6 /* StoreViewController.xib in Resources */ = {isa = PBXBuildFile; fileRef = A8799DB61AC1B6D9005FC4A6 /* StoreViewController.xib */; };
		A884FAF31B04D11700667D8D /* UIImage+Extension.swift in Sources */ = {isa = PBXBuildFile; fileRef = A884FAF21B04D11700667D8D /* UIImage+Extension.swift */; };
		A884FAF61B04D5F400667D8D /* MusicViewController.swift in Sources */ = {isa = PBXBuildFile; fileRef = A884FAF41B04D5F400667D8D /* MusicViewController.swift */; };
		A884FAF71B04D5F400667D8D /* MusicViewController.xib in Resources */ = {isa = PBXBuildFile; fileRef = A884FAF51B04D5F400667D8D /* MusicViewController.xib */; };
		A884FAF91B04DD7B00667D8D /* SwiftColors.swift in Sources */ = {isa = PBXBuildFile; fileRef = A884FAF81B04DD7B00667D8D /* SwiftColors.swift */; };
		A889130F1AEA64AD00E4BBE4 /* CollectionsViewController.swift in Sources */ = {isa = PBXBuildFile; fileRef = A889130D1AEA64AD00E4BBE4 /* CollectionsViewController.swift */; };
		A88913101AEA64AD00E4BBE4 /* CollectionsViewController.xib in Resources */ = {isa = PBXBuildFile; fileRef = A889130E1AEA64AD00E4BBE4 /* CollectionsViewController.xib */; };
		A88913801AEABAEA00E4BBE4 /* CollectionTableViewCell.swift in Sources */ = {isa = PBXBuildFile; fileRef = A889137E1AEABAEA00E4BBE4 /* CollectionTableViewCell.swift */; };
		A88913811AEABAEA00E4BBE4 /* CollectionTableViewCell.xib in Resources */ = {isa = PBXBuildFile; fileRef = A889137F1AEABAEA00E4BBE4 /* CollectionTableViewCell.xib */; };
		A88913851AEAC1A600E4BBE4 /* PopoverCollectionsViewController.swift in Sources */ = {isa = PBXBuildFile; fileRef = A88913831AEAC1A600E4BBE4 /* PopoverCollectionsViewController.swift */; };
		A88913861AEAC1A600E4BBE4 /* PopoverCollectionsViewController.xib in Resources */ = {isa = PBXBuildFile; fileRef = A88913841AEAC1A600E4BBE4 /* PopoverCollectionsViewController.xib */; };
		A88CF3571AC5EB0C005276DD /* History.swift in Sources */ = {isa = PBXBuildFile; fileRef = A88CF3561AC5EB0C005276DD /* History.swift */; };
		A88CF35A1AC5F0AA005276DD /* HistoriesViewController.swift in Sources */ = {isa = PBXBuildFile; fileRef = A88CF3581AC5F0AA005276DD /* HistoriesViewController.swift */; };
		A88CF35B1AC5F0AA005276DD /* HistoriesViewController.xib in Resources */ = {isa = PBXBuildFile; fileRef = A88CF3591AC5F0AA005276DD /* HistoriesViewController.xib */; };
		A88D7BC01AC43D020085A8F8 /* YouTubePlayerViewController.xib in Resources */ = {isa = PBXBuildFile; fileRef = A88D7BBF1AC43D020085A8F8 /* YouTubePlayerViewController.xib */; };
		A894A84A1BE51BC0007256C3 /* Alamofire.framework in Frameworks */ = {isa = PBXBuildFile; fileRef = A894A8421BE51BC0007256C3 /* Alamofire.framework */; };
		A894A84B1BE51BC0007256C3 /* Alamofire.framework in Embed Frameworks */ = {isa = PBXBuildFile; fileRef = A894A8421BE51BC0007256C3 /* Alamofire.framework */; settings = {ATTRIBUTES = (CodeSignOnCopy, RemoveHeadersOnCopy, ); }; };
		A894A84C1BE51BC0007256C3 /* AlamofireImage.framework in Frameworks */ = {isa = PBXBuildFile; fileRef = A894A8431BE51BC0007256C3 /* AlamofireImage.framework */; };
		A894A84D1BE51BC0007256C3 /* AlamofireImage.framework in Embed Frameworks */ = {isa = PBXBuildFile; fileRef = A894A8431BE51BC0007256C3 /* AlamofireImage.framework */; settings = {ATTRIBUTES = (CodeSignOnCopy, RemoveHeadersOnCopy, ); }; };
		A894A84E1BE51BC0007256C3 /* CRToast.framework in Frameworks */ = {isa = PBXBuildFile; fileRef = A894A8441BE51BC0007256C3 /* CRToast.framework */; };
		A894A84F1BE51BC0007256C3 /* CRToast.framework in Embed Frameworks */ = {isa = PBXBuildFile; fileRef = A894A8441BE51BC0007256C3 /* CRToast.framework */; settings = {ATTRIBUTES = (CodeSignOnCopy, RemoveHeadersOnCopy, ); }; };
		A894A8501BE51BC1007256C3 /* Result.framework in Frameworks */ = {isa = PBXBuildFile; fileRef = A894A8451BE51BC0007256C3 /* Result.framework */; };
		A894A8511BE51BC1007256C3 /* Result.framework in Embed Frameworks */ = {isa = PBXBuildFile; fileRef = A894A8451BE51BC0007256C3 /* Result.framework */; settings = {ATTRIBUTES = (CodeSignOnCopy, RemoveHeadersOnCopy, ); }; };
		A894A8521BE51BC1007256C3 /* SVProgressHUD.framework in Frameworks */ = {isa = PBXBuildFile; fileRef = A894A8461BE51BC0007256C3 /* SVProgressHUD.framework */; };
		A894A8531BE51BC1007256C3 /* SVProgressHUD.framework in Embed Frameworks */ = {isa = PBXBuildFile; fileRef = A894A8461BE51BC0007256C3 /* SVProgressHUD.framework */; settings = {ATTRIBUTES = (CodeSignOnCopy, RemoveHeadersOnCopy, ); }; };
		A894A8581BE51BC1007256C3 /* XCGLogger.framework in Frameworks */ = {isa = PBXBuildFile; fileRef = A894A8491BE51BC0007256C3 /* XCGLogger.framework */; };
		A894A8591BE51BC1007256C3 /* XCGLogger.framework in Embed Frameworks */ = {isa = PBXBuildFile; fileRef = A894A8491BE51BC0007256C3 /* XCGLogger.framework */; settings = {ATTRIBUTES = (CodeSignOnCopy, RemoveHeadersOnCopy, ); }; };
		A894A85A1BE51C2B007256C3 /* iAd.framework in Frameworks */ = {isa = PBXBuildFile; fileRef = A86CC3E81AAB0456008669F2 /* iAd.framework */; };
		A894A85B1BE51C35007256C3 /* Social.framework in Frameworks */ = {isa = PBXBuildFile; fileRef = A88F13251AD2DF7B006695D0 /* Social.framework */; };
		A89718911BD686BA005FE687 /* ChannelTableViewCell.xib in Resources */ = {isa = PBXBuildFile; fileRef = A89718901BD686BA005FE687 /* ChannelTableViewCell.xib */; };
		A899AE7C1AAC4C310011D5DE /* GuideCategoriesViewController.xib in Resources */ = {isa = PBXBuildFile; fileRef = A899AE7B1AAC4C310011D5DE /* GuideCategoriesViewController.xib */; };
		A899AE7E1AAC4F4B0011D5DE /* BookmarksViewController.xib in Resources */ = {isa = PBXBuildFile; fileRef = A899AE7D1AAC4F4B0011D5DE /* BookmarksViewController.xib */; };
		A899AE811AAC4FAC0011D5DE /* BookmarkTableViewCell.xib in Resources */ = {isa = PBXBuildFile; fileRef = A899AE801AAC4FAC0011D5DE /* BookmarkTableViewCell.xib */; };
		A899AE871AAC648D0011D5DE /* YouTubePlayer.swift in Sources */ = {isa = PBXBuildFile; fileRef = A899AE861AAC648D0011D5DE /* YouTubePlayer.swift */; };
		A899AE8A1AAC67490011D5DE /* YouTubePlayerViewController.swift in Sources */ = {isa = PBXBuildFile; fileRef = A899AE881AAC67490011D5DE /* YouTubePlayerViewController.swift */; };
		A899AE8B1AAC67490011D5DE /* YouTubePlayerViewController_Phone.xib in Resources */ = {isa = PBXBuildFile; fileRef = A899AE891AAC67490011D5DE /* YouTubePlayerViewController_Phone.xib */; };
		A89CFDE71AC595F300FB72E7 /* Appearance.swift in Sources */ = {isa = PBXBuildFile; fileRef = A89CFDE61AC595F300FB72E7 /* Appearance.swift */; };
		A8A153091ADD80AD005BA201 /* DarkModeTableViewCell.swift in Sources */ = {isa = PBXBuildFile; fileRef = A8A153071ADD80AD005BA201 /* DarkModeTableViewCell.swift */; };
		A8A1530A1ADD80AD005BA201 /* DarkModeTableViewCell.xib in Resources */ = {isa = PBXBuildFile; fileRef = A8A153081ADD80AD005BA201 /* DarkModeTableViewCell.xib */; };
		A8A3B8C71AE9471000945D94 /* Collection.swift in Sources */ = {isa = PBXBuildFile; fileRef = A8A3B8C61AE9471000945D94 /* Collection.swift */; };
		A8BC47491BD68475000210D9 /* PlaylistTableViewCell.xib in Resources */ = {isa = PBXBuildFile; fileRef = A8BC47481BD68475000210D9 /* PlaylistTableViewCell.xib */; };
		A8BD70EC1AAB4BAD00499A71 /* ChannelsViewController.xib in Resources */ = {isa = PBXBuildFile; fileRef = A8BD70EB1AAB4BAD00499A71 /* ChannelsViewController.xib */; };
		A8BD70EE1AAB4EE500499A71 /* VideosViewController.xib in Resources */ = {isa = PBXBuildFile; fileRef = A8BD70ED1AAB4EE500499A71 /* VideosViewController.xib */; };
		A8BD70F01AAB4F1B00499A71 /* PlaylistsViewController.xib in Resources */ = {isa = PBXBuildFile; fileRef = A8BD70EF1AAB4F1B00499A71 /* PlaylistsViewController.xib */; };
		A8BD70F21AAB4F3800499A71 /* PlaylistViewController.xib in Resources */ = {isa = PBXBuildFile; fileRef = A8BD70F11AAB4F3800499A71 /* PlaylistViewController.xib */; };
		A8BD70F41AAB504600499A71 /* PopularViewController.xib in Resources */ = {isa = PBXBuildFile; fileRef = A8BD70F31AAB504600499A71 /* PopularViewController.xib */; };
		A8BD70F81AAB5B8E00499A71 /* ChannelViewController.xib in Resources */ = {isa = PBXBuildFile; fileRef = A8BD70F71AAB5B8E00499A71 /* ChannelViewController.xib */; };
		A8BD70FA1AAB7A0F00499A71 /* SearchViewController.xib in Resources */ = {isa = PBXBuildFile; fileRef = A8BD70F91AAB7A0F00499A71 /* SearchViewController.xib */; };
		A8BD70FE1AAB828300499A71 /* SettingsViewController.xib in Resources */ = {isa = PBXBuildFile; fileRef = A8BD70FD1AAB828300499A71 /* SettingsViewController.xib */; };
		A8C614461AB1E22E00C47B1B /* Alert.swift in Sources */ = {isa = PBXBuildFile; fileRef = A8C614451AB1E22E00C47B1B /* Alert.swift */; };
		A8C831D91ACAECE4003E8ED9 /* VariousViews.swift in Sources */ = {isa = PBXBuildFile; fileRef = A8C831D81ACAECE4003E8ED9 /* VariousViews.swift */; };
		A8C831DC1ACB0AEE003E8ED9 /* InfoPlist.strings in Resources */ = {isa = PBXBuildFile; fileRef = A8C831DE1ACB0AEE003E8ED9 /* InfoPlist.strings */; };
		A8C831E21ACB0AEF003E8ED9 /* Localizable.strings in Resources */ = {isa = PBXBuildFile; fileRef = A8C831E41ACB0AEF003E8ED9 /* Localizable.strings */; };
		A8C831E71ACB0AF0003E8ED9 /* InfoPlist.strings in Resources */ = {isa = PBXBuildFile; fileRef = A8C831E91ACB0AF0003E8ED9 /* InfoPlist.strings */; };
		A8CD32EA1AEB90C70003DABD /* CollectionViewController.swift in Sources */ = {isa = PBXBuildFile; fileRef = A8CD32E81AEB90C70003DABD /* CollectionViewController.swift */; };
		A8CD32EB1AEB90C70003DABD /* CollectionViewController.xib in Resources */ = {isa = PBXBuildFile; fileRef = A8CD32E91AEB90C70003DABD /* CollectionViewController.xib */; };
		A8D1078F1B1077D900B5B08D /* YouTubeKit+MediaPlayer.swift in Sources */ = {isa = PBXBuildFile; fileRef = A8D1078E1B1077D900B5B08D /* YouTubeKit+MediaPlayer.swift */; };
		A8D402831AA8B7C700F0AAD2 /* AppDelegate.swift in Sources */ = {isa = PBXBuildFile; fileRef = A8D402821AA8B7C700F0AAD2 /* AppDelegate.swift */; };
		A8D402881AA8B7C700F0AAD2 /* Main.storyboard in Resources */ = {isa = PBXBuildFile; fileRef = A8D402861AA8B7C700F0AAD2 /* Main.storyboard */; };
		A8D4028A1AA8B7C700F0AAD2 /* Images.xcassets in Resources */ = {isa = PBXBuildFile; fileRef = A8D402891AA8B7C700F0AAD2 /* Images.xcassets */; };
		A8D4028D1AA8B7C700F0AAD2 /* LaunchScreen.xib in Resources */ = {isa = PBXBuildFile; fileRef = A8D4028B1AA8B7C700F0AAD2 /* LaunchScreen.xib */; };
		A8D402991AA8B7C700F0AAD2 /* TUBINTests.swift in Sources */ = {isa = PBXBuildFile; fileRef = A8D402981AA8B7C700F0AAD2 /* TUBINTests.swift */; };
		A8D4038F1AA8CC4400F0AAD2 /* YouTubeKit+XCDYouTubeKit.swift in Sources */ = {isa = PBXBuildFile; fileRef = A8D403661AA8CC4400F0AAD2 /* YouTubeKit+XCDYouTubeKit.swift */; };
		A8D403921AA8CC4400F0AAD2 /* Bookmark.swift in Sources */ = {isa = PBXBuildFile; fileRef = A8D4036B1AA8CC4400F0AAD2 /* Bookmark.swift */; };
		A8D403981AA8CC4400F0AAD2 /* BookmarksViewController.swift in Sources */ = {isa = PBXBuildFile; fileRef = A8D403731AA8CC4400F0AAD2 /* BookmarksViewController.swift */; };
		A8D403991AA8CC4400F0AAD2 /* ChannelsViewController.swift in Sources */ = {isa = PBXBuildFile; fileRef = A8D403741AA8CC4400F0AAD2 /* ChannelsViewController.swift */; };
		A8D4039A1AA8CC4400F0AAD2 /* ChannelViewController.swift in Sources */ = {isa = PBXBuildFile; fileRef = A8D403751AA8CC4400F0AAD2 /* ChannelViewController.swift */; };
		A8D4039B1AA8CC4400F0AAD2 /* ContainerViewController.swift in Sources */ = {isa = PBXBuildFile; fileRef = A8D403761AA8CC4400F0AAD2 /* ContainerViewController.swift */; };
		A8D4039D1AA8CC4400F0AAD2 /* GuideCategoriesViewController.swift in Sources */ = {isa = PBXBuildFile; fileRef = A8D403781AA8CC4400F0AAD2 /* GuideCategoriesViewController.swift */; };
		A8D4039E1AA8CC4400F0AAD2 /* ItemsViewController.swift in Sources */ = {isa = PBXBuildFile; fileRef = A8D403791AA8CC4400F0AAD2 /* ItemsViewController.swift */; };
		A8D4039F1AA8CC4400F0AAD2 /* PlaylistsViewController.swift in Sources */ = {isa = PBXBuildFile; fileRef = A8D4037A1AA8CC4400F0AAD2 /* PlaylistsViewController.swift */; };
		A8D403A01AA8CC4400F0AAD2 /* PlaylistViewController.swift in Sources */ = {isa = PBXBuildFile; fileRef = A8D4037B1AA8CC4400F0AAD2 /* PlaylistViewController.swift */; };
		A8D403A11AA8CC4400F0AAD2 /* PopularViewController.swift in Sources */ = {isa = PBXBuildFile; fileRef = A8D4037C1AA8CC4400F0AAD2 /* PopularViewController.swift */; };
		A8D403A21AA8CC4400F0AAD2 /* RootViewController.swift in Sources */ = {isa = PBXBuildFile; fileRef = A8D4037D1AA8CC4400F0AAD2 /* RootViewController.swift */; };
		A8D403A31AA8CC4400F0AAD2 /* SearchViewController.swift in Sources */ = {isa = PBXBuildFile; fileRef = A8D4037E1AA8CC4400F0AAD2 /* SearchViewController.swift */; };
		A8D403A41AA8CC4400F0AAD2 /* SettingsViewController.swift in Sources */ = {isa = PBXBuildFile; fileRef = A8D4037F1AA8CC4400F0AAD2 /* SettingsViewController.swift */; };
		A8D403A61AA8CC4400F0AAD2 /* VideosViewController.swift in Sources */ = {isa = PBXBuildFile; fileRef = A8D403811AA8CC4400F0AAD2 /* VideosViewController.swift */; };
		A8D403A71AA8CC4400F0AAD2 /* BookmarkTableViewCell.swift in Sources */ = {isa = PBXBuildFile; fileRef = A8D403831AA8CC4400F0AAD2 /* BookmarkTableViewCell.swift */; };
		A8D403A81AA8CC4400F0AAD2 /* ContainerView.swift in Sources */ = {isa = PBXBuildFile; fileRef = A8D403841AA8CC4400F0AAD2 /* ContainerView.swift */; };
		A8D403A91AA8CC4400F0AAD2 /* GuideCategoryTableViewCell.swift in Sources */ = {isa = PBXBuildFile; fileRef = A8D403851AA8CC4400F0AAD2 /* GuideCategoryTableViewCell.swift */; };
		A8D403AA1AA8CC4400F0AAD2 /* ItemTableViewCell.swift in Sources */ = {isa = PBXBuildFile; fileRef = A8D403861AA8CC4400F0AAD2 /* ItemTableViewCell.swift */; };
		A8D403AB1AA8CC4400F0AAD2 /* LoadMoreTableViewCell.swift in Sources */ = {isa = PBXBuildFile; fileRef = A8D403871AA8CC4400F0AAD2 /* LoadMoreTableViewCell.swift */; };
		A8D403AC1AA8CC4400F0AAD2 /* MiniPlayerView.swift in Sources */ = {isa = PBXBuildFile; fileRef = A8D403881AA8CC4400F0AAD2 /* MiniPlayerView.swift */; };
		A8D403AD1AA8CC4400F0AAD2 /* ScrubberView.swift in Sources */ = {isa = PBXBuildFile; fileRef = A8D403891AA8CC4400F0AAD2 /* ScrubberView.swift */; };
		A8D403AE1AA8CC4400F0AAD2 /* Spinner.swift in Sources */ = {isa = PBXBuildFile; fileRef = A8D4038A1AA8CC4400F0AAD2 /* Spinner.swift */; };
		A8D403AF1AA8CC4400F0AAD2 /* TabBar.swift in Sources */ = {isa = PBXBuildFile; fileRef = A8D4038B1AA8CC4400F0AAD2 /* TabBar.swift */; };
		A8D403B01AA8CC4400F0AAD2 /* Toast.swift in Sources */ = {isa = PBXBuildFile; fileRef = A8D4038C1AA8CC4400F0AAD2 /* Toast.swift */; };
		A8D403B41AA8CC9800F0AAD2 /* Consts.swift in Sources */ = {isa = PBXBuildFile; fileRef = A8D403B31AA8CC9800F0AAD2 /* Consts.swift */; };
		A8E17F311ABD61E100DAF54A /* AF+Date+Extension.swift in Sources */ = {isa = PBXBuildFile; fileRef = A8E17F301ABD61E100DAF54A /* AF+Date+Extension.swift */; };
		A8E17F361ABE8BC000DAF54A /* StoreKit.framework in Frameworks */ = {isa = PBXBuildFile; fileRef = A8E17F351ABE8BC000DAF54A /* StoreKit.framework */; };
		A8F211831B0E45B0001D9A07 /* Fabric.framework in Frameworks */ = {isa = PBXBuildFile; fileRef = A8F211811B0E45B0001D9A07 /* Fabric.framework */; };
		A8F211841B0E45B0001D9A07 /* Crashlytics.framework in Frameworks */ = {isa = PBXBuildFile; fileRef = A8F211821B0E45B0001D9A07 /* Crashlytics.framework */; };
		A8F74B271BD4060D00BCB384 /* VideoTableViewCell.xib in Resources */ = {isa = PBXBuildFile; fileRef = A8F74B261BD4060D00BCB384 /* VideoTableViewCell.xib */; };
/* End PBXBuildFile section */

/* Begin PBXContainerItemProxy section */
		A83324A01BD2660700CD2DC1 /* PBXContainerItemProxy */ = {
			isa = PBXContainerItemProxy;
			containerPortal = A8D402751AA8B7C700F0AAD2 /* Project object */;
			proxyType = 1;
			remoteGlobalIDString = A83324941BD2660700CD2DC1;
			remoteInfo = YouTubeKit;
		};
		A83324A21BD2660700CD2DC1 /* PBXContainerItemProxy */ = {
			isa = PBXContainerItemProxy;
			containerPortal = A8D402751AA8B7C700F0AAD2 /* Project object */;
			proxyType = 1;
			remoteGlobalIDString = A8D4027C1AA8B7C700F0AAD2;
			remoteInfo = TUBIN;
		};
		A83324A81BD2660700CD2DC1 /* PBXContainerItemProxy */ = {
			isa = PBXContainerItemProxy;
			containerPortal = A8D402751AA8B7C700F0AAD2 /* Project object */;
			proxyType = 1;
			remoteGlobalIDString = A83324941BD2660700CD2DC1;
			remoteInfo = YouTubeKit;
		};
		A8D402931AA8B7C700F0AAD2 /* PBXContainerItemProxy */ = {
			isa = PBXContainerItemProxy;
			containerPortal = A8D402751AA8B7C700F0AAD2 /* Project object */;
			proxyType = 1;
			remoteGlobalIDString = A8D4027C1AA8B7C700F0AAD2;
			remoteInfo = TUBIN;
		};
/* End PBXContainerItemProxy section */

/* Begin PBXCopyFilesBuildPhase section */
		A82FC4401B31BEA20001E452 /* Embed Frameworks */ = {
			isa = PBXCopyFilesBuildPhase;
			buildActionMask = 2147483647;
			dstPath = "";
			dstSubfolderSpec = 10;
			files = (
				A894A8531BE51BC1007256C3 /* SVProgressHUD.framework in Embed Frameworks */,
				A894A84D1BE51BC0007256C3 /* AlamofireImage.framework in Embed Frameworks */,
				A80431351BF8DEF500B1E813 /* GCDKit.framework in Embed Frameworks */,
				A894A84F1BE51BC0007256C3 /* CRToast.framework in Embed Frameworks */,
				A894A8511BE51BC1007256C3 /* Result.framework in Embed Frameworks */,
				A83324AB1BD2660700CD2DC1 /* YouTubeKit.framework in Embed Frameworks */,
				A894A84B1BE51BC0007256C3 /* Alamofire.framework in Embed Frameworks */,
				A894A8591BE51BC1007256C3 /* XCGLogger.framework in Embed Frameworks */,
			);
			name = "Embed Frameworks";
			runOnlyForDeploymentPostprocessing = 0;
		};
/* End PBXCopyFilesBuildPhase section */

/* Begin PBXFileReference section */
		5959A20FD6CAE948A5A1FD8D /* Pods.release.xcconfig */ = {isa = PBXFileReference; includeInIndex = 1; lastKnownFileType = text.xcconfig; name = Pods.release.xcconfig; path = "Pods/Target Support Files/Pods/Pods.release.xcconfig"; sourceTree = "<group>"; };
		A80431321BF8DEE100B1E813 /* GCDKit.framework */ = {isa = PBXFileReference; lastKnownFileType = wrapper.framework; name = GCDKit.framework; path = Carthage/Build/iOS/GCDKit.framework; sourceTree = "<group>"; };
		A82FC4381B300C9D0001E452 /* YouTubeKit+Realm.swift */ = {isa = PBXFileReference; fileEncoding = 4; lastKnownFileType = sourcecode.swift; path = "YouTubeKit+Realm.swift"; sourceTree = "<group>"; };
		A83324951BD2660700CD2DC1 /* YouTubeKit.framework */ = {isa = PBXFileReference; explicitFileType = wrapper.framework; includeInIndex = 0; path = YouTubeKit.framework; sourceTree = BUILT_PRODUCTS_DIR; };
		A83324971BD2660700CD2DC1 /* YouTubeKit.h */ = {isa = PBXFileReference; lastKnownFileType = sourcecode.c.h; path = YouTubeKit.h; sourceTree = "<group>"; };
		A83324991BD2660700CD2DC1 /* Info.plist */ = {isa = PBXFileReference; lastKnownFileType = text.plist.xml; path = Info.plist; sourceTree = "<group>"; };
		A833249E1BD2660700CD2DC1 /* YouTubeKitTests.xctest */ = {isa = PBXFileReference; explicitFileType = wrapper.cfbundle; includeInIndex = 0; path = YouTubeKitTests.xctest; sourceTree = BUILT_PRODUCTS_DIR; };
		A83324A51BD2660700CD2DC1 /* YouTubeKitTests.swift */ = {isa = PBXFileReference; lastKnownFileType = sourcecode.swift; path = YouTubeKitTests.swift; sourceTree = "<group>"; };
		A83324A71BD2660700CD2DC1 /* Info.plist */ = {isa = PBXFileReference; lastKnownFileType = text.plist.xml; path = Info.plist; sourceTree = "<group>"; };
		A83324B21BD2698700CD2DC1 /* API.swift */ = {isa = PBXFileReference; fileEncoding = 4; lastKnownFileType = sourcecode.swift; path = API.swift; sourceTree = "<group>"; };
		A83324B31BD2698700CD2DC1 /* Client.swift */ = {isa = PBXFileReference; fileEncoding = 4; lastKnownFileType = sourcecode.swift; path = Client.swift; sourceTree = "<group>"; };
		A83324B41BD2698700CD2DC1 /* Item.swift */ = {isa = PBXFileReference; fileEncoding = 4; lastKnownFileType = sourcecode.swift; path = Item.swift; sourceTree = "<group>"; };
		A83324B51BD2698700CD2DC1 /* YouTubeKit.swift */ = {isa = PBXFileReference; fileEncoding = 4; lastKnownFileType = sourcecode.swift; path = YouTubeKit.swift; sourceTree = "<group>"; };
		A83324BA1BD26B6800CD2DC1 /* Alamofire.framework */ = {isa = PBXFileReference; lastKnownFileType = wrapper.framework; name = Alamofire.framework; path = Carthage/Build/iOS/Alamofire.framework; sourceTree = "<group>"; };
		A83324BC1BD285DF00CD2DC1 /* AlamofireImage.framework */ = {isa = PBXFileReference; lastKnownFileType = wrapper.framework; name = AlamofireImage.framework; path = Carthage/Build/iOS/AlamofireImage.framework; sourceTree = "<group>"; };
		A85785EC1B31C6080089AC4D /* Parser.swift */ = {isa = PBXFileReference; fileEncoding = 4; lastKnownFileType = sourcecode.swift; path = Parser.swift; sourceTree = "<group>"; };
		A85785EE1B31CAF20089AC4D /* YouTubeKit+Parse.swift */ = {isa = PBXFileReference; fileEncoding = 4; lastKnownFileType = sourcecode.swift; path = "YouTubeKit+Parse.swift"; sourceTree = "<group>"; };
		A8584C531AC6AE640066691E /* UserViewController.swift */ = {isa = PBXFileReference; fileEncoding = 4; lastKnownFileType = sourcecode.swift; path = UserViewController.swift; sourceTree = "<group>"; };
		A8584C541AC6AE640066691E /* UserViewController.xib */ = {isa = PBXFileReference; fileEncoding = 4; lastKnownFileType = file.xib; path = UserViewController.xib; sourceTree = "<group>"; };
		A86CC3E51AAAF799008669F2 /* GuideCategoryTableViewCell.xib */ = {isa = PBXFileReference; fileEncoding = 4; lastKnownFileType = file.xib; path = GuideCategoryTableViewCell.xib; sourceTree = "<group>"; };
		A86CC3E81AAB0456008669F2 /* iAd.framework */ = {isa = PBXFileReference; lastKnownFileType = wrapper.framework; name = iAd.framework; path = System/Library/Frameworks/iAd.framework; sourceTree = SDKROOT; };
		A86CC3EE1AAB17AB008669F2 /* LoadMoreTableViewCell.xib */ = {isa = PBXFileReference; fileEncoding = 4; lastKnownFileType = file.xib; path = LoadMoreTableViewCell.xib; sourceTree = "<group>"; };
		A876C93B1AC86554000D88D8 /* texgyreadventor-bold.otf */ = {isa = PBXFileReference; lastKnownFileType = file; path = "texgyreadventor-bold.otf"; sourceTree = "<group>"; };
		A876C93C1AC86554000D88D8 /* texgyreadventor-bolditalic.otf */ = {isa = PBXFileReference; lastKnownFileType = file; path = "texgyreadventor-bolditalic.otf"; sourceTree = "<group>"; };
		A876C93D1AC86554000D88D8 /* texgyreadventor-italic.otf */ = {isa = PBXFileReference; lastKnownFileType = file; path = "texgyreadventor-italic.otf"; sourceTree = "<group>"; };
		A876C93E1AC86554000D88D8 /* texgyreadventor-regular.otf */ = {isa = PBXFileReference; lastKnownFileType = file; path = "texgyreadventor-regular.otf"; sourceTree = "<group>"; };
		A878FAD11ABB1437004AD3E4 /* ChannelView.swift */ = {isa = PBXFileReference; fileEncoding = 4; lastKnownFileType = sourcecode.swift; path = ChannelView.swift; sourceTree = "<group>"; };
		A8799DB51AC1B6D9005FC4A6 /* StoreViewController.swift */ = {isa = PBXFileReference; fileEncoding = 4; lastKnownFileType = sourcecode.swift; path = StoreViewController.swift; sourceTree = "<group>"; };
		A8799DB61AC1B6D9005FC4A6 /* StoreViewController.xib */ = {isa = PBXFileReference; fileEncoding = 4; lastKnownFileType = file.xib; path = StoreViewController.xib; sourceTree = "<group>"; };
		A884FAF21B04D11700667D8D /* UIImage+Extension.swift */ = {isa = PBXFileReference; fileEncoding = 4; lastKnownFileType = sourcecode.swift; path = "UIImage+Extension.swift"; sourceTree = "<group>"; };
		A884FAF41B04D5F400667D8D /* MusicViewController.swift */ = {isa = PBXFileReference; fileEncoding = 4; lastKnownFileType = sourcecode.swift; path = MusicViewController.swift; sourceTree = "<group>"; };
		A884FAF51B04D5F400667D8D /* MusicViewController.xib */ = {isa = PBXFileReference; fileEncoding = 4; lastKnownFileType = file.xib; path = MusicViewController.xib; sourceTree = "<group>"; };
		A884FAF81B04DD7B00667D8D /* SwiftColors.swift */ = {isa = PBXFileReference; fileEncoding = 4; lastKnownFileType = sourcecode.swift; path = SwiftColors.swift; sourceTree = "<group>"; };
		A889130D1AEA64AD00E4BBE4 /* CollectionsViewController.swift */ = {isa = PBXFileReference; fileEncoding = 4; lastKnownFileType = sourcecode.swift; path = CollectionsViewController.swift; sourceTree = "<group>"; };
		A889130E1AEA64AD00E4BBE4 /* CollectionsViewController.xib */ = {isa = PBXFileReference; fileEncoding = 4; lastKnownFileType = file.xib; path = CollectionsViewController.xib; sourceTree = "<group>"; };
		A889137E1AEABAEA00E4BBE4 /* CollectionTableViewCell.swift */ = {isa = PBXFileReference; fileEncoding = 4; lastKnownFileType = sourcecode.swift; path = CollectionTableViewCell.swift; sourceTree = "<group>"; };
		A889137F1AEABAEA00E4BBE4 /* CollectionTableViewCell.xib */ = {isa = PBXFileReference; fileEncoding = 4; lastKnownFileType = file.xib; path = CollectionTableViewCell.xib; sourceTree = "<group>"; };
		A88913831AEAC1A600E4BBE4 /* PopoverCollectionsViewController.swift */ = {isa = PBXFileReference; fileEncoding = 4; lastKnownFileType = sourcecode.swift; path = PopoverCollectionsViewController.swift; sourceTree = "<group>"; };
		A88913841AEAC1A600E4BBE4 /* PopoverCollectionsViewController.xib */ = {isa = PBXFileReference; fileEncoding = 4; lastKnownFileType = file.xib; path = PopoverCollectionsViewController.xib; sourceTree = "<group>"; };
		A88CF3561AC5EB0C005276DD /* History.swift */ = {isa = PBXFileReference; fileEncoding = 4; lastKnownFileType = sourcecode.swift; path = History.swift; sourceTree = "<group>"; };
		A88CF3581AC5F0AA005276DD /* HistoriesViewController.swift */ = {isa = PBXFileReference; fileEncoding = 4; lastKnownFileType = sourcecode.swift; path = HistoriesViewController.swift; sourceTree = "<group>"; };
		A88CF3591AC5F0AA005276DD /* HistoriesViewController.xib */ = {isa = PBXFileReference; fileEncoding = 4; lastKnownFileType = file.xib; path = HistoriesViewController.xib; sourceTree = "<group>"; };
		A88D7BBF1AC43D020085A8F8 /* YouTubePlayerViewController.xib */ = {isa = PBXFileReference; fileEncoding = 4; lastKnownFileType = file.xib; path = YouTubePlayerViewController.xib; sourceTree = "<group>"; };
		A88F13251AD2DF7B006695D0 /* Social.framework */ = {isa = PBXFileReference; lastKnownFileType = wrapper.framework; name = Social.framework; path = System/Library/Frameworks/Social.framework; sourceTree = SDKROOT; };
		A894A8421BE51BC0007256C3 /* Alamofire.framework */ = {isa = PBXFileReference; lastKnownFileType = wrapper.framework; name = Alamofire.framework; path = Carthage/Build/iOS/Alamofire.framework; sourceTree = "<group>"; };
		A894A8431BE51BC0007256C3 /* AlamofireImage.framework */ = {isa = PBXFileReference; lastKnownFileType = wrapper.framework; name = AlamofireImage.framework; path = Carthage/Build/iOS/AlamofireImage.framework; sourceTree = "<group>"; };
		A894A8441BE51BC0007256C3 /* CRToast.framework */ = {isa = PBXFileReference; lastKnownFileType = wrapper.framework; name = CRToast.framework; path = Carthage/Build/iOS/CRToast.framework; sourceTree = "<group>"; };
		A894A8451BE51BC0007256C3 /* Result.framework */ = {isa = PBXFileReference; lastKnownFileType = wrapper.framework; name = Result.framework; path = Carthage/Build/iOS/Result.framework; sourceTree = "<group>"; };
		A894A8461BE51BC0007256C3 /* SVProgressHUD.framework */ = {isa = PBXFileReference; lastKnownFileType = wrapper.framework; name = SVProgressHUD.framework; path = Carthage/Build/iOS/SVProgressHUD.framework; sourceTree = "<group>"; };
		A894A8491BE51BC0007256C3 /* XCGLogger.framework */ = {isa = PBXFileReference; lastKnownFileType = wrapper.framework; name = XCGLogger.framework; path = Carthage/Build/iOS/XCGLogger.framework; sourceTree = "<group>"; };
		A89718901BD686BA005FE687 /* ChannelTableViewCell.xib */ = {isa = PBXFileReference; fileEncoding = 4; lastKnownFileType = file.xib; path = ChannelTableViewCell.xib; sourceTree = "<group>"; };
		A899AE7B1AAC4C310011D5DE /* GuideCategoriesViewController.xib */ = {isa = PBXFileReference; fileEncoding = 4; lastKnownFileType = file.xib; path = GuideCategoriesViewController.xib; sourceTree = "<group>"; };
		A899AE7D1AAC4F4B0011D5DE /* BookmarksViewController.xib */ = {isa = PBXFileReference; fileEncoding = 4; lastKnownFileType = file.xib; path = BookmarksViewController.xib; sourceTree = "<group>"; };
		A899AE801AAC4FAC0011D5DE /* BookmarkTableViewCell.xib */ = {isa = PBXFileReference; fileEncoding = 4; lastKnownFileType = file.xib; path = BookmarkTableViewCell.xib; sourceTree = "<group>"; };
		A899AE861AAC648D0011D5DE /* YouTubePlayer.swift */ = {isa = PBXFileReference; fileEncoding = 4; lastKnownFileType = sourcecode.swift; path = YouTubePlayer.swift; sourceTree = "<group>"; };
		A899AE881AAC67490011D5DE /* YouTubePlayerViewController.swift */ = {isa = PBXFileReference; fileEncoding = 4; lastKnownFileType = sourcecode.swift; path = YouTubePlayerViewController.swift; sourceTree = "<group>"; };
		A899AE891AAC67490011D5DE /* YouTubePlayerViewController_Phone.xib */ = {isa = PBXFileReference; fileEncoding = 4; lastKnownFileType = file.xib; path = YouTubePlayerViewController_Phone.xib; sourceTree = "<group>"; };
		A89CFDE61AC595F300FB72E7 /* Appearance.swift */ = {isa = PBXFileReference; fileEncoding = 4; lastKnownFileType = sourcecode.swift; path = Appearance.swift; sourceTree = "<group>"; };
		A8A153071ADD80AD005BA201 /* DarkModeTableViewCell.swift */ = {isa = PBXFileReference; fileEncoding = 4; lastKnownFileType = sourcecode.swift; path = DarkModeTableViewCell.swift; sourceTree = "<group>"; };
		A8A153081ADD80AD005BA201 /* DarkModeTableViewCell.xib */ = {isa = PBXFileReference; fileEncoding = 4; lastKnownFileType = file.xib; path = DarkModeTableViewCell.xib; sourceTree = "<group>"; };
		A8A3B8C61AE9471000945D94 /* Collection.swift */ = {isa = PBXFileReference; fileEncoding = 4; lastKnownFileType = sourcecode.swift; path = Collection.swift; sourceTree = "<group>"; };
		A8BC47481BD68475000210D9 /* PlaylistTableViewCell.xib */ = {isa = PBXFileReference; fileEncoding = 4; lastKnownFileType = file.xib; path = PlaylistTableViewCell.xib; sourceTree = "<group>"; };
		A8BD70EB1AAB4BAD00499A71 /* ChannelsViewController.xib */ = {isa = PBXFileReference; fileEncoding = 4; lastKnownFileType = file.xib; path = ChannelsViewController.xib; sourceTree = "<group>"; };
		A8BD70ED1AAB4EE500499A71 /* VideosViewController.xib */ = {isa = PBXFileReference; fileEncoding = 4; lastKnownFileType = file.xib; path = VideosViewController.xib; sourceTree = "<group>"; };
		A8BD70EF1AAB4F1B00499A71 /* PlaylistsViewController.xib */ = {isa = PBXFileReference; fileEncoding = 4; lastKnownFileType = file.xib; path = PlaylistsViewController.xib; sourceTree = "<group>"; };
		A8BD70F11AAB4F3800499A71 /* PlaylistViewController.xib */ = {isa = PBXFileReference; fileEncoding = 4; lastKnownFileType = file.xib; path = PlaylistViewController.xib; sourceTree = "<group>"; };
		A8BD70F31AAB504600499A71 /* PopularViewController.xib */ = {isa = PBXFileReference; fileEncoding = 4; lastKnownFileType = file.xib; path = PopularViewController.xib; sourceTree = "<group>"; };
		A8BD70F71AAB5B8E00499A71 /* ChannelViewController.xib */ = {isa = PBXFileReference; fileEncoding = 4; lastKnownFileType = file.xib; path = ChannelViewController.xib; sourceTree = "<group>"; };
		A8BD70F91AAB7A0F00499A71 /* SearchViewController.xib */ = {isa = PBXFileReference; fileEncoding = 4; lastKnownFileType = file.xib; path = SearchViewController.xib; sourceTree = "<group>"; };
		A8BD70FD1AAB828300499A71 /* SettingsViewController.xib */ = {isa = PBXFileReference; fileEncoding = 4; lastKnownFileType = file.xib; path = SettingsViewController.xib; sourceTree = "<group>"; };
		A8C614451AB1E22E00C47B1B /* Alert.swift */ = {isa = PBXFileReference; fileEncoding = 4; lastKnownFileType = sourcecode.swift; path = Alert.swift; sourceTree = "<group>"; };
		A8C831D81ACAECE4003E8ED9 /* VariousViews.swift */ = {isa = PBXFileReference; fileEncoding = 4; lastKnownFileType = sourcecode.swift; path = VariousViews.swift; sourceTree = "<group>"; };
		A8C831DD1ACB0AEE003E8ED9 /* ja */ = {isa = PBXFileReference; lastKnownFileType = text.plist.strings; name = ja; path = ja.lproj/InfoPlist.strings; sourceTree = "<group>"; };
		A8C831DF1ACB0AEF003E8ED9 /* ja */ = {isa = PBXFileReference; lastKnownFileType = text.plist.strings; name = ja; path = ja.lproj/Main.strings; sourceTree = "<group>"; };
		A8C831E31ACB0AEF003E8ED9 /* ja */ = {isa = PBXFileReference; lastKnownFileType = text.plist.strings; name = ja; path = ja.lproj/Localizable.strings; sourceTree = "<group>"; };
		A8C831E81ACB0AF0003E8ED9 /* ja */ = {isa = PBXFileReference; lastKnownFileType = text.plist.strings; name = ja; path = ja.lproj/InfoPlist.strings; sourceTree = "<group>"; };
		A8C831EA1ACB0AF0003E8ED9 /* ja */ = {isa = PBXFileReference; lastKnownFileType = text.plist.strings; name = ja; path = ja.lproj/LaunchScreen.strings; sourceTree = "<group>"; };
		A8CD32E81AEB90C70003DABD /* CollectionViewController.swift */ = {isa = PBXFileReference; fileEncoding = 4; lastKnownFileType = sourcecode.swift; path = CollectionViewController.swift; sourceTree = "<group>"; };
		A8CD32E91AEB90C70003DABD /* CollectionViewController.xib */ = {isa = PBXFileReference; fileEncoding = 4; lastKnownFileType = file.xib; path = CollectionViewController.xib; sourceTree = "<group>"; };
		A8D1078E1B1077D900B5B08D /* YouTubeKit+MediaPlayer.swift */ = {isa = PBXFileReference; fileEncoding = 4; lastKnownFileType = sourcecode.swift; path = "YouTubeKit+MediaPlayer.swift"; sourceTree = "<group>"; };
		A8D4027D1AA8B7C700F0AAD2 /* TUBIN.app */ = {isa = PBXFileReference; explicitFileType = wrapper.application; includeInIndex = 0; path = TUBIN.app; sourceTree = BUILT_PRODUCTS_DIR; };
		A8D402811AA8B7C700F0AAD2 /* Info.plist */ = {isa = PBXFileReference; lastKnownFileType = text.plist.xml; path = Info.plist; sourceTree = "<group>"; };
		A8D402821AA8B7C700F0AAD2 /* AppDelegate.swift */ = {isa = PBXFileReference; lastKnownFileType = sourcecode.swift; path = AppDelegate.swift; sourceTree = "<group>"; };
		A8D402871AA8B7C700F0AAD2 /* Base */ = {isa = PBXFileReference; lastKnownFileType = file.storyboard; name = Base; path = Base.lproj/Main.storyboard; sourceTree = "<group>"; };
		A8D402891AA8B7C700F0AAD2 /* Images.xcassets */ = {isa = PBXFileReference; lastKnownFileType = folder.assetcatalog; path = Images.xcassets; sourceTree = "<group>"; };
		A8D4028C1AA8B7C700F0AAD2 /* Base */ = {isa = PBXFileReference; lastKnownFileType = file.xib; name = Base; path = Base.lproj/LaunchScreen.xib; sourceTree = "<group>"; };
		A8D402921AA8B7C700F0AAD2 /* TUBINTests.xctest */ = {isa = PBXFileReference; explicitFileType = wrapper.cfbundle; includeInIndex = 0; path = TUBINTests.xctest; sourceTree = BUILT_PRODUCTS_DIR; };
		A8D402971AA8B7C700F0AAD2 /* Info.plist */ = {isa = PBXFileReference; lastKnownFileType = text.plist.xml; path = Info.plist; sourceTree = "<group>"; };
		A8D402981AA8B7C700F0AAD2 /* TUBINTests.swift */ = {isa = PBXFileReference; lastKnownFileType = sourcecode.swift; path = TUBINTests.swift; sourceTree = "<group>"; };
		A8D403661AA8CC4400F0AAD2 /* YouTubeKit+XCDYouTubeKit.swift */ = {isa = PBXFileReference; fileEncoding = 4; lastKnownFileType = sourcecode.swift; path = "YouTubeKit+XCDYouTubeKit.swift"; sourceTree = "<group>"; };
		A8D4036B1AA8CC4400F0AAD2 /* Bookmark.swift */ = {isa = PBXFileReference; fileEncoding = 4; lastKnownFileType = sourcecode.swift; path = Bookmark.swift; sourceTree = "<group>"; };
		A8D403731AA8CC4400F0AAD2 /* BookmarksViewController.swift */ = {isa = PBXFileReference; fileEncoding = 4; lastKnownFileType = sourcecode.swift; path = BookmarksViewController.swift; sourceTree = "<group>"; };
		A8D403741AA8CC4400F0AAD2 /* ChannelsViewController.swift */ = {isa = PBXFileReference; fileEncoding = 4; lastKnownFileType = sourcecode.swift; path = ChannelsViewController.swift; sourceTree = "<group>"; };
		A8D403751AA8CC4400F0AAD2 /* ChannelViewController.swift */ = {isa = PBXFileReference; fileEncoding = 4; lastKnownFileType = sourcecode.swift; path = ChannelViewController.swift; sourceTree = "<group>"; };
		A8D403761AA8CC4400F0AAD2 /* ContainerViewController.swift */ = {isa = PBXFileReference; fileEncoding = 4; lastKnownFileType = sourcecode.swift; path = ContainerViewController.swift; sourceTree = "<group>"; };
		A8D403781AA8CC4400F0AAD2 /* GuideCategoriesViewController.swift */ = {isa = PBXFileReference; fileEncoding = 4; lastKnownFileType = sourcecode.swift; path = GuideCategoriesViewController.swift; sourceTree = "<group>"; };
		A8D403791AA8CC4400F0AAD2 /* ItemsViewController.swift */ = {isa = PBXFileReference; fileEncoding = 4; lastKnownFileType = sourcecode.swift; path = ItemsViewController.swift; sourceTree = "<group>"; };
		A8D4037A1AA8CC4400F0AAD2 /* PlaylistsViewController.swift */ = {isa = PBXFileReference; fileEncoding = 4; lastKnownFileType = sourcecode.swift; path = PlaylistsViewController.swift; sourceTree = "<group>"; };
		A8D4037B1AA8CC4400F0AAD2 /* PlaylistViewController.swift */ = {isa = PBXFileReference; fileEncoding = 4; lastKnownFileType = sourcecode.swift; path = PlaylistViewController.swift; sourceTree = "<group>"; };
		A8D4037C1AA8CC4400F0AAD2 /* PopularViewController.swift */ = {isa = PBXFileReference; fileEncoding = 4; lastKnownFileType = sourcecode.swift; path = PopularViewController.swift; sourceTree = "<group>"; };
		A8D4037D1AA8CC4400F0AAD2 /* RootViewController.swift */ = {isa = PBXFileReference; fileEncoding = 4; lastKnownFileType = sourcecode.swift; path = RootViewController.swift; sourceTree = "<group>"; };
		A8D4037E1AA8CC4400F0AAD2 /* SearchViewController.swift */ = {isa = PBXFileReference; fileEncoding = 4; lastKnownFileType = sourcecode.swift; path = SearchViewController.swift; sourceTree = "<group>"; };
		A8D4037F1AA8CC4400F0AAD2 /* SettingsViewController.swift */ = {isa = PBXFileReference; fileEncoding = 4; lastKnownFileType = sourcecode.swift; path = SettingsViewController.swift; sourceTree = "<group>"; };
		A8D403811AA8CC4400F0AAD2 /* VideosViewController.swift */ = {isa = PBXFileReference; fileEncoding = 4; lastKnownFileType = sourcecode.swift; path = VideosViewController.swift; sourceTree = "<group>"; };
		A8D403831AA8CC4400F0AAD2 /* BookmarkTableViewCell.swift */ = {isa = PBXFileReference; fileEncoding = 4; lastKnownFileType = sourcecode.swift; path = BookmarkTableViewCell.swift; sourceTree = "<group>"; };
		A8D403841AA8CC4400F0AAD2 /* ContainerView.swift */ = {isa = PBXFileReference; fileEncoding = 4; lastKnownFileType = sourcecode.swift; path = ContainerView.swift; sourceTree = "<group>"; };
		A8D403851AA8CC4400F0AAD2 /* GuideCategoryTableViewCell.swift */ = {isa = PBXFileReference; fileEncoding = 4; lastKnownFileType = sourcecode.swift; path = GuideCategoryTableViewCell.swift; sourceTree = "<group>"; };
		A8D403861AA8CC4400F0AAD2 /* ItemTableViewCell.swift */ = {isa = PBXFileReference; fileEncoding = 4; lastKnownFileType = sourcecode.swift; path = ItemTableViewCell.swift; sourceTree = "<group>"; };
		A8D403871AA8CC4400F0AAD2 /* LoadMoreTableViewCell.swift */ = {isa = PBXFileReference; fileEncoding = 4; lastKnownFileType = sourcecode.swift; path = LoadMoreTableViewCell.swift; sourceTree = "<group>"; };
		A8D403881AA8CC4400F0AAD2 /* MiniPlayerView.swift */ = {isa = PBXFileReference; fileEncoding = 4; lastKnownFileType = sourcecode.swift; path = MiniPlayerView.swift; sourceTree = "<group>"; };
		A8D403891AA8CC4400F0AAD2 /* ScrubberView.swift */ = {isa = PBXFileReference; fileEncoding = 4; lastKnownFileType = sourcecode.swift; path = ScrubberView.swift; sourceTree = "<group>"; };
		A8D4038A1AA8CC4400F0AAD2 /* Spinner.swift */ = {isa = PBXFileReference; fileEncoding = 4; lastKnownFileType = sourcecode.swift; path = Spinner.swift; sourceTree = "<group>"; };
		A8D4038B1AA8CC4400F0AAD2 /* TabBar.swift */ = {isa = PBXFileReference; fileEncoding = 4; lastKnownFileType = sourcecode.swift; path = TabBar.swift; sourceTree = "<group>"; };
		A8D4038C1AA8CC4400F0AAD2 /* Toast.swift */ = {isa = PBXFileReference; fileEncoding = 4; lastKnownFileType = sourcecode.swift; path = Toast.swift; sourceTree = "<group>"; };
		A8D403B31AA8CC9800F0AAD2 /* Consts.swift */ = {isa = PBXFileReference; fileEncoding = 4; lastKnownFileType = sourcecode.swift; path = Consts.swift; sourceTree = "<group>"; };
		A8D403B71AA8CCCF00F0AAD2 /* TUBIN-Bridging-Header.h */ = {isa = PBXFileReference; lastKnownFileType = sourcecode.c.h; path = "TUBIN-Bridging-Header.h"; sourceTree = "<group>"; };
		A8E17F301ABD61E100DAF54A /* AF+Date+Extension.swift */ = {isa = PBXFileReference; fileEncoding = 4; lastKnownFileType = sourcecode.swift; path = "AF+Date+Extension.swift"; sourceTree = "<group>"; };
		A8E17F351ABE8BC000DAF54A /* StoreKit.framework */ = {isa = PBXFileReference; lastKnownFileType = wrapper.framework; name = StoreKit.framework; path = System/Library/Frameworks/StoreKit.framework; sourceTree = SDKROOT; };
		A8F211811B0E45B0001D9A07 /* Fabric.framework */ = {isa = PBXFileReference; lastKnownFileType = wrapper.framework; path = Fabric.framework; sourceTree = "<group>"; };
		A8F211821B0E45B0001D9A07 /* Crashlytics.framework */ = {isa = PBXFileReference; lastKnownFileType = wrapper.framework; path = Crashlytics.framework; sourceTree = "<group>"; };
		A8F74B261BD4060D00BCB384 /* VideoTableViewCell.xib */ = {isa = PBXFileReference; fileEncoding = 4; lastKnownFileType = file.xib; path = VideoTableViewCell.xib; sourceTree = "<group>"; };
		C86F1F1E09D2F038920B8889 /* Pods.framework */ = {isa = PBXFileReference; explicitFileType = wrapper.framework; includeInIndex = 0; path = Pods.framework; sourceTree = BUILT_PRODUCTS_DIR; };
		EC4E299ADCEB0834ABF32773 /* Pods.debug.xcconfig */ = {isa = PBXFileReference; includeInIndex = 1; lastKnownFileType = text.xcconfig; name = Pods.debug.xcconfig; path = "Pods/Target Support Files/Pods/Pods.debug.xcconfig"; sourceTree = "<group>"; };
/* End PBXFileReference section */

/* Begin PBXFrameworksBuildPhase section */
		A83324911BD2660700CD2DC1 /* Frameworks */ = {
			isa = PBXFrameworksBuildPhase;
			buildActionMask = 2147483647;
			files = (
				A83324BB1BD26B6800CD2DC1 /* Alamofire.framework in Frameworks */,
				A83324BD1BD285DF00CD2DC1 /* AlamofireImage.framework in Frameworks */,
			);
			runOnlyForDeploymentPostprocessing = 0;
		};
		A833249B1BD2660700CD2DC1 /* Frameworks */ = {
			isa = PBXFrameworksBuildPhase;
			buildActionMask = 2147483647;
			files = (
				A833249F1BD2660700CD2DC1 /* YouTubeKit.framework in Frameworks */,
			);
			runOnlyForDeploymentPostprocessing = 0;
		};
		A8D4027A1AA8B7C700F0AAD2 /* Frameworks */ = {
			isa = PBXFrameworksBuildPhase;
			buildActionMask = 2147483647;
			files = (
				A80431341BF8DEF500B1E813 /* GCDKit.framework in Frameworks */,
				A894A85B1BE51C35007256C3 /* Social.framework in Frameworks */,
				A894A85A1BE51C2B007256C3 /* iAd.framework in Frameworks */,
				A8E17F361ABE8BC000DAF54A /* StoreKit.framework in Frameworks */,
				A83324AA1BD2660700CD2DC1 /* YouTubeKit.framework in Frameworks */,
				A894A84A1BE51BC0007256C3 /* Alamofire.framework in Frameworks */,
				A894A8581BE51BC1007256C3 /* XCGLogger.framework in Frameworks */,
				A894A84C1BE51BC0007256C3 /* AlamofireImage.framework in Frameworks */,
				A894A8501BE51BC1007256C3 /* Result.framework in Frameworks */,
				A894A8521BE51BC1007256C3 /* SVProgressHUD.framework in Frameworks */,
				A894A84E1BE51BC0007256C3 /* CRToast.framework in Frameworks */,
				64E880D67FB76184E153219D /* Pods.framework in Frameworks */,
				A8F211831B0E45B0001D9A07 /* Fabric.framework in Frameworks */,
				A8F211841B0E45B0001D9A07 /* Crashlytics.framework in Frameworks */,
			);
			runOnlyForDeploymentPostprocessing = 0;
		};
		A8D4028F1AA8B7C700F0AAD2 /* Frameworks */ = {
			isa = PBXFrameworksBuildPhase;
			buildActionMask = 2147483647;
			files = (
			);
			runOnlyForDeploymentPostprocessing = 0;
		};
/* End PBXFrameworksBuildPhase section */

/* Begin PBXGroup section */
		312E13B13F6572AC183F56F9 /* Pods */ = {
			isa = PBXGroup;
			children = (
				EC4E299ADCEB0834ABF32773 /* Pods.debug.xcconfig */,
				5959A20FD6CAE948A5A1FD8D /* Pods.release.xcconfig */,
			);
			name = Pods;
			sourceTree = "<group>";
		};
		A83324961BD2660700CD2DC1 /* YouTubeKit */ = {
			isa = PBXGroup;
			children = (
				A83324B21BD2698700CD2DC1 /* API.swift */,
				A83324B31BD2698700CD2DC1 /* Client.swift */,
				A83324B41BD2698700CD2DC1 /* Item.swift */,
				A83324B51BD2698700CD2DC1 /* YouTubeKit.swift */,
				A83324971BD2660700CD2DC1 /* YouTubeKit.h */,
				A83324991BD2660700CD2DC1 /* Info.plist */,
				A83324BA1BD26B6800CD2DC1 /* Alamofire.framework */,
				A83324BC1BD285DF00CD2DC1 /* AlamofireImage.framework */,
			);
			path = YouTubeKit;
			sourceTree = "<group>";
		};
		A83324A41BD2660700CD2DC1 /* YouTubeKitTests */ = {
			isa = PBXGroup;
			children = (
				A83324A51BD2660700CD2DC1 /* YouTubeKitTests.swift */,
				A83324A71BD2660700CD2DC1 /* Info.plist */,
			);
			path = YouTubeKitTests;
			sourceTree = "<group>";
		};
		A83324BE1BD2B3E900CD2DC1 /* Sources */ = {
			isa = PBXGroup;
			children = (
			);
			name = Sources;
			sourceTree = "<group>";
		};
		A83324BF1BD2B3F000CD2DC1 /* Resources */ = {
			isa = PBXGroup;
			children = (
			);
			name = Resources;
			sourceTree = "<group>";
		};
		A876C93A1AC86554000D88D8 /* Resources */ = {
			isa = PBXGroup;
			children = (
				A876C93B1AC86554000D88D8 /* texgyreadventor-bold.otf */,
				A876C93C1AC86554000D88D8 /* texgyreadventor-bolditalic.otf */,
				A876C93D1AC86554000D88D8 /* texgyreadventor-italic.otf */,
				A876C93E1AC86554000D88D8 /* texgyreadventor-regular.otf */,
			);
			path = Resources;
			sourceTree = "<group>";
		};
		A899AE841AAC646C0011D5DE /* Others */ = {
			isa = PBXGroup;
			children = (
				A899AE861AAC648D0011D5DE /* YouTubePlayer.swift */,
				A89CFDE61AC595F300FB72E7 /* Appearance.swift */,
				A85785EE1B31CAF20089AC4D /* YouTubeKit+Parse.swift */,
			);
			path = Others;
			sourceTree = "<group>";
		};
		A8D402741AA8B7C700F0AAD2 = {
			isa = PBXGroup;
			children = (
				A8D4027F1AA8B7C700F0AAD2 /* TUBIN */,
				A8D402951AA8B7C700F0AAD2 /* TUBINTests */,
				A83324961BD2660700CD2DC1 /* YouTubeKit */,
				A83324A41BD2660700CD2DC1 /* YouTubeKitTests */,
				A8D4027E1AA8B7C700F0AAD2 /* Products */,
				312E13B13F6572AC183F56F9 /* Pods */,
				E3B2F19A660D0D52A10E95B2 /* Frameworks */,
				A8D403B71AA8CCCF00F0AAD2 /* TUBIN-Bridging-Header.h */,
			);
			sourceTree = "<group>";
		};
		A8D4027E1AA8B7C700F0AAD2 /* Products */ = {
			isa = PBXGroup;
			children = (
				A8D4027D1AA8B7C700F0AAD2 /* TUBIN.app */,
				A8D402921AA8B7C700F0AAD2 /* TUBINTests.xctest */,
				A83324951BD2660700CD2DC1 /* YouTubeKit.framework */,
				A833249E1BD2660700CD2DC1 /* YouTubeKitTests.xctest */,
			);
			name = Products;
			sourceTree = "<group>";
		};
		A8D4027F1AA8B7C700F0AAD2 /* TUBIN */ = {
			isa = PBXGroup;
			children = (
				A8D402821AA8B7C700F0AAD2 /* AppDelegate.swift */,
				A83324BE1BD2B3E900CD2DC1 /* Sources */,
				A83324BF1BD2B3F000CD2DC1 /* Resources */,
				A8D403721AA8CC4400F0AAD2 /* View Controllers */,
				A8D403821AA8CC4400F0AAD2 /* Views */,
				A8D4036A1AA8CC4400F0AAD2 /* Models */,
				A8D4036F1AA8CC4400F0AAD2 /* Utilities */,
				A899AE841AAC646C0011D5DE /* Others */,
				A8D403641AA8CC4400F0AAD2 /* Extensions */,
				A8D403B21AA8CC7300F0AAD2 /* Consts */,
				A8D403671AA8CC4400F0AAD2 /* Externals */,
				A8D402861AA8B7C700F0AAD2 /* Main.storyboard */,
				A8D402891AA8B7C700F0AAD2 /* Images.xcassets */,
				A8D4028B1AA8B7C700F0AAD2 /* LaunchScreen.xib */,
				A8D402801AA8B7C700F0AAD2 /* Supporting Files */,
				A876C93A1AC86554000D88D8 /* Resources */,
			);
			path = TUBIN;
			sourceTree = "<group>";
		};
		A8D402801AA8B7C700F0AAD2 /* Supporting Files */ = {
			isa = PBXGroup;
			children = (
				A8C831E41ACB0AEF003E8ED9 /* Localizable.strings */,
				A8C831DE1ACB0AEE003E8ED9 /* InfoPlist.strings */,
				A8D402811AA8B7C700F0AAD2 /* Info.plist */,
			);
			name = "Supporting Files";
			sourceTree = "<group>";
		};
		A8D402951AA8B7C700F0AAD2 /* TUBINTests */ = {
			isa = PBXGroup;
			children = (
				A8D402981AA8B7C700F0AAD2 /* TUBINTests.swift */,
				A8D402961AA8B7C700F0AAD2 /* Supporting Files */,
			);
			path = TUBINTests;
			sourceTree = "<group>";
		};
		A8D402961AA8B7C700F0AAD2 /* Supporting Files */ = {
			isa = PBXGroup;
			children = (
				A8C831E91ACB0AF0003E8ED9 /* InfoPlist.strings */,
				A8D402971AA8B7C700F0AAD2 /* Info.plist */,
			);
			name = "Supporting Files";
			sourceTree = "<group>";
		};
		A8D403641AA8CC4400F0AAD2 /* Extensions */ = {
			isa = PBXGroup;
			children = (
				A8D403661AA8CC4400F0AAD2 /* YouTubeKit+XCDYouTubeKit.swift */,
				A8D1078E1B1077D900B5B08D /* YouTubeKit+MediaPlayer.swift */,
				A82FC4381B300C9D0001E452 /* YouTubeKit+Realm.swift */,
			);
			path = Extensions;
			sourceTree = "<group>";
		};
		A8D403671AA8CC4400F0AAD2 /* Externals */ = {
			isa = PBXGroup;
			children = (
				A884FAF81B04DD7B00667D8D /* SwiftColors.swift */,
				A8E17F301ABD61E100DAF54A /* AF+Date+Extension.swift */,
				A884FAF21B04D11700667D8D /* UIImage+Extension.swift */,
			);
			path = Externals;
			sourceTree = "<group>";
		};
		A8D4036A1AA8CC4400F0AAD2 /* Models */ = {
			isa = PBXGroup;
			children = (
				A8D4036B1AA8CC4400F0AAD2 /* Bookmark.swift */,
				A88CF3561AC5EB0C005276DD /* History.swift */,
				A8A3B8C61AE9471000945D94 /* Collection.swift */,
				A85785EC1B31C6080089AC4D /* Parser.swift */,
			);
			path = Models;
			sourceTree = "<group>";
		};
		A8D4036F1AA8CC4400F0AAD2 /* Utilities */ = {
			isa = PBXGroup;
			children = (
			);
			path = Utilities;
			sourceTree = "<group>";
		};
		A8D403721AA8CC4400F0AAD2 /* View Controllers */ = {
			isa = PBXGroup;
			children = (
				A8D4037D1AA8CC4400F0AAD2 /* RootViewController.swift */,
				A8D403761AA8CC4400F0AAD2 /* ContainerViewController.swift */,
				A8D403791AA8CC4400F0AAD2 /* ItemsViewController.swift */,
				A8D403811AA8CC4400F0AAD2 /* VideosViewController.swift */,
				A8BD70ED1AAB4EE500499A71 /* VideosViewController.xib */,
				A8D4037A1AA8CC4400F0AAD2 /* PlaylistsViewController.swift */,
				A8BD70EF1AAB4F1B00499A71 /* PlaylistsViewController.xib */,
				A8D403741AA8CC4400F0AAD2 /* ChannelsViewController.swift */,
				A8BD70EB1AAB4BAD00499A71 /* ChannelsViewController.xib */,
				A8D4037B1AA8CC4400F0AAD2 /* PlaylistViewController.swift */,
				A8BD70F11AAB4F3800499A71 /* PlaylistViewController.xib */,
				A8D403751AA8CC4400F0AAD2 /* ChannelViewController.swift */,
				A8BD70F71AAB5B8E00499A71 /* ChannelViewController.xib */,
				A8D4037E1AA8CC4400F0AAD2 /* SearchViewController.swift */,
				A8BD70F91AAB7A0F00499A71 /* SearchViewController.xib */,
				A8D403731AA8CC4400F0AAD2 /* BookmarksViewController.swift */,
				A899AE7D1AAC4F4B0011D5DE /* BookmarksViewController.xib */,
				A8D403781AA8CC4400F0AAD2 /* GuideCategoriesViewController.swift */,
				A899AE7B1AAC4C310011D5DE /* GuideCategoriesViewController.xib */,
				A8D4037C1AA8CC4400F0AAD2 /* PopularViewController.swift */,
				A8BD70F31AAB504600499A71 /* PopularViewController.xib */,
				A8D4037F1AA8CC4400F0AAD2 /* SettingsViewController.swift */,
				A8BD70FD1AAB828300499A71 /* SettingsViewController.xib */,
				A899AE881AAC67490011D5DE /* YouTubePlayerViewController.swift */,
				A88D7BBF1AC43D020085A8F8 /* YouTubePlayerViewController.xib */,
				A899AE891AAC67490011D5DE /* YouTubePlayerViewController_Phone.xib */,
				A8799DB51AC1B6D9005FC4A6 /* StoreViewController.swift */,
				A8799DB61AC1B6D9005FC4A6 /* StoreViewController.xib */,
				A88CF3581AC5F0AA005276DD /* HistoriesViewController.swift */,
				A88CF3591AC5F0AA005276DD /* HistoriesViewController.xib */,
				A8584C531AC6AE640066691E /* UserViewController.swift */,
				A8584C541AC6AE640066691E /* UserViewController.xib */,
				A889130D1AEA64AD00E4BBE4 /* CollectionsViewController.swift */,
				A889130E1AEA64AD00E4BBE4 /* CollectionsViewController.xib */,
				A88913831AEAC1A600E4BBE4 /* PopoverCollectionsViewController.swift */,
				A88913841AEAC1A600E4BBE4 /* PopoverCollectionsViewController.xib */,
				A8CD32E81AEB90C70003DABD /* CollectionViewController.swift */,
				A8CD32E91AEB90C70003DABD /* CollectionViewController.xib */,
				A884FAF41B04D5F400667D8D /* MusicViewController.swift */,
				A884FAF51B04D5F400667D8D /* MusicViewController.xib */,
			);
			path = "View Controllers";
			sourceTree = "<group>";
		};
		A8D403821AA8CC4400F0AAD2 /* Views */ = {
			isa = PBXGroup;
			children = (
				A8D403861AA8CC4400F0AAD2 /* ItemTableViewCell.swift */,
				A86CC3EE1AAB17AB008669F2 /* LoadMoreTableViewCell.xib */,
				A8D403851AA8CC4400F0AAD2 /* GuideCategoryTableViewCell.swift */,
				A86CC3E51AAAF799008669F2 /* GuideCategoryTableViewCell.xib */,
				A8D403831AA8CC4400F0AAD2 /* BookmarkTableViewCell.swift */,
				A899AE801AAC4FAC0011D5DE /* BookmarkTableViewCell.xib */,
				A8D403871AA8CC4400F0AAD2 /* LoadMoreTableViewCell.swift */,
				A8D403841AA8CC4400F0AAD2 /* ContainerView.swift */,
				A8D4038B1AA8CC4400F0AAD2 /* TabBar.swift */,
				A8D403881AA8CC4400F0AAD2 /* MiniPlayerView.swift */,
				A8D403891AA8CC4400F0AAD2 /* ScrubberView.swift */,
				A8C614451AB1E22E00C47B1B /* Alert.swift */,
				A8D4038A1AA8CC4400F0AAD2 /* Spinner.swift */,
				A8D4038C1AA8CC4400F0AAD2 /* Toast.swift */,
				A878FAD11ABB1437004AD3E4 /* ChannelView.swift */,
				A8C831D81ACAECE4003E8ED9 /* VariousViews.swift */,
				A8A153071ADD80AD005BA201 /* DarkModeTableViewCell.swift */,
				A8A153081ADD80AD005BA201 /* DarkModeTableViewCell.xib */,
				A889137E1AEABAEA00E4BBE4 /* CollectionTableViewCell.swift */,
				A889137F1AEABAEA00E4BBE4 /* CollectionTableViewCell.xib */,
				A8F74B261BD4060D00BCB384 /* VideoTableViewCell.xib */,
				A8BC47481BD68475000210D9 /* PlaylistTableViewCell.xib */,
				A89718901BD686BA005FE687 /* ChannelTableViewCell.xib */,
			);
			path = Views;
			sourceTree = "<group>";
		};
		A8D403B21AA8CC7300F0AAD2 /* Consts */ = {
			isa = PBXGroup;
			children = (
				A8D403B31AA8CC9800F0AAD2 /* Consts.swift */,
			);
			path = Consts;
			sourceTree = "<group>";
		};
		E3B2F19A660D0D52A10E95B2 /* Frameworks */ = {
			isa = PBXGroup;
			children = (
				A80431321BF8DEE100B1E813 /* GCDKit.framework */,
				A894A8421BE51BC0007256C3 /* Alamofire.framework */,
				A894A8431BE51BC0007256C3 /* AlamofireImage.framework */,
				A894A8441BE51BC0007256C3 /* CRToast.framework */,
				A894A8451BE51BC0007256C3 /* Result.framework */,
				A894A8461BE51BC0007256C3 /* SVProgressHUD.framework */,
				A894A8491BE51BC0007256C3 /* XCGLogger.framework */,
				A8F211811B0E45B0001D9A07 /* Fabric.framework */,
				A8F211821B0E45B0001D9A07 /* Crashlytics.framework */,
				A88F13251AD2DF7B006695D0 /* Social.framework */,
				A8E17F351ABE8BC000DAF54A /* StoreKit.framework */,
				A86CC3E81AAB0456008669F2 /* iAd.framework */,
				C86F1F1E09D2F038920B8889 /* Pods.framework */,
			);
			name = Frameworks;
			sourceTree = "<group>";
		};
/* End PBXGroup section */

/* Begin PBXHeadersBuildPhase section */
		A83324921BD2660700CD2DC1 /* Headers */ = {
			isa = PBXHeadersBuildPhase;
			buildActionMask = 2147483647;
			files = (
				A83324981BD2660700CD2DC1 /* YouTubeKit.h in Headers */,
			);
			runOnlyForDeploymentPostprocessing = 0;
		};
/* End PBXHeadersBuildPhase section */

/* Begin PBXNativeTarget section */
		A83324941BD2660700CD2DC1 /* YouTubeKit */ = {
			isa = PBXNativeTarget;
			buildConfigurationList = A83324AC1BD2660700CD2DC1 /* Build configuration list for PBXNativeTarget "YouTubeKit" */;
			buildPhases = (
				A83324901BD2660700CD2DC1 /* Sources */,
				A83324911BD2660700CD2DC1 /* Frameworks */,
				A83324921BD2660700CD2DC1 /* Headers */,
				A83324931BD2660700CD2DC1 /* Resources */,
				A82879841BD3DD96000F1DBA /* ShellScript */,
			);
			buildRules = (
			);
			dependencies = (
			);
			name = YouTubeKit;
			productName = YouTubeKit;
			productReference = A83324951BD2660700CD2DC1 /* YouTubeKit.framework */;
			productType = "com.apple.product-type.framework";
		};
		A833249D1BD2660700CD2DC1 /* YouTubeKitTests */ = {
			isa = PBXNativeTarget;
			buildConfigurationList = A83324AF1BD2660700CD2DC1 /* Build configuration list for PBXNativeTarget "YouTubeKitTests" */;
			buildPhases = (
				A833249A1BD2660700CD2DC1 /* Sources */,
				A833249B1BD2660700CD2DC1 /* Frameworks */,
				A833249C1BD2660700CD2DC1 /* Resources */,
			);
			buildRules = (
			);
			dependencies = (
				A83324A11BD2660700CD2DC1 /* PBXTargetDependency */,
				A83324A31BD2660700CD2DC1 /* PBXTargetDependency */,
			);
			name = YouTubeKitTests;
			productName = YouTubeKitTests;
			productReference = A833249E1BD2660700CD2DC1 /* YouTubeKitTests.xctest */;
			productType = "com.apple.product-type.bundle.unit-test";
		};
		A8D4027C1AA8B7C700F0AAD2 /* TUBIN */ = {
			isa = PBXNativeTarget;
			buildConfigurationList = A8D4029C1AA8B7C700F0AAD2 /* Build configuration list for PBXNativeTarget "TUBIN" */;
			buildPhases = (
				2B52D818EF4D7F9ED21380C9 /* Check Pods Manifest.lock */,
				A8D402791AA8B7C700F0AAD2 /* Sources */,
				A8D4027A1AA8B7C700F0AAD2 /* Frameworks */,
				A8D4027B1AA8B7C700F0AAD2 /* Resources */,
				A3299E77FD011E05FD252B1B /* Embed Pods Frameworks */,
				E388D778733501D4C64ABC35 /* Copy Pods Resources */,
				A8001E841AD1A21700DFCC2D /* ShellScript */,
				A82FC4401B31BEA20001E452 /* Embed Frameworks */,
				A83324851BD262A000CD2DC1 /* ShellScript */,
			);
			buildRules = (
			);
			dependencies = (
				A83324A91BD2660700CD2DC1 /* PBXTargetDependency */,
			);
			name = TUBIN;
			productName = TUBIN;
			productReference = A8D4027D1AA8B7C700F0AAD2 /* TUBIN.app */;
			productType = "com.apple.product-type.application";
		};
		A8D402911AA8B7C700F0AAD2 /* TUBINTests */ = {
			isa = PBXNativeTarget;
			buildConfigurationList = A8D4029F1AA8B7C700F0AAD2 /* Build configuration list for PBXNativeTarget "TUBINTests" */;
			buildPhases = (
				A8D4028E1AA8B7C700F0AAD2 /* Sources */,
				A8D4028F1AA8B7C700F0AAD2 /* Frameworks */,
				A8D402901AA8B7C700F0AAD2 /* Resources */,
			);
			buildRules = (
			);
			dependencies = (
				A8D402941AA8B7C700F0AAD2 /* PBXTargetDependency */,
			);
			name = TUBINTests;
			productName = TUBINTests;
			productReference = A8D402921AA8B7C700F0AAD2 /* TUBINTests.xctest */;
			productType = "com.apple.product-type.bundle.unit-test";
		};
/* End PBXNativeTarget section */

/* Begin PBXProject section */
		A8D402751AA8B7C700F0AAD2 /* Project object */ = {
			isa = PBXProject;
			attributes = {
				LastSwiftUpdateCheck = 0700;
				LastUpgradeCheck = 0700;
				ORGANIZATIONNAME = matsuosh;
				TargetAttributes = {
					A83324941BD2660700CD2DC1 = {
						CreatedOnToolsVersion = 7.0.1;
						DevelopmentTeam = 3WLQSD636A;
					};
					A833249D1BD2660700CD2DC1 = {
						CreatedOnToolsVersion = 7.0.1;
						TestTargetID = A8D4027C1AA8B7C700F0AAD2;
					};
					A8D4027C1AA8B7C700F0AAD2 = {
						CreatedOnToolsVersion = 6.1.1;
						DevelopmentTeam = 3WLQSD636A;
						SystemCapabilities = {
							com.apple.BackgroundModes = {
								enabled = 1;
							};
							com.apple.InAppPurchase = {
								enabled = 1;
							};
						};
					};
					A8D402911AA8B7C700F0AAD2 = {
						CreatedOnToolsVersion = 6.1.1;
						DevelopmentTeam = 3WLQSD636A;
						TestTargetID = A8D4027C1AA8B7C700F0AAD2;
					};
				};
			};
			buildConfigurationList = A8D402781AA8B7C700F0AAD2 /* Build configuration list for PBXProject "TUBIN" */;
			compatibilityVersion = "Xcode 3.2";
			developmentRegion = English;
			hasScannedForEncodings = 0;
			knownRegions = (
				en,
				Base,
			);
			mainGroup = A8D402741AA8B7C700F0AAD2;
			productRefGroup = A8D4027E1AA8B7C700F0AAD2 /* Products */;
			projectDirPath = "";
			projectRoot = "";
			targets = (
				A8D4027C1AA8B7C700F0AAD2 /* TUBIN */,
				A8D402911AA8B7C700F0AAD2 /* TUBINTests */,
				A83324941BD2660700CD2DC1 /* YouTubeKit */,
				A833249D1BD2660700CD2DC1 /* YouTubeKitTests */,
			);
		};
/* End PBXProject section */

/* Begin PBXResourcesBuildPhase section */
		A83324931BD2660700CD2DC1 /* Resources */ = {
			isa = PBXResourcesBuildPhase;
			buildActionMask = 2147483647;
			files = (
			);
			runOnlyForDeploymentPostprocessing = 0;
		};
		A833249C1BD2660700CD2DC1 /* Resources */ = {
			isa = PBXResourcesBuildPhase;
			buildActionMask = 2147483647;
			files = (
			);
			runOnlyForDeploymentPostprocessing = 0;
		};
		A8D4027B1AA8B7C700F0AAD2 /* Resources */ = {
			isa = PBXResourcesBuildPhase;
			buildActionMask = 2147483647;
			files = (
				A8BD70F01AAB4F1B00499A71 /* PlaylistsViewController.xib in Resources */,
				A8C831DC1ACB0AEE003E8ED9 /* InfoPlist.strings in Resources */,
				A899AE8B1AAC67490011D5DE /* YouTubePlayerViewController_Phone.xib in Resources */,
				A8D402881AA8B7C700F0AAD2 /* Main.storyboard in Resources */,
				A8BD70F81AAB5B8E00499A71 /* ChannelViewController.xib in Resources */,
				A8BD70F41AAB504600499A71 /* PopularViewController.xib in Resources */,
				A8BD70EC1AAB4BAD00499A71 /* ChannelsViewController.xib in Resources */,
				A8BD70F21AAB4F3800499A71 /* PlaylistViewController.xib in Resources */,
				A88913861AEAC1A600E4BBE4 /* PopoverCollectionsViewController.xib in Resources */,
				A88D7BC01AC43D020085A8F8 /* YouTubePlayerViewController.xib in Resources */,
				A8BC47491BD68475000210D9 /* PlaylistTableViewCell.xib in Resources */,
				A876C9411AC86554000D88D8 /* texgyreadventor-italic.otf in Resources */,
				A8BD70FE1AAB828300499A71 /* SettingsViewController.xib in Resources */,
				A89718911BD686BA005FE687 /* ChannelTableViewCell.xib in Resources */,
				A8A1530A1ADD80AD005BA201 /* DarkModeTableViewCell.xib in Resources */,
				A8C831E21ACB0AEF003E8ED9 /* Localizable.strings in Resources */,
				A86CC3E61AAAF799008669F2 /* GuideCategoryTableViewCell.xib in Resources */,
				A88913811AEABAEA00E4BBE4 /* CollectionTableViewCell.xib in Resources */,
				A8F74B271BD4060D00BCB384 /* VideoTableViewCell.xib in Resources */,
				A876C9401AC86554000D88D8 /* texgyreadventor-bolditalic.otf in Resources */,
				A8CD32EB1AEB90C70003DABD /* CollectionViewController.xib in Resources */,
				A88913101AEA64AD00E4BBE4 /* CollectionsViewController.xib in Resources */,
				A8799DB81AC1B6D9005FC4A6 /* StoreViewController.xib in Resources */,
				A8D4028D1AA8B7C700F0AAD2 /* LaunchScreen.xib in Resources */,
				A8BD70EE1AAB4EE500499A71 /* VideosViewController.xib in Resources */,
				A899AE811AAC4FAC0011D5DE /* BookmarkTableViewCell.xib in Resources */,
				A8D4028A1AA8B7C700F0AAD2 /* Images.xcassets in Resources */,
				A884FAF71B04D5F400667D8D /* MusicViewController.xib in Resources */,
				A88CF35B1AC5F0AA005276DD /* HistoriesViewController.xib in Resources */,
				A8584C561AC6AE640066691E /* UserViewController.xib in Resources */,
				A876C93F1AC86554000D88D8 /* texgyreadventor-bold.otf in Resources */,
				A8BD70FA1AAB7A0F00499A71 /* SearchViewController.xib in Resources */,
				A899AE7E1AAC4F4B0011D5DE /* BookmarksViewController.xib in Resources */,
				A86CC3EF1AAB17AB008669F2 /* LoadMoreTableViewCell.xib in Resources */,
				A876C9421AC86554000D88D8 /* texgyreadventor-regular.otf in Resources */,
				A899AE7C1AAC4C310011D5DE /* GuideCategoriesViewController.xib in Resources */,
			);
			runOnlyForDeploymentPostprocessing = 0;
		};
		A8D402901AA8B7C700F0AAD2 /* Resources */ = {
			isa = PBXResourcesBuildPhase;
			buildActionMask = 2147483647;
			files = (
				A8C831E71ACB0AF0003E8ED9 /* InfoPlist.strings in Resources */,
			);
			runOnlyForDeploymentPostprocessing = 0;
		};
/* End PBXResourcesBuildPhase section */

/* Begin PBXShellScriptBuildPhase section */
		2B52D818EF4D7F9ED21380C9 /* Check Pods Manifest.lock */ = {
			isa = PBXShellScriptBuildPhase;
			buildActionMask = 2147483647;
			files = (
			);
			inputPaths = (
			);
			name = "Check Pods Manifest.lock";
			outputPaths = (
			);
			runOnlyForDeploymentPostprocessing = 0;
			shellPath = /bin/sh;
			shellScript = "diff \"${PODS_ROOT}/../Podfile.lock\" \"${PODS_ROOT}/Manifest.lock\" > /dev/null\nif [[ $? != 0 ]] ; then\n    cat << EOM\nerror: The sandbox is not in sync with the Podfile.lock. Run 'pod install' or update your CocoaPods installation.\nEOM\n    exit 1\nfi\n";
			showEnvVarsInLog = 0;
		};
		A3299E77FD011E05FD252B1B /* Embed Pods Frameworks */ = {
			isa = PBXShellScriptBuildPhase;
			buildActionMask = 2147483647;
			files = (
			);
			inputPaths = (
			);
			name = "Embed Pods Frameworks";
			outputPaths = (
			);
			runOnlyForDeploymentPostprocessing = 0;
			shellPath = /bin/sh;
			shellScript = "\"${SRCROOT}/Pods/Target Support Files/Pods/Pods-frameworks.sh\"\n";
			showEnvVarsInLog = 0;
		};
		A8001E841AD1A21700DFCC2D /* ShellScript */ = {
			isa = PBXShellScriptBuildPhase;
			buildActionMask = 2147483647;
			files = (
			);
			inputPaths = (
			);
			outputPaths = (
			);
			runOnlyForDeploymentPostprocessing = 0;
			shellPath = /bin/sh;
			shellScript = "./Fabric.framework/run fa80467db09f8f0804482b62295c68e13f7f2cec a43fb21ef50dd9fcd5889a710d3618eb16d36ca6c33cdd7a7cb08607d1cdeacb";
		};
		A82879841BD3DD96000F1DBA /* ShellScript */ = {
			isa = PBXShellScriptBuildPhase;
			buildActionMask = 2147483647;
			files = (
			);
			inputPaths = (
			);
			outputPaths = (
			);
			runOnlyForDeploymentPostprocessing = 0;
			shellPath = "/usr/local/bin/carthage copy-frameworks";
			shellScript = "";
		};
		A83324851BD262A000CD2DC1 /* ShellScript */ = {
			isa = PBXShellScriptBuildPhase;
			buildActionMask = 2147483647;
			files = (
			);
			inputPaths = (
				"$(SRCROOT)/Carthage/Build/iOS/Alamofire.framework",
				"$(SRCROOT)/Carthage/Build/iOS/AlamofireImage.framework",
				"$(SRCROOT)/Carthage/Build/iOS/CRToast.framework",
				"$(SRCROOT)/Carthage/Build/iOS/Result.framework",
				"$(SRCROOT)/Carthage/Build/iOS/SVProgressHUD.framework",
				"$(SRCROOT)/Carthage/Build/iOS/XCGLogger.framework",
				"$(SRCROOT)/Carthage/Build/iOS/GCDKit.framework",
			);
			outputPaths = (
			);
			runOnlyForDeploymentPostprocessing = 0;
			shellPath = /bin/sh;
			shellScript = "/usr/local/bin/Carthage copy-frameworks";
		};
		E388D778733501D4C64ABC35 /* Copy Pods Resources */ = {
			isa = PBXShellScriptBuildPhase;
			buildActionMask = 2147483647;
			files = (
			);
			inputPaths = (
			);
			name = "Copy Pods Resources";
			outputPaths = (
			);
			runOnlyForDeploymentPostprocessing = 0;
			shellPath = /bin/sh;
			shellScript = "\"${SRCROOT}/Pods/Target Support Files/Pods/Pods-resources.sh\"\n";
			showEnvVarsInLog = 0;
		};
/* End PBXShellScriptBuildPhase section */

/* Begin PBXSourcesBuildPhase section */
		A83324901BD2660700CD2DC1 /* Sources */ = {
			isa = PBXSourcesBuildPhase;
			buildActionMask = 2147483647;
			files = (
				A83324B91BD2698700CD2DC1 /* YouTubeKit.swift in Sources */,
				A83324B71BD2698700CD2DC1 /* Client.swift in Sources */,
				A83324B81BD2698700CD2DC1 /* Item.swift in Sources */,
				A83324B61BD2698700CD2DC1 /* API.swift in Sources */,
			);
			runOnlyForDeploymentPostprocessing = 0;
		};
		A833249A1BD2660700CD2DC1 /* Sources */ = {
			isa = PBXSourcesBuildPhase;
			buildActionMask = 2147483647;
			files = (
				A83324A61BD2660700CD2DC1 /* YouTubeKitTests.swift in Sources */,
			);
			runOnlyForDeploymentPostprocessing = 0;
		};
		A8D402791AA8B7C700F0AAD2 /* Sources */ = {
			isa = PBXSourcesBuildPhase;
			buildActionMask = 2147483647;
			files = (
				A8D403B01AA8CC4400F0AAD2 /* Toast.swift in Sources */,
				A8D4039F1AA8CC4400F0AAD2 /* PlaylistsViewController.swift in Sources */,
				A8D403A01AA8CC4400F0AAD2 /* PlaylistViewController.swift in Sources */,
				A8799DB71AC1B6D9005FC4A6 /* StoreViewController.swift in Sources */,
				A8D403AD1AA8CC4400F0AAD2 /* ScrubberView.swift in Sources */,
				A8C614461AB1E22E00C47B1B /* Alert.swift in Sources */,
				A8D4038F1AA8CC4400F0AAD2 /* YouTubeKit+XCDYouTubeKit.swift in Sources */,
				A8C831D91ACAECE4003E8ED9 /* VariousViews.swift in Sources */,
				A85785EF1B31CAF20089AC4D /* YouTubeKit+Parse.swift in Sources */,
				A8CD32EA1AEB90C70003DABD /* CollectionViewController.swift in Sources */,
				A8D4039A1AA8CC4400F0AAD2 /* ChannelViewController.swift in Sources */,
				A8D403A81AA8CC4400F0AAD2 /* ContainerView.swift in Sources */,
				A8D403A41AA8CC4400F0AAD2 /* SettingsViewController.swift in Sources */,
				A8D403A11AA8CC4400F0AAD2 /* PopularViewController.swift in Sources */,
				A8E17F311ABD61E100DAF54A /* AF+Date+Extension.swift in Sources */,
				A8D403AB1AA8CC4400F0AAD2 /* LoadMoreTableViewCell.swift in Sources */,
				A8D403A71AA8CC4400F0AAD2 /* BookmarkTableViewCell.swift in Sources */,
				A899AE871AAC648D0011D5DE /* YouTubePlayer.swift in Sources */,
				A8D403981AA8CC4400F0AAD2 /* BookmarksViewController.swift in Sources */,
				A8584C551AC6AE640066691E /* UserViewController.swift in Sources */,
				A8D403B41AA8CC9800F0AAD2 /* Consts.swift in Sources */,
				A899AE8A1AAC67490011D5DE /* YouTubePlayerViewController.swift in Sources */,
				A8D1078F1B1077D900B5B08D /* YouTubeKit+MediaPlayer.swift in Sources */,
				A8D403AC1AA8CC4400F0AAD2 /* MiniPlayerView.swift in Sources */,
				A88913851AEAC1A600E4BBE4 /* PopoverCollectionsViewController.swift in Sources */,
				A884FAF91B04DD7B00667D8D /* SwiftColors.swift in Sources */,
				A8A153091ADD80AD005BA201 /* DarkModeTableViewCell.swift in Sources */,
				A8D403A21AA8CC4400F0AAD2 /* RootViewController.swift in Sources */,
				A889130F1AEA64AD00E4BBE4 /* CollectionsViewController.swift in Sources */,
				A8D403991AA8CC4400F0AAD2 /* ChannelsViewController.swift in Sources */,
				A8D4039B1AA8CC4400F0AAD2 /* ContainerViewController.swift in Sources */,
				A82FC4391B300C9D0001E452 /* YouTubeKit+Realm.swift in Sources */,
				A85785ED1B31C6080089AC4D /* Parser.swift in Sources */,
				A8D403A61AA8CC4400F0AAD2 /* VideosViewController.swift in Sources */,
				A8A3B8C71AE9471000945D94 /* Collection.swift in Sources */,
				A8D403AE1AA8CC4400F0AAD2 /* Spinner.swift in Sources */,
				A8D403AF1AA8CC4400F0AAD2 /* TabBar.swift in Sources */,
				A8D403A31AA8CC4400F0AAD2 /* SearchViewController.swift in Sources */,
				A8D403921AA8CC4400F0AAD2 /* Bookmark.swift in Sources */,
				A89CFDE71AC595F300FB72E7 /* Appearance.swift in Sources */,
				A8D4039E1AA8CC4400F0AAD2 /* ItemsViewController.swift in Sources */,
				A88CF3571AC5EB0C005276DD /* History.swift in Sources */,
				A88913801AEABAEA00E4BBE4 /* CollectionTableViewCell.swift in Sources */,
				A8D402831AA8B7C700F0AAD2 /* AppDelegate.swift in Sources */,
				A8D403A91AA8CC4400F0AAD2 /* GuideCategoryTableViewCell.swift in Sources */,
				A884FAF61B04D5F400667D8D /* MusicViewController.swift in Sources */,
				A8D403AA1AA8CC4400F0AAD2 /* ItemTableViewCell.swift in Sources */,
				A884FAF31B04D11700667D8D /* UIImage+Extension.swift in Sources */,
				A878FAD21ABB1437004AD3E4 /* ChannelView.swift in Sources */,
				A88CF35A1AC5F0AA005276DD /* HistoriesViewController.swift in Sources */,
				A8D4039D1AA8CC4400F0AAD2 /* GuideCategoriesViewController.swift in Sources */,
			);
			runOnlyForDeploymentPostprocessing = 0;
		};
		A8D4028E1AA8B7C700F0AAD2 /* Sources */ = {
			isa = PBXSourcesBuildPhase;
			buildActionMask = 2147483647;
			files = (
				A8D402991AA8B7C700F0AAD2 /* TUBINTests.swift in Sources */,
			);
			runOnlyForDeploymentPostprocessing = 0;
		};
/* End PBXSourcesBuildPhase section */

/* Begin PBXTargetDependency section */
		A83324A11BD2660700CD2DC1 /* PBXTargetDependency */ = {
			isa = PBXTargetDependency;
			target = A83324941BD2660700CD2DC1 /* YouTubeKit */;
			targetProxy = A83324A01BD2660700CD2DC1 /* PBXContainerItemProxy */;
		};
		A83324A31BD2660700CD2DC1 /* PBXTargetDependency */ = {
			isa = PBXTargetDependency;
			target = A8D4027C1AA8B7C700F0AAD2 /* TUBIN */;
			targetProxy = A83324A21BD2660700CD2DC1 /* PBXContainerItemProxy */;
		};
		A83324A91BD2660700CD2DC1 /* PBXTargetDependency */ = {
			isa = PBXTargetDependency;
			target = A83324941BD2660700CD2DC1 /* YouTubeKit */;
			targetProxy = A83324A81BD2660700CD2DC1 /* PBXContainerItemProxy */;
		};
		A8D402941AA8B7C700F0AAD2 /* PBXTargetDependency */ = {
			isa = PBXTargetDependency;
			target = A8D4027C1AA8B7C700F0AAD2 /* TUBIN */;
			targetProxy = A8D402931AA8B7C700F0AAD2 /* PBXContainerItemProxy */;
		};
/* End PBXTargetDependency section */

/* Begin PBXVariantGroup section */
		A8C831DE1ACB0AEE003E8ED9 /* InfoPlist.strings */ = {
			isa = PBXVariantGroup;
			children = (
				A8C831DD1ACB0AEE003E8ED9 /* ja */,
			);
			name = InfoPlist.strings;
			sourceTree = "<group>";
		};
		A8C831E41ACB0AEF003E8ED9 /* Localizable.strings */ = {
			isa = PBXVariantGroup;
			children = (
				A8C831E31ACB0AEF003E8ED9 /* ja */,
			);
			name = Localizable.strings;
			sourceTree = "<group>";
		};
		A8C831E91ACB0AF0003E8ED9 /* InfoPlist.strings */ = {
			isa = PBXVariantGroup;
			children = (
				A8C831E81ACB0AF0003E8ED9 /* ja */,
			);
			name = InfoPlist.strings;
			sourceTree = "<group>";
		};
		A8D402861AA8B7C700F0AAD2 /* Main.storyboard */ = {
			isa = PBXVariantGroup;
			children = (
				A8D402871AA8B7C700F0AAD2 /* Base */,
				A8C831DF1ACB0AEF003E8ED9 /* ja */,
			);
			name = Main.storyboard;
			sourceTree = "<group>";
		};
		A8D4028B1AA8B7C700F0AAD2 /* LaunchScreen.xib */ = {
			isa = PBXVariantGroup;
			children = (
				A8D4028C1AA8B7C700F0AAD2 /* Base */,
				A8C831EA1ACB0AF0003E8ED9 /* ja */,
			);
			name = LaunchScreen.xib;
			sourceTree = "<group>";
		};
/* End PBXVariantGroup section */

/* Begin XCBuildConfiguration section */
		A83324AD1BD2660700CD2DC1 /* Debug */ = {
			isa = XCBuildConfiguration;
			buildSettings = {
				CLANG_ENABLE_MODULES = YES;
				CODE_SIGN_IDENTITY = "iPhone Developer";
				"CODE_SIGN_IDENTITY[sdk=iphoneos*]" = "iPhone Developer";
				CURRENT_PROJECT_VERSION = 1;
				DEBUG_INFORMATION_FORMAT = dwarf;
				DEFINES_MODULE = YES;
				DYLIB_COMPATIBILITY_VERSION = 1;
				DYLIB_CURRENT_VERSION = 1;
				DYLIB_INSTALL_NAME_BASE = "@rpath";
				ENABLE_TESTABILITY = YES;
				FRAMEWORK_SEARCH_PATHS = (
					"$(inherited)",
					"$(PROJECT_DIR)/YouTubeKit/Carthage/Build/iOS",
				);
				GCC_NO_COMMON_BLOCKS = YES;
				INFOPLIST_FILE = YouTubeKit/Info.plist;
				INSTALL_PATH = "$(LOCAL_LIBRARY_DIR)/Frameworks";
				IPHONEOS_DEPLOYMENT_TARGET = 8.0;
				LD_RUNPATH_SEARCH_PATHS = "$(inherited) @executable_path/Frameworks @loader_path/Frameworks";
				PRODUCT_BUNDLE_IDENTIFIER = org.matsuosh.TUBIN.YouTubeKit;
				PRODUCT_NAME = "$(TARGET_NAME)";
				PROVISIONING_PROFILE = "";
				SKIP_INSTALL = YES;
				SWIFT_OPTIMIZATION_LEVEL = "-Onone";
				VERSIONING_SYSTEM = "apple-generic";
				VERSION_INFO_PREFIX = "";
			};
			name = Debug;
		};
		A83324AE1BD2660700CD2DC1 /* Release */ = {
			isa = XCBuildConfiguration;
			buildSettings = {
				CLANG_ENABLE_MODULES = YES;
				CODE_SIGN_IDENTITY = "iPhone Developer";
				"CODE_SIGN_IDENTITY[sdk=iphoneos*]" = "iPhone Developer";
				COPY_PHASE_STRIP = NO;
				CURRENT_PROJECT_VERSION = 1;
				DEBUG_INFORMATION_FORMAT = "dwarf-with-dsym";
				DEFINES_MODULE = YES;
				DYLIB_COMPATIBILITY_VERSION = 1;
				DYLIB_CURRENT_VERSION = 1;
				DYLIB_INSTALL_NAME_BASE = "@rpath";
				FRAMEWORK_SEARCH_PATHS = (
					"$(inherited)",
					"$(PROJECT_DIR)/YouTubeKit/Carthage/Build/iOS",
				);
				GCC_NO_COMMON_BLOCKS = YES;
				INFOPLIST_FILE = YouTubeKit/Info.plist;
				INSTALL_PATH = "$(LOCAL_LIBRARY_DIR)/Frameworks";
				IPHONEOS_DEPLOYMENT_TARGET = 8.0;
				LD_RUNPATH_SEARCH_PATHS = "$(inherited) @executable_path/Frameworks @loader_path/Frameworks";
				PRODUCT_BUNDLE_IDENTIFIER = org.matsuosh.TUBIN.YouTubeKit;
				PRODUCT_NAME = "$(TARGET_NAME)";
				PROVISIONING_PROFILE = "";
				SKIP_INSTALL = YES;
				VERSIONING_SYSTEM = "apple-generic";
				VERSION_INFO_PREFIX = "";
			};
			name = Release;
		};
		A83324B01BD2660700CD2DC1 /* Debug */ = {
			isa = XCBuildConfiguration;
			buildSettings = {
				DEBUG_INFORMATION_FORMAT = dwarf;
				ENABLE_TESTABILITY = YES;
				GCC_NO_COMMON_BLOCKS = YES;
				INFOPLIST_FILE = YouTubeKitTests/Info.plist;
				IPHONEOS_DEPLOYMENT_TARGET = 9.0;
				LD_RUNPATH_SEARCH_PATHS = "$(inherited) @executable_path/Frameworks @loader_path/Frameworks";
				PRODUCT_BUNDLE_IDENTIFIER = org.matsuosh.YouTubeKitTests;
				PRODUCT_NAME = "$(TARGET_NAME)";
				TEST_HOST = "$(BUILT_PRODUCTS_DIR)/TUBIN.app/TUBIN";
			};
			name = Debug;
		};
		A83324B11BD2660700CD2DC1 /* Release */ = {
			isa = XCBuildConfiguration;
			buildSettings = {
				COPY_PHASE_STRIP = NO;
				DEBUG_INFORMATION_FORMAT = "dwarf-with-dsym";
				GCC_NO_COMMON_BLOCKS = YES;
				INFOPLIST_FILE = YouTubeKitTests/Info.plist;
				IPHONEOS_DEPLOYMENT_TARGET = 9.0;
				LD_RUNPATH_SEARCH_PATHS = "$(inherited) @executable_path/Frameworks @loader_path/Frameworks";
				PRODUCT_BUNDLE_IDENTIFIER = org.matsuosh.YouTubeKitTests;
				PRODUCT_NAME = "$(TARGET_NAME)";
				TEST_HOST = "$(BUILT_PRODUCTS_DIR)/TUBIN.app/TUBIN";
			};
			name = Release;
		};
		A8D4029A1AA8B7C700F0AAD2 /* Debug */ = {
			isa = XCBuildConfiguration;
			buildSettings = {
				ALWAYS_SEARCH_USER_PATHS = NO;
				CLANG_CXX_LANGUAGE_STANDARD = "gnu++0x";
				CLANG_CXX_LIBRARY = "libc++";
				CLANG_ENABLE_MODULES = YES;
				CLANG_ENABLE_OBJC_ARC = YES;
				CLANG_WARN_BOOL_CONVERSION = YES;
				CLANG_WARN_CONSTANT_CONVERSION = YES;
				CLANG_WARN_DIRECT_OBJC_ISA_USAGE = YES_ERROR;
				CLANG_WARN_EMPTY_BODY = YES;
				CLANG_WARN_ENUM_CONVERSION = YES;
				CLANG_WARN_INT_CONVERSION = YES;
				CLANG_WARN_OBJC_ROOT_CLASS = YES_ERROR;
				CLANG_WARN_UNREACHABLE_CODE = YES;
				CLANG_WARN__DUPLICATE_METHOD_MATCH = YES;
				CODE_SIGN_IDENTITY = "iPhone Developer";
				COPY_PHASE_STRIP = NO;
				ENABLE_STRICT_OBJC_MSGSEND = YES;
				ENABLE_TESTABILITY = YES;
				GCC_C_LANGUAGE_STANDARD = gnu99;
				GCC_DYNAMIC_NO_PIC = NO;
				GCC_OPTIMIZATION_LEVEL = 0;
				GCC_PREPROCESSOR_DEFINITIONS = (
					"DEBUG=1",
					"$(inherited)",
				);
				GCC_SYMBOLS_PRIVATE_EXTERN = NO;
				GCC_WARN_64_TO_32_BIT_CONVERSION = YES;
				GCC_WARN_ABOUT_RETURN_TYPE = YES_ERROR;
				GCC_WARN_UNDECLARED_SELECTOR = YES;
				GCC_WARN_UNINITIALIZED_AUTOS = YES_AGGRESSIVE;
				GCC_WARN_UNUSED_FUNCTION = YES;
				GCC_WARN_UNUSED_VARIABLE = YES;
				IPHONEOS_DEPLOYMENT_TARGET = 8.0;
				MTL_ENABLE_DEBUG_INFO = YES;
				ONLY_ACTIVE_ARCH = YES;
				PROVISIONING_PROFILE = "5157cb76-53ed-41c8-a31b-30fda3f01e21";
				SDKROOT = iphoneos;
				SWIFT_OPTIMIZATION_LEVEL = "-Onone";
				TARGETED_DEVICE_FAMILY = "1,2";
			};
			name = Debug;
		};
		A8D4029B1AA8B7C700F0AAD2 /* Release */ = {
			isa = XCBuildConfiguration;
			buildSettings = {
				ALWAYS_SEARCH_USER_PATHS = NO;
				CLANG_CXX_LANGUAGE_STANDARD = "gnu++0x";
				CLANG_CXX_LIBRARY = "libc++";
				CLANG_ENABLE_MODULES = YES;
				CLANG_ENABLE_OBJC_ARC = YES;
				CLANG_WARN_BOOL_CONVERSION = YES;
				CLANG_WARN_CONSTANT_CONVERSION = YES;
				CLANG_WARN_DIRECT_OBJC_ISA_USAGE = YES_ERROR;
				CLANG_WARN_EMPTY_BODY = YES;
				CLANG_WARN_ENUM_CONVERSION = YES;
				CLANG_WARN_INT_CONVERSION = YES;
				CLANG_WARN_OBJC_ROOT_CLASS = YES_ERROR;
				CLANG_WARN_UNREACHABLE_CODE = YES;
				CLANG_WARN__DUPLICATE_METHOD_MATCH = YES;
				CODE_SIGN_IDENTITY = "iPhone Distribution";
				COPY_PHASE_STRIP = YES;
				ENABLE_NS_ASSERTIONS = NO;
				ENABLE_STRICT_OBJC_MSGSEND = YES;
				GCC_C_LANGUAGE_STANDARD = gnu99;
				GCC_WARN_64_TO_32_BIT_CONVERSION = YES;
				GCC_WARN_ABOUT_RETURN_TYPE = YES_ERROR;
				GCC_WARN_UNDECLARED_SELECTOR = YES;
				GCC_WARN_UNINITIALIZED_AUTOS = YES_AGGRESSIVE;
				GCC_WARN_UNUSED_FUNCTION = YES;
				GCC_WARN_UNUSED_VARIABLE = YES;
				IPHONEOS_DEPLOYMENT_TARGET = 8.0;
				MTL_ENABLE_DEBUG_INFO = NO;
				PROVISIONING_PROFILE = "5157cb76-53ed-41c8-a31b-30fda3f01e21";
				SDKROOT = iphoneos;
				TARGETED_DEVICE_FAMILY = "1,2";
				VALIDATE_PRODUCT = YES;
			};
			name = Release;
		};
		A8D4029D1AA8B7C700F0AAD2 /* Debug */ = {
			isa = XCBuildConfiguration;
			baseConfigurationReference = EC4E299ADCEB0834ABF32773 /* Pods.debug.xcconfig */;
			buildSettings = {
				ASSETCATALOG_COMPILER_APPICON_NAME = AppIcon;
				CLANG_ALLOW_NON_MODULAR_INCLUDES_IN_FRAMEWORK_MODULES = YES;
				CLANG_ENABLE_MODULES = YES;
				CODE_SIGN_IDENTITY = "iPhone Developer";
				EMBEDDED_CONTENT_CONTAINS_SWIFT = "$(inherited)";
				ENABLE_BITCODE = NO;
				FRAMEWORK_SEARCH_PATHS = (
					"$(inherited)",
					"$(PROJECT_DIR)",
					"$(USER_LIBRARY_DIR)/Developer/Xcode/DerivedData/YouTubeKit-eyjpezvmaiswtpaujpwpkekltvte/Build/Products/Debug-iphonesimulator",
					"$(PROJECT_DIR)/Carthage/Build/iOS",
				);
				INFOPLIST_FILE = TUBIN/Info.plist;
				IPHONEOS_DEPLOYMENT_TARGET = 8.0;
				LD_RUNPATH_SEARCH_PATHS = "$(inherited) @executable_path/Frameworks";
				PRODUCT_BUNDLE_IDENTIFIER = "org.matsuosh.$(PRODUCT_NAME:rfc1034identifier)";
				PRODUCT_NAME = "$(TARGET_NAME)";
				PROVISIONING_PROFILE = "";
				SWIFT_OBJC_BRIDGING_HEADER = "TUBIN-Bridging-Header.h";
				SWIFT_OPTIMIZATION_LEVEL = "-Onone";
				TARGETED_DEVICE_FAMILY = 1;
			};
			name = Debug;
		};
		A8D4029E1AA8B7C700F0AAD2 /* Release */ = {
			isa = XCBuildConfiguration;
			baseConfigurationReference = 5959A20FD6CAE948A5A1FD8D /* Pods.release.xcconfig */;
			buildSettings = {
				ASSETCATALOG_COMPILER_APPICON_NAME = AppIcon;
				CLANG_ALLOW_NON_MODULAR_INCLUDES_IN_FRAMEWORK_MODULES = YES;
				CLANG_ENABLE_MODULES = YES;
				CODE_SIGN_IDENTITY = "iPhone Developer";
				EMBEDDED_CONTENT_CONTAINS_SWIFT = "$(inherited)";
				ENABLE_BITCODE = NO;
				FRAMEWORK_SEARCH_PATHS = (
					"$(inherited)",
					"$(PROJECT_DIR)",
					"$(USER_LIBRARY_DIR)/Developer/Xcode/DerivedData/YouTubeKit-eyjpezvmaiswtpaujpwpkekltvte/Build/Products/Debug-iphonesimulator",
					"$(PROJECT_DIR)/Carthage/Build/iOS",
				);
				INFOPLIST_FILE = TUBIN/Info.plist;
				IPHONEOS_DEPLOYMENT_TARGET = 8.0;
				LD_RUNPATH_SEARCH_PATHS = "$(inherited) @executable_path/Frameworks";
				PRODUCT_BUNDLE_IDENTIFIER = "org.matsuosh.$(PRODUCT_NAME:rfc1034identifier)";
				PRODUCT_NAME = "$(TARGET_NAME)";
				PROVISIONING_PROFILE = "";
				SWIFT_OBJC_BRIDGING_HEADER = "TUBIN-Bridging-Header.h";
				TARGETED_DEVICE_FAMILY = 1;
			};
			name = Release;
		};
		A8D402A01AA8B7C700F0AAD2 /* Debug */ = {
			isa = XCBuildConfiguration;
			buildSettings = {
				BUNDLE_LOADER = "$(TEST_HOST)";
				CODE_SIGN_IDENTITY = "iPhone Developer";
				"CODE_SIGN_IDENTITY[sdk=iphoneos*]" = "iPhone Developer";
				FRAMEWORK_SEARCH_PATHS = (
					"$(SDKROOT)/Developer/Library/Frameworks",
					"$(inherited)",
				);
				GCC_PREPROCESSOR_DEFINITIONS = (
					"DEBUG=1",
					"$(inherited)",
				);
				INFOPLIST_FILE = TUBINTests/Info.plist;
				LD_RUNPATH_SEARCH_PATHS = "$(inherited) @executable_path/Frameworks @loader_path/Frameworks";
				PRODUCT_BUNDLE_IDENTIFIER = "org.matsuosh.$(PRODUCT_NAME:rfc1034identifier)";
				PRODUCT_NAME = "$(TARGET_NAME)";
				PROVISIONING_PROFILE = "";
				TEST_HOST = "$(BUILT_PRODUCTS_DIR)/TUBIN.app/TUBIN";
			};
			name = Debug;
		};
		A8D402A11AA8B7C700F0AAD2 /* Release */ = {
			isa = XCBuildConfiguration;
			buildSettings = {
				BUNDLE_LOADER = "$(TEST_HOST)";
				CODE_SIGN_IDENTITY = "iPhone Developer";
				"CODE_SIGN_IDENTITY[sdk=iphoneos*]" = "iPhone Developer";
				FRAMEWORK_SEARCH_PATHS = (
					"$(SDKROOT)/Developer/Library/Frameworks",
					"$(inherited)",
				);
				INFOPLIST_FILE = TUBINTests/Info.plist;
				LD_RUNPATH_SEARCH_PATHS = "$(inherited) @executable_path/Frameworks @loader_path/Frameworks";
				PRODUCT_BUNDLE_IDENTIFIER = "org.matsuosh.$(PRODUCT_NAME:rfc1034identifier)";
				PRODUCT_NAME = "$(TARGET_NAME)";
				PROVISIONING_PROFILE = "";
				TEST_HOST = "$(BUILT_PRODUCTS_DIR)/TUBIN.app/TUBIN";
			};
			name = Release;
		};
/* End XCBuildConfiguration section */

/* Begin XCConfigurationList section */
		A83324AC1BD2660700CD2DC1 /* Build configuration list for PBXNativeTarget "YouTubeKit" */ = {
			isa = XCConfigurationList;
			buildConfigurations = (
				A83324AD1BD2660700CD2DC1 /* Debug */,
				A83324AE1BD2660700CD2DC1 /* Release */,
			);
			defaultConfigurationIsVisible = 0;
			defaultConfigurationName = Release;
		};
		A83324AF1BD2660700CD2DC1 /* Build configuration list for PBXNativeTarget "YouTubeKitTests" */ = {
			isa = XCConfigurationList;
			buildConfigurations = (
				A83324B01BD2660700CD2DC1 /* Debug */,
				A83324B11BD2660700CD2DC1 /* Release */,
			);
			defaultConfigurationIsVisible = 0;
			defaultConfigurationName = Release;
		};
		A8D402781AA8B7C700F0AAD2 /* Build configuration list for PBXProject "TUBIN" */ = {
			isa = XCConfigurationList;
			buildConfigurations = (
				A8D4029A1AA8B7C700F0AAD2 /* Debug */,
				A8D4029B1AA8B7C700F0AAD2 /* Release */,
			);
			defaultConfigurationIsVisible = 0;
			defaultConfigurationName = Release;
		};
		A8D4029C1AA8B7C700F0AAD2 /* Build configuration list for PBXNativeTarget "TUBIN" */ = {
			isa = XCConfigurationList;
			buildConfigurations = (
				A8D4029D1AA8B7C700F0AAD2 /* Debug */,
				A8D4029E1AA8B7C700F0AAD2 /* Release */,
			);
			defaultConfigurationIsVisible = 0;
			defaultConfigurationName = Release;
		};
		A8D4029F1AA8B7C700F0AAD2 /* Build configuration list for PBXNativeTarget "TUBINTests" */ = {
			isa = XCConfigurationList;
			buildConfigurations = (
				A8D402A01AA8B7C700F0AAD2 /* Debug */,
				A8D402A11AA8B7C700F0AAD2 /* Release */,
			);
			defaultConfigurationIsVisible = 0;
			defaultConfigurationName = Release;
		};
/* End XCConfigurationList section */
	};
	rootObject = A8D402751AA8B7C700F0AAD2 /* Project object */;
}
