// !$*UTF8*$!
{
	archiveVersion = 1;
	classes = {
	};
	objectVersion = 46;
	objects = {

/* Begin PBXBuildFile section */
		64E880D67FB76184E153219D /* Pods.framework in Frameworks */ = {isa = PBXBuildFile; fileRef = C86F1F1E09D2F038920B8889 /* Pods.framework */; settings = {ATTRIBUTES = (Weak, ); }; };
		A8001E881AD1A2A700DFCC2D /* Crashlytics.framework in Frameworks */ = {isa = PBXBuildFile; fileRef = A8001E861AD1A2A700DFCC2D /* Crashlytics.framework */; };
		A8001E891AD1A2A700DFCC2D /* Fabric.framework in Frameworks */ = {isa = PBXBuildFile; fileRef = A8001E871AD1A2A700DFCC2D /* Fabric.framework */; };
		A8584C551AC6AE640066691E /* UserViewController.swift in Sources */ = {isa = PBXBuildFile; fileRef = A8584C531AC6AE640066691E /* UserViewController.swift */; };
		A8584C561AC6AE640066691E /* UserViewController.xib in Resources */ = {isa = PBXBuildFile; fileRef = A8584C541AC6AE640066691E /* UserViewController.xib */; };
		A86A9ABD1AC2F86600068FBB /* SwiftColors.swift in Sources */ = {isa = PBXBuildFile; fileRef = A86A9ABC1AC2F86600068FBB /* SwiftColors.swift */; };
		A86CC3E61AAAF799008669F2 /* GuideCategoryTableViewCell.xib in Resources */ = {isa = PBXBuildFile; fileRef = A86CC3E51AAAF799008669F2 /* GuideCategoryTableViewCell.xib */; };
		A86CC3E91AAB0456008669F2 /* iAd.framework in Frameworks */ = {isa = PBXBuildFile; fileRef = A86CC3E81AAB0456008669F2 /* iAd.framework */; };
		A86CC3EF1AAB17AB008669F2 /* LoadMoreTableViewCell.xib in Resources */ = {isa = PBXBuildFile; fileRef = A86CC3EE1AAB17AB008669F2 /* LoadMoreTableViewCell.xib */; };
		A876C93F1AC86554000D88D8 /* texgyreadventor-bold.otf in Resources */ = {isa = PBXBuildFile; fileRef = A876C93B1AC86554000D88D8 /* texgyreadventor-bold.otf */; };
		A876C9401AC86554000D88D8 /* texgyreadventor-bolditalic.otf in Resources */ = {isa = PBXBuildFile; fileRef = A876C93C1AC86554000D88D8 /* texgyreadventor-bolditalic.otf */; };
		A876C9411AC86554000D88D8 /* texgyreadventor-italic.otf in Resources */ = {isa = PBXBuildFile; fileRef = A876C93D1AC86554000D88D8 /* texgyreadventor-italic.otf */; };
		A876C9421AC86554000D88D8 /* texgyreadventor-regular.otf in Resources */ = {isa = PBXBuildFile; fileRef = A876C93E1AC86554000D88D8 /* texgyreadventor-regular.otf */; };
		A878FAD21ABB1437004AD3E4 /* ChannelView.swift in Sources */ = {isa = PBXBuildFile; fileRef = A878FAD11ABB1437004AD3E4 /* ChannelView.swift */; };
		A8799DB71AC1B6D9005FC4A6 /* StoreViewController.swift in Sources */ = {isa = PBXBuildFile; fileRef = A8799DB51AC1B6D9005FC4A6 /* StoreViewController.swift */; };
		A8799DB81AC1B6D9005FC4A6 /* StoreViewController.xib in Resources */ = {isa = PBXBuildFile; fileRef = A8799DB61AC1B6D9005FC4A6 /* StoreViewController.xib */; };
		A88CF3571AC5EB0C005276DD /* History.swift in Sources */ = {isa = PBXBuildFile; fileRef = A88CF3561AC5EB0C005276DD /* History.swift */; };
		A88CF35A1AC5F0AA005276DD /* HistoriesViewController.swift in Sources */ = {isa = PBXBuildFile; fileRef = A88CF3581AC5F0AA005276DD /* HistoriesViewController.swift */; };
		A88CF35B1AC5F0AA005276DD /* HistoriesViewController.xib in Resources */ = {isa = PBXBuildFile; fileRef = A88CF3591AC5F0AA005276DD /* HistoriesViewController.xib */; };
		A88D7BC01AC43D020085A8F8 /* YouTubePlayerViewController.xib in Resources */ = {isa = PBXBuildFile; fileRef = A88D7BBF1AC43D020085A8F8 /* YouTubePlayerViewController.xib */; };
		A88F13261AD2DF7B006695D0 /* Social.framework in Frameworks */ = {isa = PBXBuildFile; fileRef = A88F13251AD2DF7B006695D0 /* Social.framework */; };
		A899AE7C1AAC4C310011D5DE /* GuideCategoriesViewController.xib in Resources */ = {isa = PBXBuildFile; fileRef = A899AE7B1AAC4C310011D5DE /* GuideCategoriesViewController.xib */; };
		A899AE7E1AAC4F4B0011D5DE /* BookmarksViewController.xib in Resources */ = {isa = PBXBuildFile; fileRef = A899AE7D1AAC4F4B0011D5DE /* BookmarksViewController.xib */; };
		A899AE811AAC4FAC0011D5DE /* BookmarkTableViewCell.xib in Resources */ = {isa = PBXBuildFile; fileRef = A899AE801AAC4FAC0011D5DE /* BookmarkTableViewCell.xib */; };
		A899AE871AAC648D0011D5DE /* YouTubePlayer.swift in Sources */ = {isa = PBXBuildFile; fileRef = A899AE861AAC648D0011D5DE /* YouTubePlayer.swift */; };
		A899AE8A1AAC67490011D5DE /* YouTubePlayerViewController.swift in Sources */ = {isa = PBXBuildFile; fileRef = A899AE881AAC67490011D5DE /* YouTubePlayerViewController.swift */; };
		A899AE8B1AAC67490011D5DE /* YouTubePlayerViewController_Phone.xib in Resources */ = {isa = PBXBuildFile; fileRef = A899AE891AAC67490011D5DE /* YouTubePlayerViewController_Phone.xib */; };
		A89CFDE71AC595F300FB72E7 /* Appearance.swift in Sources */ = {isa = PBXBuildFile; fileRef = A89CFDE61AC595F300FB72E7 /* Appearance.swift */; };
		A89CFDED1AC5994300FB72E7 /* UIColor+Rainbow.swift in Sources */ = {isa = PBXBuildFile; fileRef = A89CFDEA1AC5994300FB72E7 /* UIColor+Rainbow.swift */; };
		A89F970D1AD8EC2A003CBE3A /* Reachability.swift in Sources */ = {isa = PBXBuildFile; fileRef = A89F970C1AD8EC2A003CBE3A /* Reachability.swift */; };
		A8A153091ADD80AD005BA201 /* DarkModeTableViewCell.swift in Sources */ = {isa = PBXBuildFile; fileRef = A8A153071ADD80AD005BA201 /* DarkModeTableViewCell.swift */; };
		A8A1530A1ADD80AD005BA201 /* DarkModeTableViewCell.xib in Resources */ = {isa = PBXBuildFile; fileRef = A8A153081ADD80AD005BA201 /* DarkModeTableViewCell.xib */; };
		A8AB920D1AAC36B800974511 /* FavoritesViewController.xib in Resources */ = {isa = PBXBuildFile; fileRef = A8AB920C1AAC36B800974511 /* FavoritesViewController.xib */; };
		A8BD70EC1AAB4BAD00499A71 /* ChannelsViewController.xib in Resources */ = {isa = PBXBuildFile; fileRef = A8BD70EB1AAB4BAD00499A71 /* ChannelsViewController.xib */; };
		A8BD70EE1AAB4EE500499A71 /* VideosViewController.xib in Resources */ = {isa = PBXBuildFile; fileRef = A8BD70ED1AAB4EE500499A71 /* VideosViewController.xib */; };
		A8BD70F01AAB4F1B00499A71 /* PlaylistsViewController.xib in Resources */ = {isa = PBXBuildFile; fileRef = A8BD70EF1AAB4F1B00499A71 /* PlaylistsViewController.xib */; };
		A8BD70F21AAB4F3800499A71 /* PlaylistViewController.xib in Resources */ = {isa = PBXBuildFile; fileRef = A8BD70F11AAB4F3800499A71 /* PlaylistViewController.xib */; };
		A8BD70F41AAB504600499A71 /* PopularViewController.xib in Resources */ = {isa = PBXBuildFile; fileRef = A8BD70F31AAB504600499A71 /* PopularViewController.xib */; };
		A8BD70F81AAB5B8E00499A71 /* ChannelViewController.xib in Resources */ = {isa = PBXBuildFile; fileRef = A8BD70F71AAB5B8E00499A71 /* ChannelViewController.xib */; };
		A8BD70FA1AAB7A0F00499A71 /* SearchViewController.xib in Resources */ = {isa = PBXBuildFile; fileRef = A8BD70F91AAB7A0F00499A71 /* SearchViewController.xib */; };
		A8BD70FE1AAB828300499A71 /* SettingsViewController.xib in Resources */ = {isa = PBXBuildFile; fileRef = A8BD70FD1AAB828300499A71 /* SettingsViewController.xib */; };
		A8BE7EB61AD840480018495F /* YouTubeKit.framework in Embed Frameworks */ = {isa = PBXBuildFile; fileRef = A8D402AE1AA8BCCB00F0AAD2 /* YouTubeKit.framework */; settings = {ATTRIBUTES = (CodeSignOnCopy, RemoveHeadersOnCopy, ); }; };
		A8C4327A1AAAE34900425E1B /* VideoTableViewCell.xib in Resources */ = {isa = PBXBuildFile; fileRef = A8C432791AAAE34900425E1B /* VideoTableViewCell.xib */; };
		A8C4327C1AAAE95300425E1B /* PlaylistTableViewCell.xib in Resources */ = {isa = PBXBuildFile; fileRef = A8C4327B1AAAE95300425E1B /* PlaylistTableViewCell.xib */; };
		A8C4327E1AAAEB6700425E1B /* ChannelTableViewCell.xib in Resources */ = {isa = PBXBuildFile; fileRef = A8C4327D1AAAEB6700425E1B /* ChannelTableViewCell.xib */; };
		A8C614461AB1E22E00C47B1B /* Alert.swift in Sources */ = {isa = PBXBuildFile; fileRef = A8C614451AB1E22E00C47B1B /* Alert.swift */; };
		A8C831D91ACAECE4003E8ED9 /* VariousViews.swift in Sources */ = {isa = PBXBuildFile; fileRef = A8C831D81ACAECE4003E8ED9 /* VariousViews.swift */; };
		A8C831DC1ACB0AEE003E8ED9 /* InfoPlist.strings in Resources */ = {isa = PBXBuildFile; fileRef = A8C831DE1ACB0AEE003E8ED9 /* InfoPlist.strings */; };
		A8C831E21ACB0AEF003E8ED9 /* Localizable.strings in Resources */ = {isa = PBXBuildFile; fileRef = A8C831E41ACB0AEF003E8ED9 /* Localizable.strings */; };
		A8C831E71ACB0AF0003E8ED9 /* InfoPlist.strings in Resources */ = {isa = PBXBuildFile; fileRef = A8C831E91ACB0AF0003E8ED9 /* InfoPlist.strings */; };
		A8D402831AA8B7C700F0AAD2 /* AppDelegate.swift in Sources */ = {isa = PBXBuildFile; fileRef = A8D402821AA8B7C700F0AAD2 /* AppDelegate.swift */; };
		A8D402881AA8B7C700F0AAD2 /* Main.storyboard in Resources */ = {isa = PBXBuildFile; fileRef = A8D402861AA8B7C700F0AAD2 /* Main.storyboard */; };
		A8D4028A1AA8B7C700F0AAD2 /* Images.xcassets in Resources */ = {isa = PBXBuildFile; fileRef = A8D402891AA8B7C700F0AAD2 /* Images.xcassets */; };
		A8D4028D1AA8B7C700F0AAD2 /* LaunchScreen.xib in Resources */ = {isa = PBXBuildFile; fileRef = A8D4028B1AA8B7C700F0AAD2 /* LaunchScreen.xib */; };
		A8D402991AA8B7C700F0AAD2 /* TUBINTests.swift in Sources */ = {isa = PBXBuildFile; fileRef = A8D402981AA8B7C700F0AAD2 /* TUBINTests.swift */; };
		A8D402B11AA8BCD500F0AAD2 /* YouTubeKit.framework in Frameworks */ = {isa = PBXBuildFile; fileRef = A8D402AE1AA8BCCB00F0AAD2 /* YouTubeKit.framework */; };
		A8D4038E1AA8CC4400F0AAD2 /* YouTubeKit+Parse.swift in Sources */ = {isa = PBXBuildFile; fileRef = A8D403651AA8CC4400F0AAD2 /* YouTubeKit+Parse.swift */; };
		A8D4038F1AA8CC4400F0AAD2 /* YouTubeKit+XCDYouTubeKit.swift in Sources */ = {isa = PBXBuildFile; fileRef = A8D403661AA8CC4400F0AAD2 /* YouTubeKit+XCDYouTubeKit.swift */; };
		A8D403921AA8CC4400F0AAD2 /* Bookmark.swift in Sources */ = {isa = PBXBuildFile; fileRef = A8D4036B1AA8CC4400F0AAD2 /* Bookmark.swift */; };
		A8D403931AA8CC4400F0AAD2 /* Favorite.swift in Sources */ = {isa = PBXBuildFile; fileRef = A8D4036C1AA8CC4400F0AAD2 /* Favorite.swift */; };
		A8D403941AA8CC4400F0AAD2 /* Parser.swift in Sources */ = {isa = PBXBuildFile; fileRef = A8D4036D1AA8CC4400F0AAD2 /* Parser.swift */; };
		A8D403981AA8CC4400F0AAD2 /* BookmarksViewController.swift in Sources */ = {isa = PBXBuildFile; fileRef = A8D403731AA8CC4400F0AAD2 /* BookmarksViewController.swift */; };
		A8D403991AA8CC4400F0AAD2 /* ChannelsViewController.swift in Sources */ = {isa = PBXBuildFile; fileRef = A8D403741AA8CC4400F0AAD2 /* ChannelsViewController.swift */; };
		A8D4039A1AA8CC4400F0AAD2 /* ChannelViewController.swift in Sources */ = {isa = PBXBuildFile; fileRef = A8D403751AA8CC4400F0AAD2 /* ChannelViewController.swift */; };
		A8D4039B1AA8CC4400F0AAD2 /* ContainerViewController.swift in Sources */ = {isa = PBXBuildFile; fileRef = A8D403761AA8CC4400F0AAD2 /* ContainerViewController.swift */; };
		A8D4039C1AA8CC4400F0AAD2 /* FavoritesViewController.swift in Sources */ = {isa = PBXBuildFile; fileRef = A8D403771AA8CC4400F0AAD2 /* FavoritesViewController.swift */; };
		A8D4039D1AA8CC4400F0AAD2 /* GuideCategoriesViewController.swift in Sources */ = {isa = PBXBuildFile; fileRef = A8D403781AA8CC4400F0AAD2 /* GuideCategoriesViewController.swift */; };
		A8D4039E1AA8CC4400F0AAD2 /* ItemsViewController.swift in Sources */ = {isa = PBXBuildFile; fileRef = A8D403791AA8CC4400F0AAD2 /* ItemsViewController.swift */; };
		A8D4039F1AA8CC4400F0AAD2 /* PlaylistsViewController.swift in Sources */ = {isa = PBXBuildFile; fileRef = A8D4037A1AA8CC4400F0AAD2 /* PlaylistsViewController.swift */; };
		A8D403A01AA8CC4400F0AAD2 /* PlaylistViewController.swift in Sources */ = {isa = PBXBuildFile; fileRef = A8D4037B1AA8CC4400F0AAD2 /* PlaylistViewController.swift */; };
		A8D403A11AA8CC4400F0AAD2 /* PopularViewController.swift in Sources */ = {isa = PBXBuildFile; fileRef = A8D4037C1AA8CC4400F0AAD2 /* PopularViewController.swift */; };
		A8D403A21AA8CC4400F0AAD2 /* RootViewController.swift in Sources */ = {isa = PBXBuildFile; fileRef = A8D4037D1AA8CC4400F0AAD2 /* RootViewController.swift */; };
		A8D403A31AA8CC4400F0AAD2 /* SearchViewController.swift in Sources */ = {isa = PBXBuildFile; fileRef = A8D4037E1AA8CC4400F0AAD2 /* SearchViewController.swift */; };
		A8D403A41AA8CC4400F0AAD2 /* SettingsViewController.swift in Sources */ = {isa = PBXBuildFile; fileRef = A8D4037F1AA8CC4400F0AAD2 /* SettingsViewController.swift */; };
		A8D403A61AA8CC4400F0AAD2 /* VideosViewController.swift in Sources */ = {isa = PBXBuildFile; fileRef = A8D403811AA8CC4400F0AAD2 /* VideosViewController.swift */; };
		A8D403A71AA8CC4400F0AAD2 /* BookmarkTableViewCell.swift in Sources */ = {isa = PBXBuildFile; fileRef = A8D403831AA8CC4400F0AAD2 /* BookmarkTableViewCell.swift */; };
		A8D403A81AA8CC4400F0AAD2 /* ContainerView.swift in Sources */ = {isa = PBXBuildFile; fileRef = A8D403841AA8CC4400F0AAD2 /* ContainerView.swift */; };
		A8D403A91AA8CC4400F0AAD2 /* GuideCategoryTableViewCell.swift in Sources */ = {isa = PBXBuildFile; fileRef = A8D403851AA8CC4400F0AAD2 /* GuideCategoryTableViewCell.swift */; };
		A8D403AA1AA8CC4400F0AAD2 /* ItemTableViewCell.swift in Sources */ = {isa = PBXBuildFile; fileRef = A8D403861AA8CC4400F0AAD2 /* ItemTableViewCell.swift */; };
		A8D403AB1AA8CC4400F0AAD2 /* LoadMoreTableViewCell.swift in Sources */ = {isa = PBXBuildFile; fileRef = A8D403871AA8CC4400F0AAD2 /* LoadMoreTableViewCell.swift */; };
		A8D403AC1AA8CC4400F0AAD2 /* MiniPlayerView.swift in Sources */ = {isa = PBXBuildFile; fileRef = A8D403881AA8CC4400F0AAD2 /* MiniPlayerView.swift */; };
		A8D403AD1AA8CC4400F0AAD2 /* ScrubberView.swift in Sources */ = {isa = PBXBuildFile; fileRef = A8D403891AA8CC4400F0AAD2 /* ScrubberView.swift */; };
		A8D403AE1AA8CC4400F0AAD2 /* Spinner.swift in Sources */ = {isa = PBXBuildFile; fileRef = A8D4038A1AA8CC4400F0AAD2 /* Spinner.swift */; };
		A8D403AF1AA8CC4400F0AAD2 /* TabBar.swift in Sources */ = {isa = PBXBuildFile; fileRef = A8D4038B1AA8CC4400F0AAD2 /* TabBar.swift */; };
		A8D403B01AA8CC4400F0AAD2 /* Toast.swift in Sources */ = {isa = PBXBuildFile; fileRef = A8D4038C1AA8CC4400F0AAD2 /* Toast.swift */; };
		A8D403B41AA8CC9800F0AAD2 /* Notifications.swift in Sources */ = {isa = PBXBuildFile; fileRef = A8D403B31AA8CC9800F0AAD2 /* Notifications.swift */; };
		A8E17F311ABD61E100DAF54A /* AF+Date+Extension.swift in Sources */ = {isa = PBXBuildFile; fileRef = A8E17F301ABD61E100DAF54A /* AF+Date+Extension.swift */; };
		A8E17F341ABD65C100DAF54A /* YouTubePlayerViewController_Pad.xib in Resources */ = {isa = PBXBuildFile; fileRef = A8E17F331ABD65C100DAF54A /* YouTubePlayerViewController_Pad.xib */; };
		A8E17F361ABE8BC000DAF54A /* StoreKit.framework in Frameworks */ = {isa = PBXBuildFile; fileRef = A8E17F351ABE8BC000DAF54A /* StoreKit.framework */; };
/* End PBXBuildFile section */

/* Begin PBXContainerItemProxy section */
		A8D402931AA8B7C700F0AAD2 /* PBXContainerItemProxy */ = {
			isa = PBXContainerItemProxy;
			containerPortal = A8D402751AA8B7C700F0AAD2 /* Project object */;
			proxyType = 1;
			remoteGlobalIDString = A8D4027C1AA8B7C700F0AAD2;
			remoteInfo = TUBIN;
		};
		A8D402AD1AA8BCCB00F0AAD2 /* PBXContainerItemProxy */ = {
			isa = PBXContainerItemProxy;
			containerPortal = A8D402A81AA8BCCB00F0AAD2 /* YouTubeKit.xcodeproj */;
			proxyType = 2;
			remoteGlobalIDString = A8D401A21AA8B08700F0AAD2;
			remoteInfo = YouTubeKit;
		};
		A8D402AF1AA8BCCB00F0AAD2 /* PBXContainerItemProxy */ = {
			isa = PBXContainerItemProxy;
			containerPortal = A8D402A81AA8BCCB00F0AAD2 /* YouTubeKit.xcodeproj */;
			proxyType = 2;
			remoteGlobalIDString = A8D401AD1AA8B08700F0AAD2;
			remoteInfo = YouTubeKitTests;
		};
		A8D402B31AA8BCD500F0AAD2 /* PBXContainerItemProxy */ = {
			isa = PBXContainerItemProxy;
			containerPortal = A8D402A81AA8BCCB00F0AAD2 /* YouTubeKit.xcodeproj */;
			proxyType = 1;
			remoteGlobalIDString = A8D401A11AA8B08700F0AAD2;
			remoteInfo = YouTubeKit;
		};
/* End PBXContainerItemProxy section */

/* Begin PBXCopyFilesBuildPhase section */
		A8D402B51AA8BCD500F0AAD2 /* Embed Frameworks */ = {
			isa = PBXCopyFilesBuildPhase;
			buildActionMask = 2147483647;
			dstPath = "";
			dstSubfolderSpec = 10;
			files = (
				A8BE7EB61AD840480018495F /* YouTubeKit.framework in Embed Frameworks */,
			);
			name = "Embed Frameworks";
			runOnlyForDeploymentPostprocessing = 0;
		};
/* End PBXCopyFilesBuildPhase section */

/* Begin PBXFileReference section */
		5959A20FD6CAE948A5A1FD8D /* Pods.release.xcconfig */ = {isa = PBXFileReference; includeInIndex = 1; lastKnownFileType = text.xcconfig; name = Pods.release.xcconfig; path = "Pods/Target Support Files/Pods/Pods.release.xcconfig"; sourceTree = "<group>"; };
		A8001E861AD1A2A700DFCC2D /* Crashlytics.framework */ = {isa = PBXFileReference; lastKnownFileType = wrapper.framework; path = Crashlytics.framework; sourceTree = "<group>"; };
		A8001E871AD1A2A700DFCC2D /* Fabric.framework */ = {isa = PBXFileReference; lastKnownFileType = wrapper.framework; path = Fabric.framework; sourceTree = "<group>"; };
		A8584C531AC6AE640066691E /* UserViewController.swift */ = {isa = PBXFileReference; fileEncoding = 4; lastKnownFileType = sourcecode.swift; path = UserViewController.swift; sourceTree = "<group>"; };
		A8584C541AC6AE640066691E /* UserViewController.xib */ = {isa = PBXFileReference; fileEncoding = 4; lastKnownFileType = file.xib; path = UserViewController.xib; sourceTree = "<group>"; };
		A86A9ABC1AC2F86600068FBB /* SwiftColors.swift */ = {isa = PBXFileReference; fileEncoding = 4; lastKnownFileType = sourcecode.swift; path = SwiftColors.swift; sourceTree = "<group>"; };
		A86CC3E51AAAF799008669F2 /* GuideCategoryTableViewCell.xib */ = {isa = PBXFileReference; fileEncoding = 4; lastKnownFileType = file.xib; path = GuideCategoryTableViewCell.xib; sourceTree = "<group>"; };
		A86CC3E81AAB0456008669F2 /* iAd.framework */ = {isa = PBXFileReference; lastKnownFileType = wrapper.framework; name = iAd.framework; path = System/Library/Frameworks/iAd.framework; sourceTree = SDKROOT; };
		A86CC3EE1AAB17AB008669F2 /* LoadMoreTableViewCell.xib */ = {isa = PBXFileReference; fileEncoding = 4; lastKnownFileType = file.xib; path = LoadMoreTableViewCell.xib; sourceTree = "<group>"; };
		A876C93B1AC86554000D88D8 /* texgyreadventor-bold.otf */ = {isa = PBXFileReference; lastKnownFileType = file; path = "texgyreadventor-bold.otf"; sourceTree = "<group>"; };
		A876C93C1AC86554000D88D8 /* texgyreadventor-bolditalic.otf */ = {isa = PBXFileReference; lastKnownFileType = file; path = "texgyreadventor-bolditalic.otf"; sourceTree = "<group>"; };
		A876C93D1AC86554000D88D8 /* texgyreadventor-italic.otf */ = {isa = PBXFileReference; lastKnownFileType = file; path = "texgyreadventor-italic.otf"; sourceTree = "<group>"; };
		A876C93E1AC86554000D88D8 /* texgyreadventor-regular.otf */ = {isa = PBXFileReference; lastKnownFileType = file; path = "texgyreadventor-regular.otf"; sourceTree = "<group>"; };
		A878FAD11ABB1437004AD3E4 /* ChannelView.swift */ = {isa = PBXFileReference; fileEncoding = 4; lastKnownFileType = sourcecode.swift; path = ChannelView.swift; sourceTree = "<group>"; };
		A8799DB51AC1B6D9005FC4A6 /* StoreViewController.swift */ = {isa = PBXFileReference; fileEncoding = 4; lastKnownFileType = sourcecode.swift; path = StoreViewController.swift; sourceTree = "<group>"; };
		A8799DB61AC1B6D9005FC4A6 /* StoreViewController.xib */ = {isa = PBXFileReference; fileEncoding = 4; lastKnownFileType = file.xib; path = StoreViewController.xib; sourceTree = "<group>"; };
		A88CF3561AC5EB0C005276DD /* History.swift */ = {isa = PBXFileReference; fileEncoding = 4; lastKnownFileType = sourcecode.swift; path = History.swift; sourceTree = "<group>"; };
		A88CF3581AC5F0AA005276DD /* HistoriesViewController.swift */ = {isa = PBXFileReference; fileEncoding = 4; lastKnownFileType = sourcecode.swift; path = HistoriesViewController.swift; sourceTree = "<group>"; };
		A88CF3591AC5F0AA005276DD /* HistoriesViewController.xib */ = {isa = PBXFileReference; fileEncoding = 4; lastKnownFileType = file.xib; path = HistoriesViewController.xib; sourceTree = "<group>"; };
		A88D7BBF1AC43D020085A8F8 /* YouTubePlayerViewController.xib */ = {isa = PBXFileReference; fileEncoding = 4; lastKnownFileType = file.xib; path = YouTubePlayerViewController.xib; sourceTree = "<group>"; };
		A88F13251AD2DF7B006695D0 /* Social.framework */ = {isa = PBXFileReference; lastKnownFileType = wrapper.framework; name = Social.framework; path = System/Library/Frameworks/Social.framework; sourceTree = SDKROOT; };
		A899AE7B1AAC4C310011D5DE /* GuideCategoriesViewController.xib */ = {isa = PBXFileReference; fileEncoding = 4; lastKnownFileType = file.xib; path = GuideCategoriesViewController.xib; sourceTree = "<group>"; };
		A899AE7D1AAC4F4B0011D5DE /* BookmarksViewController.xib */ = {isa = PBXFileReference; fileEncoding = 4; lastKnownFileType = file.xib; path = BookmarksViewController.xib; sourceTree = "<group>"; };
		A899AE801AAC4FAC0011D5DE /* BookmarkTableViewCell.xib */ = {isa = PBXFileReference; fileEncoding = 4; lastKnownFileType = file.xib; path = BookmarkTableViewCell.xib; sourceTree = "<group>"; };
		A899AE861AAC648D0011D5DE /* YouTubePlayer.swift */ = {isa = PBXFileReference; fileEncoding = 4; lastKnownFileType = sourcecode.swift; path = YouTubePlayer.swift; sourceTree = "<group>"; };
		A899AE881AAC67490011D5DE /* YouTubePlayerViewController.swift */ = {isa = PBXFileReference; fileEncoding = 4; lastKnownFileType = sourcecode.swift; path = YouTubePlayerViewController.swift; sourceTree = "<group>"; };
		A899AE891AAC67490011D5DE /* YouTubePlayerViewController_Phone.xib */ = {isa = PBXFileReference; fileEncoding = 4; lastKnownFileType = file.xib; path = YouTubePlayerViewController_Phone.xib; sourceTree = "<group>"; };
		A89CFDE61AC595F300FB72E7 /* Appearance.swift */ = {isa = PBXFileReference; fileEncoding = 4; lastKnownFileType = sourcecode.swift; path = Appearance.swift; sourceTree = "<group>"; };
		A89CFDEA1AC5994300FB72E7 /* UIColor+Rainbow.swift */ = {isa = PBXFileReference; fileEncoding = 4; lastKnownFileType = sourcecode.swift; path = "UIColor+Rainbow.swift"; sourceTree = "<group>"; };
		A89F970C1AD8EC2A003CBE3A /* Reachability.swift */ = {isa = PBXFileReference; fileEncoding = 4; lastKnownFileType = sourcecode.swift; path = Reachability.swift; sourceTree = "<group>"; };
		A8A153071ADD80AD005BA201 /* DarkModeTableViewCell.swift */ = {isa = PBXFileReference; fileEncoding = 4; lastKnownFileType = sourcecode.swift; path = DarkModeTableViewCell.swift; sourceTree = "<group>"; };
		A8A153081ADD80AD005BA201 /* DarkModeTableViewCell.xib */ = {isa = PBXFileReference; fileEncoding = 4; lastKnownFileType = file.xib; path = DarkModeTableViewCell.xib; sourceTree = "<group>"; };
		A8AB920C1AAC36B800974511 /* FavoritesViewController.xib */ = {isa = PBXFileReference; fileEncoding = 4; lastKnownFileType = file.xib; path = FavoritesViewController.xib; sourceTree = "<group>"; };
		A8BD70EB1AAB4BAD00499A71 /* ChannelsViewController.xib */ = {isa = PBXFileReference; fileEncoding = 4; lastKnownFileType = file.xib; path = ChannelsViewController.xib; sourceTree = "<group>"; };
		A8BD70ED1AAB4EE500499A71 /* VideosViewController.xib */ = {isa = PBXFileReference; fileEncoding = 4; lastKnownFileType = file.xib; path = VideosViewController.xib; sourceTree = "<group>"; };
		A8BD70EF1AAB4F1B00499A71 /* PlaylistsViewController.xib */ = {isa = PBXFileReference; fileEncoding = 4; lastKnownFileType = file.xib; path = PlaylistsViewController.xib; sourceTree = "<group>"; };
		A8BD70F11AAB4F3800499A71 /* PlaylistViewController.xib */ = {isa = PBXFileReference; fileEncoding = 4; lastKnownFileType = file.xib; path = PlaylistViewController.xib; sourceTree = "<group>"; };
		A8BD70F31AAB504600499A71 /* PopularViewController.xib */ = {isa = PBXFileReference; fileEncoding = 4; lastKnownFileType = file.xib; path = PopularViewController.xib; sourceTree = "<group>"; };
		A8BD70F71AAB5B8E00499A71 /* ChannelViewController.xib */ = {isa = PBXFileReference; fileEncoding = 4; lastKnownFileType = file.xib; path = ChannelViewController.xib; sourceTree = "<group>"; };
		A8BD70F91AAB7A0F00499A71 /* SearchViewController.xib */ = {isa = PBXFileReference; fileEncoding = 4; lastKnownFileType = file.xib; path = SearchViewController.xib; sourceTree = "<group>"; };
		A8BD70FD1AAB828300499A71 /* SettingsViewController.xib */ = {isa = PBXFileReference; fileEncoding = 4; lastKnownFileType = file.xib; path = SettingsViewController.xib; sourceTree = "<group>"; };
		A8C432791AAAE34900425E1B /* VideoTableViewCell.xib */ = {isa = PBXFileReference; fileEncoding = 4; lastKnownFileType = file.xib; path = VideoTableViewCell.xib; sourceTree = "<group>"; };
		A8C4327B1AAAE95300425E1B /* PlaylistTableViewCell.xib */ = {isa = PBXFileReference; fileEncoding = 4; lastKnownFileType = file.xib; path = PlaylistTableViewCell.xib; sourceTree = "<group>"; };
		A8C4327D1AAAEB6700425E1B /* ChannelTableViewCell.xib */ = {isa = PBXFileReference; fileEncoding = 4; lastKnownFileType = file.xib; path = ChannelTableViewCell.xib; sourceTree = "<group>"; };
		A8C614451AB1E22E00C47B1B /* Alert.swift */ = {isa = PBXFileReference; fileEncoding = 4; lastKnownFileType = sourcecode.swift; path = Alert.swift; sourceTree = "<group>"; };
		A8C831D81ACAECE4003E8ED9 /* VariousViews.swift */ = {isa = PBXFileReference; fileEncoding = 4; lastKnownFileType = sourcecode.swift; path = VariousViews.swift; sourceTree = "<group>"; };
		A8C831DD1ACB0AEE003E8ED9 /* ja */ = {isa = PBXFileReference; lastKnownFileType = text.plist.strings; name = ja; path = ja.lproj/InfoPlist.strings; sourceTree = "<group>"; };
		A8C831DF1ACB0AEF003E8ED9 /* ja */ = {isa = PBXFileReference; lastKnownFileType = text.plist.strings; name = ja; path = ja.lproj/Main.strings; sourceTree = "<group>"; };
		A8C831E31ACB0AEF003E8ED9 /* ja */ = {isa = PBXFileReference; lastKnownFileType = text.plist.strings; name = ja; path = ja.lproj/Localizable.strings; sourceTree = "<group>"; };
		A8C831E81ACB0AF0003E8ED9 /* ja */ = {isa = PBXFileReference; lastKnownFileType = text.plist.strings; name = ja; path = ja.lproj/InfoPlist.strings; sourceTree = "<group>"; };
		A8C831EA1ACB0AF0003E8ED9 /* ja */ = {isa = PBXFileReference; lastKnownFileType = text.plist.strings; name = ja; path = ja.lproj/LaunchScreen.strings; sourceTree = "<group>"; };
		A8D4027D1AA8B7C700F0AAD2 /* TUBIN.app */ = {isa = PBXFileReference; explicitFileType = wrapper.application; includeInIndex = 0; path = TUBIN.app; sourceTree = BUILT_PRODUCTS_DIR; };
		A8D402811AA8B7C700F0AAD2 /* Info.plist */ = {isa = PBXFileReference; lastKnownFileType = text.plist.xml; path = Info.plist; sourceTree = "<group>"; };
		A8D402821AA8B7C700F0AAD2 /* AppDelegate.swift */ = {isa = PBXFileReference; lastKnownFileType = sourcecode.swift; path = AppDelegate.swift; sourceTree = "<group>"; };
		A8D402871AA8B7C700F0AAD2 /* Base */ = {isa = PBXFileReference; lastKnownFileType = file.storyboard; name = Base; path = Base.lproj/Main.storyboard; sourceTree = "<group>"; };
		A8D402891AA8B7C700F0AAD2 /* Images.xcassets */ = {isa = PBXFileReference; lastKnownFileType = folder.assetcatalog; path = Images.xcassets; sourceTree = "<group>"; };
		A8D4028C1AA8B7C700F0AAD2 /* Base */ = {isa = PBXFileReference; lastKnownFileType = file.xib; name = Base; path = Base.lproj/LaunchScreen.xib; sourceTree = "<group>"; };
		A8D402921AA8B7C700F0AAD2 /* TUBINTests.xctest */ = {isa = PBXFileReference; explicitFileType = wrapper.cfbundle; includeInIndex = 0; path = TUBINTests.xctest; sourceTree = BUILT_PRODUCTS_DIR; };
		A8D402971AA8B7C700F0AAD2 /* Info.plist */ = {isa = PBXFileReference; lastKnownFileType = text.plist.xml; path = Info.plist; sourceTree = "<group>"; };
		A8D402981AA8B7C700F0AAD2 /* TUBINTests.swift */ = {isa = PBXFileReference; lastKnownFileType = sourcecode.swift; path = TUBINTests.swift; sourceTree = "<group>"; };
		A8D402A81AA8BCCB00F0AAD2 /* YouTubeKit.xcodeproj */ = {isa = PBXFileReference; lastKnownFileType = "wrapper.pb-project"; name = YouTubeKit.xcodeproj; path = YouTubeKit/YouTubeKit.xcodeproj; sourceTree = "<group>"; };
		A8D403651AA8CC4400F0AAD2 /* YouTubeKit+Parse.swift */ = {isa = PBXFileReference; fileEncoding = 4; lastKnownFileType = sourcecode.swift; path = "YouTubeKit+Parse.swift"; sourceTree = "<group>"; };
		A8D403661AA8CC4400F0AAD2 /* YouTubeKit+XCDYouTubeKit.swift */ = {isa = PBXFileReference; fileEncoding = 4; lastKnownFileType = sourcecode.swift; path = "YouTubeKit+XCDYouTubeKit.swift"; sourceTree = "<group>"; };
		A8D4036B1AA8CC4400F0AAD2 /* Bookmark.swift */ = {isa = PBXFileReference; fileEncoding = 4; lastKnownFileType = sourcecode.swift; path = Bookmark.swift; sourceTree = "<group>"; };
		A8D4036C1AA8CC4400F0AAD2 /* Favorite.swift */ = {isa = PBXFileReference; fileEncoding = 4; lastKnownFileType = sourcecode.swift; path = Favorite.swift; sourceTree = "<group>"; };
		A8D4036D1AA8CC4400F0AAD2 /* Parser.swift */ = {isa = PBXFileReference; fileEncoding = 4; lastKnownFileType = sourcecode.swift; path = Parser.swift; sourceTree = "<group>"; };
		A8D403731AA8CC4400F0AAD2 /* BookmarksViewController.swift */ = {isa = PBXFileReference; fileEncoding = 4; lastKnownFileType = sourcecode.swift; path = BookmarksViewController.swift; sourceTree = "<group>"; };
		A8D403741AA8CC4400F0AAD2 /* ChannelsViewController.swift */ = {isa = PBXFileReference; fileEncoding = 4; lastKnownFileType = sourcecode.swift; path = ChannelsViewController.swift; sourceTree = "<group>"; };
		A8D403751AA8CC4400F0AAD2 /* ChannelViewController.swift */ = {isa = PBXFileReference; fileEncoding = 4; lastKnownFileType = sourcecode.swift; path = ChannelViewController.swift; sourceTree = "<group>"; };
		A8D403761AA8CC4400F0AAD2 /* ContainerViewController.swift */ = {isa = PBXFileReference; fileEncoding = 4; lastKnownFileType = sourcecode.swift; path = ContainerViewController.swift; sourceTree = "<group>"; };
		A8D403771AA8CC4400F0AAD2 /* FavoritesViewController.swift */ = {isa = PBXFileReference; fileEncoding = 4; lastKnownFileType = sourcecode.swift; path = FavoritesViewController.swift; sourceTree = "<group>"; };
		A8D403781AA8CC4400F0AAD2 /* GuideCategoriesViewController.swift */ = {isa = PBXFileReference; fileEncoding = 4; lastKnownFileType = sourcecode.swift; path = GuideCategoriesViewController.swift; sourceTree = "<group>"; };
		A8D403791AA8CC4400F0AAD2 /* ItemsViewController.swift */ = {isa = PBXFileReference; fileEncoding = 4; lastKnownFileType = sourcecode.swift; path = ItemsViewController.swift; sourceTree = "<group>"; };
		A8D4037A1AA8CC4400F0AAD2 /* PlaylistsViewController.swift */ = {isa = PBXFileReference; fileEncoding = 4; lastKnownFileType = sourcecode.swift; path = PlaylistsViewController.swift; sourceTree = "<group>"; };
		A8D4037B1AA8CC4400F0AAD2 /* PlaylistViewController.swift */ = {isa = PBXFileReference; fileEncoding = 4; lastKnownFileType = sourcecode.swift; path = PlaylistViewController.swift; sourceTree = "<group>"; };
		A8D4037C1AA8CC4400F0AAD2 /* PopularViewController.swift */ = {isa = PBXFileReference; fileEncoding = 4; lastKnownFileType = sourcecode.swift; path = PopularViewController.swift; sourceTree = "<group>"; };
		A8D4037D1AA8CC4400F0AAD2 /* RootViewController.swift */ = {isa = PBXFileReference; fileEncoding = 4; lastKnownFileType = sourcecode.swift; path = RootViewController.swift; sourceTree = "<group>"; };
		A8D4037E1AA8CC4400F0AAD2 /* SearchViewController.swift */ = {isa = PBXFileReference; fileEncoding = 4; lastKnownFileType = sourcecode.swift; path = SearchViewController.swift; sourceTree = "<group>"; };
		A8D4037F1AA8CC4400F0AAD2 /* SettingsViewController.swift */ = {isa = PBXFileReference; fileEncoding = 4; lastKnownFileType = sourcecode.swift; path = SettingsViewController.swift; sourceTree = "<group>"; };
		A8D403811AA8CC4400F0AAD2 /* VideosViewController.swift */ = {isa = PBXFileReference; fileEncoding = 4; lastKnownFileType = sourcecode.swift; path = VideosViewController.swift; sourceTree = "<group>"; };
		A8D403831AA8CC4400F0AAD2 /* BookmarkTableViewCell.swift */ = {isa = PBXFileReference; fileEncoding = 4; lastKnownFileType = sourcecode.swift; path = BookmarkTableViewCell.swift; sourceTree = "<group>"; };
		A8D403841AA8CC4400F0AAD2 /* ContainerView.swift */ = {isa = PBXFileReference; fileEncoding = 4; lastKnownFileType = sourcecode.swift; path = ContainerView.swift; sourceTree = "<group>"; };
		A8D403851AA8CC4400F0AAD2 /* GuideCategoryTableViewCell.swift */ = {isa = PBXFileReference; fileEncoding = 4; lastKnownFileType = sourcecode.swift; path = GuideCategoryTableViewCell.swift; sourceTree = "<group>"; };
		A8D403861AA8CC4400F0AAD2 /* ItemTableViewCell.swift */ = {isa = PBXFileReference; fileEncoding = 4; lastKnownFileType = sourcecode.swift; path = ItemTableViewCell.swift; sourceTree = "<group>"; };
		A8D403871AA8CC4400F0AAD2 /* LoadMoreTableViewCell.swift */ = {isa = PBXFileReference; fileEncoding = 4; lastKnownFileType = sourcecode.swift; path = LoadMoreTableViewCell.swift; sourceTree = "<group>"; };
		A8D403881AA8CC4400F0AAD2 /* MiniPlayerView.swift */ = {isa = PBXFileReference; fileEncoding = 4; lastKnownFileType = sourcecode.swift; path = MiniPlayerView.swift; sourceTree = "<group>"; };
		A8D403891AA8CC4400F0AAD2 /* ScrubberView.swift */ = {isa = PBXFileReference; fileEncoding = 4; lastKnownFileType = sourcecode.swift; path = ScrubberView.swift; sourceTree = "<group>"; };
		A8D4038A1AA8CC4400F0AAD2 /* Spinner.swift */ = {isa = PBXFileReference; fileEncoding = 4; lastKnownFileType = sourcecode.swift; path = Spinner.swift; sourceTree = "<group>"; };
		A8D4038B1AA8CC4400F0AAD2 /* TabBar.swift */ = {isa = PBXFileReference; fileEncoding = 4; lastKnownFileType = sourcecode.swift; path = TabBar.swift; sourceTree = "<group>"; };
		A8D4038C1AA8CC4400F0AAD2 /* Toast.swift */ = {isa = PBXFileReference; fileEncoding = 4; lastKnownFileType = sourcecode.swift; path = Toast.swift; sourceTree = "<group>"; };
		A8D403B31AA8CC9800F0AAD2 /* Notifications.swift */ = {isa = PBXFileReference; fileEncoding = 4; lastKnownFileType = sourcecode.swift; path = Notifications.swift; sourceTree = "<group>"; };
		A8D403B71AA8CCCF00F0AAD2 /* TUBIN-Bridging-Header.h */ = {isa = PBXFileReference; lastKnownFileType = sourcecode.c.h; path = "TUBIN-Bridging-Header.h"; sourceTree = "<group>"; };
		A8E17F301ABD61E100DAF54A /* AF+Date+Extension.swift */ = {isa = PBXFileReference; fileEncoding = 4; lastKnownFileType = sourcecode.swift; path = "AF+Date+Extension.swift"; sourceTree = "<group>"; };
		A8E17F331ABD65C100DAF54A /* YouTubePlayerViewController_Pad.xib */ = {isa = PBXFileReference; fileEncoding = 4; lastKnownFileType = file.xib; path = YouTubePlayerViewController_Pad.xib; sourceTree = "<group>"; };
		A8E17F351ABE8BC000DAF54A /* StoreKit.framework */ = {isa = PBXFileReference; lastKnownFileType = wrapper.framework; name = StoreKit.framework; path = System/Library/Frameworks/StoreKit.framework; sourceTree = SDKROOT; };
		C86F1F1E09D2F038920B8889 /* Pods.framework */ = {isa = PBXFileReference; explicitFileType = wrapper.framework; includeInIndex = 0; path = Pods.framework; sourceTree = BUILT_PRODUCTS_DIR; };
		EC4E299ADCEB0834ABF32773 /* Pods.debug.xcconfig */ = {isa = PBXFileReference; includeInIndex = 1; lastKnownFileType = text.xcconfig; name = Pods.debug.xcconfig; path = "Pods/Target Support Files/Pods/Pods.debug.xcconfig"; sourceTree = "<group>"; };
/* End PBXFileReference section */

/* Begin PBXFrameworksBuildPhase section */
		A8D4027A1AA8B7C700F0AAD2 /* Frameworks */ = {
			isa = PBXFrameworksBuildPhase;
			buildActionMask = 2147483647;
			files = (
				A88F13261AD2DF7B006695D0 /* Social.framework in Frameworks */,
				A86CC3E91AAB0456008669F2 /* iAd.framework in Frameworks */,
				A8E17F361ABE8BC000DAF54A /* StoreKit.framework in Frameworks */,
				A8001E881AD1A2A700DFCC2D /* Crashlytics.framework in Frameworks */,
				A8D402B11AA8BCD500F0AAD2 /* YouTubeKit.framework in Frameworks */,
				A8001E891AD1A2A700DFCC2D /* Fabric.framework in Frameworks */,
				64E880D67FB76184E153219D /* Pods.framework in Frameworks */,
			);
			runOnlyForDeploymentPostprocessing = 0;
		};
		A8D4028F1AA8B7C700F0AAD2 /* Frameworks */ = {
			isa = PBXFrameworksBuildPhase;
			buildActionMask = 2147483647;
			files = (
			);
			runOnlyForDeploymentPostprocessing = 0;
		};
/* End PBXFrameworksBuildPhase section */

/* Begin PBXGroup section */
		312E13B13F6572AC183F56F9 /* Pods */ = {
			isa = PBXGroup;
			children = (
				EC4E299ADCEB0834ABF32773 /* Pods.debug.xcconfig */,
				5959A20FD6CAE948A5A1FD8D /* Pods.release.xcconfig */,
			);
			name = Pods;
			sourceTree = "<group>";
		};
		A876C93A1AC86554000D88D8 /* Resources */ = {
			isa = PBXGroup;
			children = (
				A876C93B1AC86554000D88D8 /* texgyreadventor-bold.otf */,
				A876C93C1AC86554000D88D8 /* texgyreadventor-bolditalic.otf */,
				A876C93D1AC86554000D88D8 /* texgyreadventor-italic.otf */,
				A876C93E1AC86554000D88D8 /* texgyreadventor-regular.otf */,
			);
			path = Resources;
			sourceTree = "<group>";
		};
		A899AE841AAC646C0011D5DE /* Others */ = {
			isa = PBXGroup;
			children = (
				A899AE861AAC648D0011D5DE /* YouTubePlayer.swift */,
				A89CFDE61AC595F300FB72E7 /* Appearance.swift */,
				A89F970C1AD8EC2A003CBE3A /* Reachability.swift */,
			);
			path = Others;
			sourceTree = "<group>";
		};
		A8D402741AA8B7C700F0AAD2 = {
			isa = PBXGroup;
			children = (
				A8001E861AD1A2A700DFCC2D /* Crashlytics.framework */,
				A8001E871AD1A2A700DFCC2D /* Fabric.framework */,
				A8D4027F1AA8B7C700F0AAD2 /* TUBIN */,
				A8D402951AA8B7C700F0AAD2 /* TUBINTests */,
				A8D4027E1AA8B7C700F0AAD2 /* Products */,
				312E13B13F6572AC183F56F9 /* Pods */,
				E3B2F19A660D0D52A10E95B2 /* Frameworks */,
				A8D402A81AA8BCCB00F0AAD2 /* YouTubeKit.xcodeproj */,
				A8D403B71AA8CCCF00F0AAD2 /* TUBIN-Bridging-Header.h */,
			);
			sourceTree = "<group>";
		};
		A8D4027E1AA8B7C700F0AAD2 /* Products */ = {
			isa = PBXGroup;
			children = (
				A8D4027D1AA8B7C700F0AAD2 /* TUBIN.app */,
				A8D402921AA8B7C700F0AAD2 /* TUBINTests.xctest */,
			);
			name = Products;
			sourceTree = "<group>";
		};
		A8D4027F1AA8B7C700F0AAD2 /* TUBIN */ = {
			isa = PBXGroup;
			children = (
				A8D403721AA8CC4400F0AAD2 /* View Controllers */,
				A8D403821AA8CC4400F0AAD2 /* Views */,
				A8D4036A1AA8CC4400F0AAD2 /* Models */,
				A8D4036F1AA8CC4400F0AAD2 /* Utilities */,
				A899AE841AAC646C0011D5DE /* Others */,
				A8D403641AA8CC4400F0AAD2 /* Extensions */,
				A8D403B21AA8CC7300F0AAD2 /* Consts */,
				A8D403671AA8CC4400F0AAD2 /* Externals */,
				A8D402821AA8B7C700F0AAD2 /* AppDelegate.swift */,
				A8D402861AA8B7C700F0AAD2 /* Main.storyboard */,
				A8D402891AA8B7C700F0AAD2 /* Images.xcassets */,
				A8D4028B1AA8B7C700F0AAD2 /* LaunchScreen.xib */,
				A8D402801AA8B7C700F0AAD2 /* Supporting Files */,
				A876C93A1AC86554000D88D8 /* Resources */,
			);
			path = TUBIN;
			sourceTree = "<group>";
		};
		A8D402801AA8B7C700F0AAD2 /* Supporting Files */ = {
			isa = PBXGroup;
			children = (
				A8C831E41ACB0AEF003E8ED9 /* Localizable.strings */,
				A8C831DE1ACB0AEE003E8ED9 /* InfoPlist.strings */,
				A8D402811AA8B7C700F0AAD2 /* Info.plist */,
			);
			name = "Supporting Files";
			sourceTree = "<group>";
		};
		A8D402951AA8B7C700F0AAD2 /* TUBINTests */ = {
			isa = PBXGroup;
			children = (
				A8D402981AA8B7C700F0AAD2 /* TUBINTests.swift */,
				A8D402961AA8B7C700F0AAD2 /* Supporting Files */,
			);
			path = TUBINTests;
			sourceTree = "<group>";
		};
		A8D402961AA8B7C700F0AAD2 /* Supporting Files */ = {
			isa = PBXGroup;
			children = (
				A8C831E91ACB0AF0003E8ED9 /* InfoPlist.strings */,
				A8D402971AA8B7C700F0AAD2 /* Info.plist */,
			);
			name = "Supporting Files";
			sourceTree = "<group>";
		};
		A8D402A91AA8BCCB00F0AAD2 /* Products */ = {
			isa = PBXGroup;
			children = (
				A8D402AE1AA8BCCB00F0AAD2 /* YouTubeKit.framework */,
				A8D402B01AA8BCCB00F0AAD2 /* YouTubeKitTests.xctest */,
			);
			name = Products;
			sourceTree = "<group>";
		};
		A8D403641AA8CC4400F0AAD2 /* Extensions */ = {
			isa = PBXGroup;
			children = (
				A8D403651AA8CC4400F0AAD2 /* YouTubeKit+Parse.swift */,
				A8D403661AA8CC4400F0AAD2 /* YouTubeKit+XCDYouTubeKit.swift */,
			);
			path = Extensions;
			sourceTree = "<group>";
		};
		A8D403671AA8CC4400F0AAD2 /* Externals */ = {
			isa = PBXGroup;
			children = (
				A89CFDEA1AC5994300FB72E7 /* UIColor+Rainbow.swift */,
				A8E17F301ABD61E100DAF54A /* AF+Date+Extension.swift */,
				A86A9ABC1AC2F86600068FBB /* SwiftColors.swift */,
			);
			path = Externals;
			sourceTree = "<group>";
		};
		A8D4036A1AA8CC4400F0AAD2 /* Models */ = {
			isa = PBXGroup;
			children = (
				A8D4036B1AA8CC4400F0AAD2 /* Bookmark.swift */,
				A8D4036C1AA8CC4400F0AAD2 /* Favorite.swift */,
				A88CF3561AC5EB0C005276DD /* History.swift */,
				A8D4036D1AA8CC4400F0AAD2 /* Parser.swift */,
			);
			path = Models;
			sourceTree = "<group>";
		};
		A8D4036F1AA8CC4400F0AAD2 /* Utilities */ = {
			isa = PBXGroup;
			children = (
			);
			path = Utilities;
			sourceTree = "<group>";
		};
		A8D403721AA8CC4400F0AAD2 /* View Controllers */ = {
			isa = PBXGroup;
			children = (
				A8D4037D1AA8CC4400F0AAD2 /* RootViewController.swift */,
				A8D403761AA8CC4400F0AAD2 /* ContainerViewController.swift */,
				A8D403791AA8CC4400F0AAD2 /* ItemsViewController.swift */,
				A8D403811AA8CC4400F0AAD2 /* VideosViewController.swift */,
				A8BD70ED1AAB4EE500499A71 /* VideosViewController.xib */,
				A8D4037A1AA8CC4400F0AAD2 /* PlaylistsViewController.swift */,
				A8BD70EF1AAB4F1B00499A71 /* PlaylistsViewController.xib */,
				A8D403741AA8CC4400F0AAD2 /* ChannelsViewController.swift */,
				A8BD70EB1AAB4BAD00499A71 /* ChannelsViewController.xib */,
				A8D4037B1AA8CC4400F0AAD2 /* PlaylistViewController.swift */,
				A8BD70F11AAB4F3800499A71 /* PlaylistViewController.xib */,
				A8D403751AA8CC4400F0AAD2 /* ChannelViewController.swift */,
				A8BD70F71AAB5B8E00499A71 /* ChannelViewController.xib */,
				A8D4037E1AA8CC4400F0AAD2 /* SearchViewController.swift */,
				A8BD70F91AAB7A0F00499A71 /* SearchViewController.xib */,
				A8D403731AA8CC4400F0AAD2 /* BookmarksViewController.swift */,
				A899AE7D1AAC4F4B0011D5DE /* BookmarksViewController.xib */,
				A8D403771AA8CC4400F0AAD2 /* FavoritesViewController.swift */,
				A8AB920C1AAC36B800974511 /* FavoritesViewController.xib */,
				A8D403781AA8CC4400F0AAD2 /* GuideCategoriesViewController.swift */,
				A899AE7B1AAC4C310011D5DE /* GuideCategoriesViewController.xib */,
				A8D4037C1AA8CC4400F0AAD2 /* PopularViewController.swift */,
				A8BD70F31AAB504600499A71 /* PopularViewController.xib */,
				A8D4037F1AA8CC4400F0AAD2 /* SettingsViewController.swift */,
				A8BD70FD1AAB828300499A71 /* SettingsViewController.xib */,
				A899AE881AAC67490011D5DE /* YouTubePlayerViewController.swift */,
				A88D7BBF1AC43D020085A8F8 /* YouTubePlayerViewController.xib */,
				A899AE891AAC67490011D5DE /* YouTubePlayerViewController_Phone.xib */,
				A8E17F331ABD65C100DAF54A /* YouTubePlayerViewController_Pad.xib */,
				A8799DB51AC1B6D9005FC4A6 /* StoreViewController.swift */,
				A8799DB61AC1B6D9005FC4A6 /* StoreViewController.xib */,
				A88CF3581AC5F0AA005276DD /* HistoriesViewController.swift */,
				A88CF3591AC5F0AA005276DD /* HistoriesViewController.xib */,
				A8584C531AC6AE640066691E /* UserViewController.swift */,
				A8584C541AC6AE640066691E /* UserViewController.xib */,
			);
			path = "View Controllers";
			sourceTree = "<group>";
		};
		A8D403821AA8CC4400F0AAD2 /* Views */ = {
			isa = PBXGroup;
			children = (
				A8D403861AA8CC4400F0AAD2 /* ItemTableViewCell.swift */,
				A8C432791AAAE34900425E1B /* VideoTableViewCell.xib */,
				A8C4327B1AAAE95300425E1B /* PlaylistTableViewCell.xib */,
				A8C4327D1AAAEB6700425E1B /* ChannelTableViewCell.xib */,
				A86CC3EE1AAB17AB008669F2 /* LoadMoreTableViewCell.xib */,
				A8D403851AA8CC4400F0AAD2 /* GuideCategoryTableViewCell.swift */,
				A86CC3E51AAAF799008669F2 /* GuideCategoryTableViewCell.xib */,
				A8D403831AA8CC4400F0AAD2 /* BookmarkTableViewCell.swift */,
				A899AE801AAC4FAC0011D5DE /* BookmarkTableViewCell.xib */,
				A8D403871AA8CC4400F0AAD2 /* LoadMoreTableViewCell.swift */,
				A8D403841AA8CC4400F0AAD2 /* ContainerView.swift */,
				A8D4038B1AA8CC4400F0AAD2 /* TabBar.swift */,
				A8D403881AA8CC4400F0AAD2 /* MiniPlayerView.swift */,
				A8D403891AA8CC4400F0AAD2 /* ScrubberView.swift */,
				A8C614451AB1E22E00C47B1B /* Alert.swift */,
				A8D4038A1AA8CC4400F0AAD2 /* Spinner.swift */,
				A8D4038C1AA8CC4400F0AAD2 /* Toast.swift */,
				A878FAD11ABB1437004AD3E4 /* ChannelView.swift */,
				A8C831D81ACAECE4003E8ED9 /* VariousViews.swift */,
				A8A153071ADD80AD005BA201 /* DarkModeTableViewCell.swift */,
				A8A153081ADD80AD005BA201 /* DarkModeTableViewCell.xib */,
			);
			path = Views;
			sourceTree = "<group>";
		};
		A8D403B21AA8CC7300F0AAD2 /* Consts */ = {
			isa = PBXGroup;
			children = (
				A8D403B31AA8CC9800F0AAD2 /* Notifications.swift */,
			);
			path = Consts;
			sourceTree = "<group>";
		};
		E3B2F19A660D0D52A10E95B2 /* Frameworks */ = {
			isa = PBXGroup;
			children = (
				A88F13251AD2DF7B006695D0 /* Social.framework */,
				A8E17F351ABE8BC000DAF54A /* StoreKit.framework */,
				A86CC3E81AAB0456008669F2 /* iAd.framework */,
				C86F1F1E09D2F038920B8889 /* Pods.framework */,
			);
			name = Frameworks;
			sourceTree = "<group>";
		};
/* End PBXGroup section */

/* Begin PBXNativeTarget section */
		A8D4027C1AA8B7C700F0AAD2 /* TUBIN */ = {
			isa = PBXNativeTarget;
			buildConfigurationList = A8D4029C1AA8B7C700F0AAD2 /* Build configuration list for PBXNativeTarget "TUBIN" */;
			buildPhases = (
				2B52D818EF4D7F9ED21380C9 /* Check Pods Manifest.lock */,
				A8D402791AA8B7C700F0AAD2 /* Sources */,
				A8D4027A1AA8B7C700F0AAD2 /* Frameworks */,
				A8D4027B1AA8B7C700F0AAD2 /* Resources */,
				A8D402B51AA8BCD500F0AAD2 /* Embed Frameworks */,
				A3299E77FD011E05FD252B1B /* Embed Pods Frameworks */,
				E388D778733501D4C64ABC35 /* Copy Pods Resources */,
				A8001E841AD1A21700DFCC2D /* ShellScript */,
			);
			buildRules = (
			);
			dependencies = (
				A8D402B41AA8BCD500F0AAD2 /* PBXTargetDependency */,
			);
			name = TUBIN;
			productName = TUBIN;
			productReference = A8D4027D1AA8B7C700F0AAD2 /* TUBIN.app */;
			productType = "com.apple.product-type.application";
		};
		A8D402911AA8B7C700F0AAD2 /* TUBINTests */ = {
			isa = PBXNativeTarget;
			buildConfigurationList = A8D4029F1AA8B7C700F0AAD2 /* Build configuration list for PBXNativeTarget "TUBINTests" */;
			buildPhases = (
				A8D4028E1AA8B7C700F0AAD2 /* Sources */,
				A8D4028F1AA8B7C700F0AAD2 /* Frameworks */,
				A8D402901AA8B7C700F0AAD2 /* Resources */,
			);
			buildRules = (
			);
			dependencies = (
				A8D402941AA8B7C700F0AAD2 /* PBXTargetDependency */,
			);
			name = TUBINTests;
			productName = TUBINTests;
			productReference = A8D402921AA8B7C700F0AAD2 /* TUBINTests.xctest */;
			productType = "com.apple.product-type.bundle.unit-test";
		};
/* End PBXNativeTarget section */

/* Begin PBXProject section */
		A8D402751AA8B7C700F0AAD2 /* Project object */ = {
			isa = PBXProject;
			attributes = {
				LastUpgradeCheck = 0610;
				ORGANIZATIONNAME = matsuosh;
				TargetAttributes = {
					A8D4027C1AA8B7C700F0AAD2 = {
						CreatedOnToolsVersion = 6.1.1;
						DevelopmentTeam = 3WLQSD636A;
						SystemCapabilities = {
							com.apple.BackgroundModes = {
								enabled = 0;
							};
							com.apple.InAppPurchase = {
								enabled = 1;
							};
						};
					};
					A8D402911AA8B7C700F0AAD2 = {
						CreatedOnToolsVersion = 6.1.1;
						TestTargetID = A8D4027C1AA8B7C700F0AAD2;
					};
				};
			};
			buildConfigurationList = A8D402781AA8B7C700F0AAD2 /* Build configuration list for PBXProject "TUBIN" */;
			compatibilityVersion = "Xcode 3.2";
			developmentRegion = English;
			hasScannedForEncodings = 0;
			knownRegions = (
				en,
				Base,
			);
			mainGroup = A8D402741AA8B7C700F0AAD2;
			productRefGroup = A8D4027E1AA8B7C700F0AAD2 /* Products */;
			projectDirPath = "";
			projectReferences = (
				{
					ProductGroup = A8D402A91AA8BCCB00F0AAD2 /* Products */;
					ProjectRef = A8D402A81AA8BCCB00F0AAD2 /* YouTubeKit.xcodeproj */;
				},
			);
			projectRoot = "";
			targets = (
				A8D4027C1AA8B7C700F0AAD2 /* TUBIN */,
				A8D402911AA8B7C700F0AAD2 /* TUBINTests */,
			);
		};
/* End PBXProject section */

/* Begin PBXReferenceProxy section */
		A8D402AE1AA8BCCB00F0AAD2 /* YouTubeKit.framework */ = {
			isa = PBXReferenceProxy;
			fileType = wrapper.framework;
			path = YouTubeKit.framework;
			remoteRef = A8D402AD1AA8BCCB00F0AAD2 /* PBXContainerItemProxy */;
			sourceTree = BUILT_PRODUCTS_DIR;
		};
		A8D402B01AA8BCCB00F0AAD2 /* YouTubeKitTests.xctest */ = {
			isa = PBXReferenceProxy;
			fileType = wrapper.cfbundle;
			path = YouTubeKitTests.xctest;
			remoteRef = A8D402AF1AA8BCCB00F0AAD2 /* PBXContainerItemProxy */;
			sourceTree = BUILT_PRODUCTS_DIR;
		};
/* End PBXReferenceProxy section */

/* Begin PBXResourcesBuildPhase section */
		A8D4027B1AA8B7C700F0AAD2 /* Resources */ = {
			isa = PBXResourcesBuildPhase;
			buildActionMask = 2147483647;
			files = (
				A8BD70F01AAB4F1B00499A71 /* PlaylistsViewController.xib in Resources */,
				A8C831DC1ACB0AEE003E8ED9 /* InfoPlist.strings in Resources */,
				A899AE8B1AAC67490011D5DE /* YouTubePlayerViewController_Phone.xib in Resources */,
				A8D402881AA8B7C700F0AAD2 /* Main.storyboard in Resources */,
				A8BD70F81AAB5B8E00499A71 /* ChannelViewController.xib in Resources */,
				A8BD70F41AAB504600499A71 /* PopularViewController.xib in Resources */,
				A8C4327E1AAAEB6700425E1B /* ChannelTableViewCell.xib in Resources */,
				A8BD70EC1AAB4BAD00499A71 /* ChannelsViewController.xib in Resources */,
				A8BD70F21AAB4F3800499A71 /* PlaylistViewController.xib in Resources */,
				A8C4327A1AAAE34900425E1B /* VideoTableViewCell.xib in Resources */,
				A88D7BC01AC43D020085A8F8 /* YouTubePlayerViewController.xib in Resources */,
				A876C9411AC86554000D88D8 /* texgyreadventor-italic.otf in Resources */,
				A8BD70FE1AAB828300499A71 /* SettingsViewController.xib in Resources */,
				A8A1530A1ADD80AD005BA201 /* DarkModeTableViewCell.xib in Resources */,
				A8C831E21ACB0AEF003E8ED9 /* Localizable.strings in Resources */,
				A86CC3E61AAAF799008669F2 /* GuideCategoryTableViewCell.xib in Resources */,
				A876C9401AC86554000D88D8 /* texgyreadventor-bolditalic.otf in Resources */,
				A8799DB81AC1B6D9005FC4A6 /* StoreViewController.xib in Resources */,
				A8D4028D1AA8B7C700F0AAD2 /* LaunchScreen.xib in Resources */,
				A8BD70EE1AAB4EE500499A71 /* VideosViewController.xib in Resources */,
				A899AE811AAC4FAC0011D5DE /* BookmarkTableViewCell.xib in Resources */,
				A8D4028A1AA8B7C700F0AAD2 /* Images.xcassets in Resources */,
				A88CF35B1AC5F0AA005276DD /* HistoriesViewController.xib in Resources */,
				A8584C561AC6AE640066691E /* UserViewController.xib in Resources */,
				A8C4327C1AAAE95300425E1B /* PlaylistTableViewCell.xib in Resources */,
				A876C93F1AC86554000D88D8 /* texgyreadventor-bold.otf in Resources */,
				A8E17F341ABD65C100DAF54A /* YouTubePlayerViewController_Pad.xib in Resources */,
				A8BD70FA1AAB7A0F00499A71 /* SearchViewController.xib in Resources */,
				A899AE7E1AAC4F4B0011D5DE /* BookmarksViewController.xib in Resources */,
				A8AB920D1AAC36B800974511 /* FavoritesViewController.xib in Resources */,
				A86CC3EF1AAB17AB008669F2 /* LoadMoreTableViewCell.xib in Resources */,
				A876C9421AC86554000D88D8 /* texgyreadventor-regular.otf in Resources */,
				A899AE7C1AAC4C310011D5DE /* GuideCategoriesViewController.xib in Resources */,
			);
			runOnlyForDeploymentPostprocessing = 0;
		};
		A8D402901AA8B7C700F0AAD2 /* Resources */ = {
			isa = PBXResourcesBuildPhase;
			buildActionMask = 2147483647;
			files = (
				A8C831E71ACB0AF0003E8ED9 /* InfoPlist.strings in Resources */,
			);
			runOnlyForDeploymentPostprocessing = 0;
		};
/* End PBXResourcesBuildPhase section */

/* Begin PBXShellScriptBuildPhase section */
		2B52D818EF4D7F9ED21380C9 /* Check Pods Manifest.lock */ = {
			isa = PBXShellScriptBuildPhase;
			buildActionMask = 2147483647;
			files = (
			);
			inputPaths = (
			);
			name = "Check Pods Manifest.lock";
			outputPaths = (
			);
			runOnlyForDeploymentPostprocessing = 0;
			shellPath = /bin/sh;
			shellScript = "diff \"${PODS_ROOT}/../Podfile.lock\" \"${PODS_ROOT}/Manifest.lock\" > /dev/null\nif [[ $? != 0 ]] ; then\n    cat << EOM\nerror: The sandbox is not in sync with the Podfile.lock. Run 'pod install' or update your CocoaPods installation.\nEOM\n    exit 1\nfi\n";
			showEnvVarsInLog = 0;
		};
		A3299E77FD011E05FD252B1B /* Embed Pods Frameworks */ = {
			isa = PBXShellScriptBuildPhase;
			buildActionMask = 2147483647;
			files = (
			);
			inputPaths = (
			);
			name = "Embed Pods Frameworks";
			outputPaths = (
			);
			runOnlyForDeploymentPostprocessing = 0;
			shellPath = /bin/sh;
			shellScript = "\"${SRCROOT}/Pods/Target Support Files/Pods/Pods-frameworks.sh\"\n";
			showEnvVarsInLog = 0;
		};
		A8001E841AD1A21700DFCC2D /* ShellScript */ = {
			isa = PBXShellScriptBuildPhase;
			buildActionMask = 2147483647;
			files = (
			);
			inputPaths = (
			);
			outputPaths = (
			);
			runOnlyForDeploymentPostprocessing = 0;
			shellPath = /bin/sh;
			shellScript = "./Fabric.framework/run fa80467db09f8f0804482b62295c68e13f7f2cec a43fb21ef50dd9fcd5889a710d3618eb16d36ca6c33cdd7a7cb08607d1cdeacb";
		};
		E388D778733501D4C64ABC35 /* Copy Pods Resources */ = {
			isa = PBXShellScriptBuildPhase;
			buildActionMask = 2147483647;
			files = (
			);
			inputPaths = (
			);
			name = "Copy Pods Resources";
			outputPaths = (
			);
			runOnlyForDeploymentPostprocessing = 0;
			shellPath = /bin/sh;
			shellScript = "\"${SRCROOT}/Pods/Target Support Files/Pods/Pods-resources.sh\"\n";
			showEnvVarsInLog = 0;
		};
/* End PBXShellScriptBuildPhase section */

/* Begin PBXSourcesBuildPhase section */
		A8D402791AA8B7C700F0AAD2 /* Sources */ = {
			isa = PBXSourcesBuildPhase;
			buildActionMask = 2147483647;
			files = (
				A8D403B01AA8CC4400F0AAD2 /* Toast.swift in Sources */,
				A8D4039F1AA8CC4400F0AAD2 /* PlaylistsViewController.swift in Sources */,
				A8D403A01AA8CC4400F0AAD2 /* PlaylistViewController.swift in Sources */,
				A8D403931AA8CC4400F0AAD2 /* Favorite.swift in Sources */,
				A8799DB71AC1B6D9005FC4A6 /* StoreViewController.swift in Sources */,
				A8D403AD1AA8CC4400F0AAD2 /* ScrubberView.swift in Sources */,
				A8C614461AB1E22E00C47B1B /* Alert.swift in Sources */,
				A8D4038F1AA8CC4400F0AAD2 /* YouTubeKit+XCDYouTubeKit.swift in Sources */,
				A8C831D91ACAECE4003E8ED9 /* VariousViews.swift in Sources */,
				A8D4039A1AA8CC4400F0AAD2 /* ChannelViewController.swift in Sources */,
				A8D403A81AA8CC4400F0AAD2 /* ContainerView.swift in Sources */,
				A8D403A41AA8CC4400F0AAD2 /* SettingsViewController.swift in Sources */,
				A89F970D1AD8EC2A003CBE3A /* Reachability.swift in Sources */,
				A8D403A11AA8CC4400F0AAD2 /* PopularViewController.swift in Sources */,
				A8E17F311ABD61E100DAF54A /* AF+Date+Extension.swift in Sources */,
				A8D4038E1AA8CC4400F0AAD2 /* YouTubeKit+Parse.swift in Sources */,
				A8D403AB1AA8CC4400F0AAD2 /* LoadMoreTableViewCell.swift in Sources */,
				A8D403A71AA8CC4400F0AAD2 /* BookmarkTableViewCell.swift in Sources */,
				A899AE871AAC648D0011D5DE /* YouTubePlayer.swift in Sources */,
				A8D403981AA8CC4400F0AAD2 /* BookmarksViewController.swift in Sources */,
				A8584C551AC6AE640066691E /* UserViewController.swift in Sources */,
				A8D403B41AA8CC9800F0AAD2 /* Notifications.swift in Sources */,
				A899AE8A1AAC67490011D5DE /* YouTubePlayerViewController.swift in Sources */,
				A8D403AC1AA8CC4400F0AAD2 /* MiniPlayerView.swift in Sources */,
				A89CFDED1AC5994300FB72E7 /* UIColor+Rainbow.swift in Sources */,
				A86A9ABD1AC2F86600068FBB /* SwiftColors.swift in Sources */,
				A8D4039C1AA8CC4400F0AAD2 /* FavoritesViewController.swift in Sources */,
				A8A153091ADD80AD005BA201 /* DarkModeTableViewCell.swift in Sources */,
				A8D403A21AA8CC4400F0AAD2 /* RootViewController.swift in Sources */,
				A8D403991AA8CC4400F0AAD2 /* ChannelsViewController.swift in Sources */,
				A8D4039B1AA8CC4400F0AAD2 /* ContainerViewController.swift in Sources */,
				A8D403A61AA8CC4400F0AAD2 /* VideosViewController.swift in Sources */,
				A8D403AE1AA8CC4400F0AAD2 /* Spinner.swift in Sources */,
				A8D403941AA8CC4400F0AAD2 /* Parser.swift in Sources */,
				A8D403AF1AA8CC4400F0AAD2 /* TabBar.swift in Sources */,
				A8D403A31AA8CC4400F0AAD2 /* SearchViewController.swift in Sources */,
				A8D403921AA8CC4400F0AAD2 /* Bookmark.swift in Sources */,
				A89CFDE71AC595F300FB72E7 /* Appearance.swift in Sources */,
				A8D4039E1AA8CC4400F0AAD2 /* ItemsViewController.swift in Sources */,
				A88CF3571AC5EB0C005276DD /* History.swift in Sources */,
				A8D402831AA8B7C700F0AAD2 /* AppDelegate.swift in Sources */,
				A8D403A91AA8CC4400F0AAD2 /* GuideCategoryTableViewCell.swift in Sources */,
				A8D403AA1AA8CC4400F0AAD2 /* ItemTableViewCell.swift in Sources */,
				A878FAD21ABB1437004AD3E4 /* ChannelView.swift in Sources */,
				A88CF35A1AC5F0AA005276DD /* HistoriesViewController.swift in Sources */,
				A8D4039D1AA8CC4400F0AAD2 /* GuideCategoriesViewController.swift in Sources */,
			);
			runOnlyForDeploymentPostprocessing = 0;
		};
		A8D4028E1AA8B7C700F0AAD2 /* Sources */ = {
			isa = PBXSourcesBuildPhase;
			buildActionMask = 2147483647;
			files = (
				A8D402991AA8B7C700F0AAD2 /* TUBINTests.swift in Sources */,
			);
			runOnlyForDeploymentPostprocessing = 0;
		};
/* End PBXSourcesBuildPhase section */

/* Begin PBXTargetDependency section */
		A8D402941AA8B7C700F0AAD2 /* PBXTargetDependency */ = {
			isa = PBXTargetDependency;
			target = A8D4027C1AA8B7C700F0AAD2 /* TUBIN */;
			targetProxy = A8D402931AA8B7C700F0AAD2 /* PBXContainerItemProxy */;
		};
		A8D402B41AA8BCD500F0AAD2 /* PBXTargetDependency */ = {
			isa = PBXTargetDependency;
			name = YouTubeKit;
			targetProxy = A8D402B31AA8BCD500F0AAD2 /* PBXContainerItemProxy */;
		};
/* End PBXTargetDependency section */

/* Begin PBXVariantGroup section */
		A8C831DE1ACB0AEE003E8ED9 /* InfoPlist.strings */ = {
			isa = PBXVariantGroup;
			children = (
				A8C831DD1ACB0AEE003E8ED9 /* ja */,
			);
			name = InfoPlist.strings;
			sourceTree = "<group>";
		};
		A8C831E41ACB0AEF003E8ED9 /* Localizable.strings */ = {
			isa = PBXVariantGroup;
			children = (
				A8C831E31ACB0AEF003E8ED9 /* ja */,
			);
			name = Localizable.strings;
			sourceTree = "<group>";
		};
		A8C831E91ACB0AF0003E8ED9 /* InfoPlist.strings */ = {
			isa = PBXVariantGroup;
			children = (
				A8C831E81ACB0AF0003E8ED9 /* ja */,
			);
			name = InfoPlist.strings;
			sourceTree = "<group>";
		};
		A8D402861AA8B7C700F0AAD2 /* Main.storyboard */ = {
			isa = PBXVariantGroup;
			children = (
				A8D402871AA8B7C700F0AAD2 /* Base */,
				A8C831DF1ACB0AEF003E8ED9 /* ja */,
			);
			name = Main.storyboard;
			sourceTree = "<group>";
		};
		A8D4028B1AA8B7C700F0AAD2 /* LaunchScreen.xib */ = {
			isa = PBXVariantGroup;
			children = (
				A8D4028C1AA8B7C700F0AAD2 /* Base */,
				A8C831EA1ACB0AF0003E8ED9 /* ja */,
			);
			name = LaunchScreen.xib;
			sourceTree = "<group>";
		};
/* End PBXVariantGroup section */

/* Begin XCBuildConfiguration section */
		A8D4029A1AA8B7C700F0AAD2 /* Debug */ = {
			isa = XCBuildConfiguration;
			buildSettings = {
				ALWAYS_SEARCH_USER_PATHS = NO;
				CLANG_CXX_LANGUAGE_STANDARD = "gnu++0x";
				CLANG_CXX_LIBRARY = "libc++";
				CLANG_ENABLE_MODULES = YES;
				CLANG_ENABLE_OBJC_ARC = YES;
				CLANG_WARN_BOOL_CONVERSION = YES;
				CLANG_WARN_CONSTANT_CONVERSION = YES;
				CLANG_WARN_DIRECT_OBJC_ISA_USAGE = YES_ERROR;
				CLANG_WARN_EMPTY_BODY = YES;
				CLANG_WARN_ENUM_CONVERSION = YES;
				CLANG_WARN_INT_CONVERSION = YES;
				CLANG_WARN_OBJC_ROOT_CLASS = YES_ERROR;
				CLANG_WARN_UNREACHABLE_CODE = YES;
				CLANG_WARN__DUPLICATE_METHOD_MATCH = YES;
				"CODE_SIGN_IDENTITY[sdk=iphoneos*]" = "iPhone Developer";
				COPY_PHASE_STRIP = NO;
				ENABLE_STRICT_OBJC_MSGSEND = YES;
				GCC_C_LANGUAGE_STANDARD = gnu99;
				GCC_DYNAMIC_NO_PIC = NO;
				GCC_OPTIMIZATION_LEVEL = 0;
				GCC_PREPROCESSOR_DEFINITIONS = (
					"DEBUG=1",
					"$(inherited)",
				);
				GCC_SYMBOLS_PRIVATE_EXTERN = NO;
				GCC_WARN_64_TO_32_BIT_CONVERSION = YES;
				GCC_WARN_ABOUT_RETURN_TYPE = YES_ERROR;
				GCC_WARN_UNDECLARED_SELECTOR = YES;
				GCC_WARN_UNINITIALIZED_AUTOS = YES_AGGRESSIVE;
				GCC_WARN_UNUSED_FUNCTION = YES;
				GCC_WARN_UNUSED_VARIABLE = YES;
				IPHONEOS_DEPLOYMENT_TARGET = 8.1;
				MTL_ENABLE_DEBUG_INFO = YES;
				ONLY_ACTIVE_ARCH = YES;
				SDKROOT = iphoneos;
				SWIFT_OPTIMIZATION_LEVEL = "-Onone";
				TARGETED_DEVICE_FAMILY = "1,2";
			};
			name = Debug;
		};
		A8D4029B1AA8B7C700F0AAD2 /* Release */ = {
			isa = XCBuildConfiguration;
			buildSettings = {
				ALWAYS_SEARCH_USER_PATHS = NO;
				CLANG_CXX_LANGUAGE_STANDARD = "gnu++0x";
				CLANG_CXX_LIBRARY = "libc++";
				CLANG_ENABLE_MODULES = YES;
				CLANG_ENABLE_OBJC_ARC = YES;
				CLANG_WARN_BOOL_CONVERSION = YES;
				CLANG_WARN_CONSTANT_CONVERSION = YES;
				CLANG_WARN_DIRECT_OBJC_ISA_USAGE = YES_ERROR;
				CLANG_WARN_EMPTY_BODY = YES;
				CLANG_WARN_ENUM_CONVERSION = YES;
				CLANG_WARN_INT_CONVERSION = YES;
				CLANG_WARN_OBJC_ROOT_CLASS = YES_ERROR;
				CLANG_WARN_UNREACHABLE_CODE = YES;
				CLANG_WARN__DUPLICATE_METHOD_MATCH = YES;
				"CODE_SIGN_IDENTITY[sdk=iphoneos*]" = "iPhone Developer";
				COPY_PHASE_STRIP = YES;
				ENABLE_NS_ASSERTIONS = NO;
				ENABLE_STRICT_OBJC_MSGSEND = YES;
				GCC_C_LANGUAGE_STANDARD = gnu99;
				GCC_WARN_64_TO_32_BIT_CONVERSION = YES;
				GCC_WARN_ABOUT_RETURN_TYPE = YES_ERROR;
				GCC_WARN_UNDECLARED_SELECTOR = YES;
				GCC_WARN_UNINITIALIZED_AUTOS = YES_AGGRESSIVE;
				GCC_WARN_UNUSED_FUNCTION = YES;
				GCC_WARN_UNUSED_VARIABLE = YES;
				IPHONEOS_DEPLOYMENT_TARGET = 8.1;
				MTL_ENABLE_DEBUG_INFO = NO;
				SDKROOT = iphoneos;
				TARGETED_DEVICE_FAMILY = "1,2";
				VALIDATE_PRODUCT = YES;
			};
			name = Release;
		};
		A8D4029D1AA8B7C700F0AAD2 /* Debug */ = {
			isa = XCBuildConfiguration;
			baseConfigurationReference = EC4E299ADCEB0834ABF32773 /* Pods.debug.xcconfig */;
			buildSettings = {
				ASSETCATALOG_COMPILER_APPICON_NAME = AppIcon;
				CLANG_ENABLE_MODULES = YES;
				CODE_SIGN_IDENTITY = "iPhone Developer";
				"CODE_SIGN_IDENTITY[sdk=iphoneos*]" = "iPhone Developer";
				EMBEDDED_CONTENT_CONTAINS_SWIFT = YES;
				FRAMEWORK_SEARCH_PATHS = (
					"$(inherited)",
					"$(PROJECT_DIR)",
				);
				INFOPLIST_FILE = TUBIN/Info.plist;
				LD_RUNPATH_SEARCH_PATHS = "$(inherited) @executable_path/Frameworks";
				PRODUCT_NAME = "$(TARGET_NAME)";
				PROVISIONING_PROFILE = "";
				SWIFT_OBJC_BRIDGING_HEADER = "TUBIN-Bridging-Header.h";
				SWIFT_OPTIMIZATION_LEVEL = "-Onone";
			};
			name = Debug;
		};
		A8D4029E1AA8B7C700F0AAD2 /* Release */ = {
			isa = XCBuildConfiguration;
			baseConfigurationReference = 5959A20FD6CAE948A5A1FD8D /* Pods.release.xcconfig */;
			buildSettings = {
				ASSETCATALOG_COMPILER_APPICON_NAME = AppIcon;
				CLANG_ENABLE_MODULES = YES;
				CODE_SIGN_IDENTITY = "iPhone Developer";
				"CODE_SIGN_IDENTITY[sdk=iphoneos*]" = "iPhone Developer";
				EMBEDDED_CONTENT_CONTAINS_SWIFT = YES;
				FRAMEWORK_SEARCH_PATHS = (
					"$(inherited)",
					"$(PROJECT_DIR)",
				);
				INFOPLIST_FILE = TUBIN/Info.plist;
				LD_RUNPATH_SEARCH_PATHS = "$(inherited) @executable_path/Frameworks";
				PRODUCT_NAME = "$(TARGET_NAME)";
				PROVISIONING_PROFILE = "";
				SWIFT_OBJC_BRIDGING_HEADER = "TUBIN-Bridging-Header.h";
			};
			name = Release;
		};
		A8D402A01AA8B7C700F0AAD2 /* Debug */ = {
			isa = XCBuildConfiguration;
			buildSettings = {
				BUNDLE_LOADER = "$(TEST_HOST)";
				FRAMEWORK_SEARCH_PATHS = (
					"$(SDKROOT)/Developer/Library/Frameworks",
					"$(inherited)",
				);
				GCC_PREPROCESSOR_DEFINITIONS = (
					"DEBUG=1",
					"$(inherited)",
				);
				INFOPLIST_FILE = TUBINTests/Info.plist;
				LD_RUNPATH_SEARCH_PATHS = "$(inherited) @executable_path/Frameworks @loader_path/Frameworks";
				PRODUCT_NAME = "$(TARGET_NAME)";
				TEST_HOST = "$(BUILT_PRODUCTS_DIR)/TUBIN.app/TUBIN";
			};
			name = Debug;
		};
		A8D402A11AA8B7C700F0AAD2 /* Release */ = {
			isa = XCBuildConfiguration;
			buildSettings = {
				BUNDLE_LOADER = "$(TEST_HOST)";
				FRAMEWORK_SEARCH_PATHS = (
					"$(SDKROOT)/Developer/Library/Frameworks",
					"$(inherited)",
				);
				INFOPLIST_FILE = TUBINTests/Info.plist;
				LD_RUNPATH_SEARCH_PATHS = "$(inherited) @executable_path/Frameworks @loader_path/Frameworks";
				PRODUCT_NAME = "$(TARGET_NAME)";
				TEST_HOST = "$(BUILT_PRODUCTS_DIR)/TUBIN.app/TUBIN";
			};
			name = Release;
		};
/* End XCBuildConfiguration section */

/* Begin XCConfigurationList section */
		A8D402781AA8B7C700F0AAD2 /* Build configuration list for PBXProject "TUBIN" */ = {
			isa = XCConfigurationList;
			buildConfigurations = (
				A8D4029A1AA8B7C700F0AAD2 /* Debug */,
				A8D4029B1AA8B7C700F0AAD2 /* Release */,
			);
			defaultConfigurationIsVisible = 0;
			defaultConfigurationName = Release;
		};
		A8D4029C1AA8B7C700F0AAD2 /* Build configuration list for PBXNativeTarget "TUBIN" */ = {
			isa = XCConfigurationList;
			buildConfigurations = (
				A8D4029D1AA8B7C700F0AAD2 /* Debug */,
				A8D4029E1AA8B7C700F0AAD2 /* Release */,
			);
			defaultConfigurationIsVisible = 0;
			defaultConfigurationName = Release;
		};
		A8D4029F1AA8B7C700F0AAD2 /* Build configuration list for PBXNativeTarget "TUBINTests" */ = {
			isa = XCConfigurationList;
			buildConfigurations = (
				A8D402A01AA8B7C700F0AAD2 /* Debug */,
				A8D402A11AA8B7C700F0AAD2 /* Release */,
			);
			defaultConfigurationIsVisible = 0;
			defaultConfigurationName = Release;
		};
/* End XCConfigurationList section */
	};
	rootObject = A8D402751AA8B7C700F0AAD2 /* Project object */;
}
